{
  "version": 1,
  "dependencies": {
    "UAP,Version=v10.0.17763": {
      "CommunityToolkit.Diagnostics": {
        "type": "Direct",
        "requested": "[8.1.0, )",
        "resolved": "8.1.0",
        "contentHash": "R9h5uw8W2ADbmzrJpUJHH7cBpOE2g7jJ0mL/6sJEucfDvTWk3Uq/d4ZgWfVsQTf+MX8wAsWEYsc+UNfeZ3o6LQ==",
        "dependencies": {
          "System.Memory": "4.5.5"
        }
      },
      "CommunityToolkit.Mvvm": {
        "type": "Direct",
        "requested": "[8.0.0, )",
        "resolved": "8.0.0",
        "contentHash": "Jiu2g5WUdXRwzhJkHB+B4JBKP5A5+fp8xKiW/ZQo5PI+DruI7MbPEcK9K/Aw0YzTiWRuG6CBluzYIWN5Eo7BkQ==",
        "dependencies": {
          "Microsoft.Bcl.AsyncInterfaces": "6.0.0",
          "System.ComponentModel.Annotations": "5.0.0",
          "System.Memory": "4.5.5",
          "System.Runtime.CompilerServices.Unsafe": "6.0.0"
        }
      },
      "LibVLCSharp": {
        "type": "Direct",
        "requested": "[3.6.7, )",
        "resolved": "3.6.7",
        "contentHash": "FYn2yxjdlxVN21Anv3xhPnJ3ARSwOCzpsrZMtJl8/hdlFbw1JXFcMUpbqhmlLnfYmAUUGOarYyF+OTdAnjsF3A==",
        "dependencies": {
          "System.Memory": "4.5.4"
        }
      },
      "Microsoft.AppCenter.Crashes": {
        "type": "Direct",
        "requested": "[5.0.1, )",
        "resolved": "5.0.1",
        "contentHash": "TNKkvX9H8fSRCgkFwvrPxBRyrhyX8x05RyyeVUL2XUPPM7SnXUY9Ef6BP2ZRbBU2+IbKBJdPFeRdUmVleAjQpg==",
        "dependencies": {
          "Microsoft.AppCenter": "5.0.1",
          "System.Reflection.Metadata": "1.7.0"
        }
      },
      "Microsoft.NETCore.UniversalWindowsPlatform": {
        "type": "Direct",
        "requested": "[6.2.14, )",
        "resolved": "6.2.14",
        "contentHash": "20T91+/vQhL8c//GFU9qkNnys2BVdzAr9smULuP4p9csXwYjuoqxwAjNxLH0FvApGdB3s0sGhHkSeLg3IQBdMw==",
        "dependencies": {
          "Microsoft.NETCore.Platforms": "2.1.0",
          "Microsoft.Net.Native.Compiler": "2.2.12-rel-31116-00",
          "Microsoft.Net.UWPCoreRuntimeSdk": "2.2.14",
          "NETStandard.Library": "2.0.3"
        }
      },
      "Microsoft.Toolkit.Uwp.UI": {
        "type": "Direct",
        "requested": "[7.1.3, )",
        "resolved": "7.1.3",
        "contentHash": "SFU0t2DTvWNhJn+KfBzExLgIhWjQJG/YysSJOTfmODw69XDryP+lcO3ZoKv0YOnHNdCrf3okXmwtgM5DOa1o+g==",
        "dependencies": {
          "Microsoft.Toolkit": "7.1.2",
          "Microsoft.Toolkit.Uwp": "7.1.3"
        }
      },
      "protobuf-net": {
        "type": "Direct",
        "requested": "[3.1.33, )",
        "resolved": "3.1.33",
        "contentHash": "tv6wc8QvCjGOY/grQ/irxUWqRtHpVzOLY87+jvINxYOD5n0o4TX9RukJ/FRkVyMeQtLLhf/0okQFb4rQgoWt8A==",
        "dependencies": {
          "System.Reflection.Emit": "4.7.0",
          "System.Reflection.Emit.Lightweight": "4.7.0",
          "protobuf-net.Core": "3.1.33"
        }
      },
      "Microsoft.AppCenter": {
        "type": "Transitive",
        "resolved": "5.0.1",
        "contentHash": "FaFm30WIY0NxeEdwkcU7ebkHLlAkPFaXQrakVYnmAdKJTQ8Ox6qoGbgjllfhYrZ8UvEXLaVwMr+K9ieGNSd2og==",
        "dependencies": {
          "Microsoft.NETCore.UniversalWindowsPlatform": "6.2.8",
          "Newtonsoft.Json": "13.0.1",
          "SQLitePCLRaw.bundle_green": "2.1.0"
        }
      },
      "Microsoft.Bcl.AsyncInterfaces": {
        "type": "Transitive",
        "resolved": "6.0.0",
        "contentHash": "UcSjPsst+DfAdJGVDsu346FX0ci0ah+lw3WRtn18NUwEqRt70HaOQ7lI72vy3+1LxtqI3T5GWwV39rQSrCzAeg==",
        "dependencies": {
          "System.Threading.Tasks.Extensions": "4.5.4"
        }
      },
      "Microsoft.Net.Native.Compiler": {
        "type": "Transitive",
        "resolved": "2.2.12-rel-31116-00",
        "contentHash": "91INue1M3Zap/S6yaglXMEq1UvirknZmzwFZiP0fs3Su5MhWUEJoBJK3BsPsiImnII2NGhrYKrJd+QW7zfClyA==",
        "dependencies": {
          "runtime.win10-arm.Microsoft.Net.Native.Compiler": "2.2.12-rel-31116-00",
          "runtime.win10-arm64.Microsoft.Net.Native.Compiler": "2.2.12-rel-31116-00",
          "runtime.win10-x64.Microsoft.Net.Native.Compiler": "2.2.12-rel-31116-00",
          "runtime.win10-x86.Microsoft.Net.Native.Compiler": "2.2.12-rel-31116-00"
        }
      },
      "Microsoft.Net.UWPCoreRuntimeSdk": {
        "type": "Transitive",
        "resolved": "2.2.14",
        "contentHash": "qPR/lie8X3I82ZnZbdqyl27Z/J9mJapSEbnz7CX4kGgc5LNwjoLlUnaQjilDQsTcYfmSg8EcvcLJy9mBSY+GVA==",
        "dependencies": {
          "runtime.win10-arm.Microsoft.Net.UWPCoreRuntimeSdk": "2.2.14",
          "runtime.win10-x64.Microsoft.Net.UWPCoreRuntimeSdk": "2.2.14",
          "runtime.win10-x86.Microsoft.Net.UWPCoreRuntimeSdk": "2.2.14"
        }
      },
      "Microsoft.NETCore.Platforms": {
        "type": "Transitive",
        "resolved": "2.1.0",
        "contentHash": "GmkKfoyerqmsHMn7OZj0AKpcBabD+GaafqphvX2Mw406IwiJRy1pKcKqdCfKJfYmkRyJ6+e+RaUylgdJoDa1jQ=="
      },
      "Microsoft.Toolkit": {
        "type": "Transitive",
        "resolved": "7.1.2",
        "contentHash": "0yBm7zWDU8jI93UySLeXTJnzl1PPl80+E+myEy6W2UIQsEgGpiWSMcKkV5/1F7dfHWcydBMveMjXZKt1/ocV2A=="
      },
      "Microsoft.Toolkit.Uwp": {
        "type": "Transitive",
        "resolved": "7.1.3",
        "contentHash": "iMKlaR1kYXrGcrYqVUP2Rd88ayJN0iXnaUFg8zGcG4Gz0Ihx19zOucoSrOKZGSOyBrgkNYIEsM7uO/GV1bZa2A==",
        "dependencies": {
          "Microsoft.Toolkit": "7.1.2"
        }
      },
      "NETStandard.Library": {
        "type": "Transitive",
        "resolved": "2.0.3",
        "contentHash": "548M6mnBSJWxsIlkQHfbzoYxpiYFXZZSL00p4GHYv8PkiqFBnnT68mW5mGEsA/ch9fDO9GkPgkFQpWiXZN7mAQ==",
        "dependencies": {
          "Microsoft.NETCore.Platforms": "1.1.0"
        }
      },
      "Newtonsoft.Json": {
        "type": "Transitive",
        "resolved": "13.0.1",
        "contentHash": "ppPFpBcvxdsfUonNcvITKqLl3bqxWbDCZIzDWHzjpdAHRFfZe0Dw9HmA0+za13IdyrgJwpkDTDA9fHaxOrt20A=="
      },
      "protobuf-net.Core": {
        "type": "Transitive",
        "resolved": "3.1.33",
        "contentHash": "uq+KLED4Mwx1BnTE5TTtawQgaCRpajcbRKaYsEbY5biWWK1O5+rCBTd6+9EpK6CYxd2POUHkpwTslPs4SCoHOw==",
        "dependencies": {
          "System.Collections.Immutable": "1.7.1",
          "System.Memory": "4.5.5"
        }
      },
      "runtime.win10-arm.Microsoft.Net.Native.Compiler": {
        "type": "Transitive",
        "resolved": "2.2.12-rel-31116-00",
        "contentHash": "s2CrbBYdAZa9aR4dlq2sOfJrRf4uOZHgEYGmWyxW4mz+//0vlGSJxUYAiKUotMwa4+fu+PAh2ANKRdU9o06C3w==",
        "dependencies": {
          "runtime.win10-arm.Microsoft.Net.Native.SharedLibrary": "2.2.8-rel-31116-00"
        }
      },
      "runtime.win10-arm.Microsoft.Net.Native.SharedLibrary": {
        "type": "Transitive",
        "resolved": "2.2.8-rel-31116-00",
        "contentHash": "3F8B17d60HssS/BBlmRs4X8TuvOVRRQjSP8uOhTweZS1ZsmlreKqV9YPXwyN0kpu32StTdqYIt1i9vV4nZZoOQ=="
      },
      "runtime.win10-arm.Microsoft.Net.UWPCoreRuntimeSdk": {
        "type": "Transitive",
        "resolved": "2.2.14",
        "contentHash": "gr1abg5qNrM14Ng9NTFuzY/A3BLDQFfWrKgjmzr6AlhUsq/QZ7Hny62rLZ3ONVHSN0Bo0QuwKe2KLmBTLTyItg=="
      },
      "runtime.win10-arm64.Microsoft.Net.Native.Compiler": {
        "type": "Transitive",
        "resolved": "2.2.12-rel-31116-00",
        "contentHash": "ELSl50UCnJSPeSfwRnXe4S+Ito58dpWhm6pEyxtIMiiuLcJsfr7rTxPR05Pijta5ru4KZu0or5PUePjGgKyC2A==",
        "dependencies": {
          "runtime.win10-arm64.Microsoft.Net.Native.SharedLibrary": "2.2.8-rel-31116-00"
        }
      },
      "runtime.win10-arm64.Microsoft.Net.Native.SharedLibrary": {
        "type": "Transitive",
        "resolved": "2.2.8-rel-31116-00",
        "contentHash": "mkSKguVkHl8W7/uS8SgXz5t7aI4QvF7BPd+WzcdOdMU5g/gnXmcWZAlSr1RrSTjTS1P3sxOE15XMFJs0nPCI8w=="
      },
      "runtime.win10-x64.Microsoft.Net.Native.Compiler": {
        "type": "Transitive",
        "resolved": "2.2.12-rel-31116-00",
        "contentHash": "ZRYTWtC+lManfqDHmIpqlv/UG6nQfn4URqMEmoc1k/DI1pMBo4jCov5VoFIGHHd1/AXXsK6Hdd2TDbexH0PozQ==",
        "dependencies": {
          "runtime.win10-x64.Microsoft.Net.Native.SharedLibrary": "2.2.8-rel-31116-00"
        }
      },
      "runtime.win10-x64.Microsoft.Net.Native.SharedLibrary": {
        "type": "Transitive",
        "resolved": "2.2.8-rel-31116-00",
        "contentHash": "pt7vQLpa95Cpif7oHXkLPsvcJ6tfdc8bvOxiJzjXlTTOjefsX4xmkSU+buuu/KbE8YDs1VEyxu0zcjpIMuVkmQ=="
      },
      "runtime.win10-x64.Microsoft.Net.UWPCoreRuntimeSdk": {
        "type": "Transitive",
        "resolved": "2.2.14",
        "contentHash": "LQ+8pXMZVsd1yEzcYHZvSKTbjjnLZYj5tWCOAOcgzF9ojX8+geT35rAcndhCRJAeAvARgv9/7yapnK86UPzpyQ=="
      },
      "runtime.win10-x86.Microsoft.Net.Native.Compiler": {
        "type": "Transitive",
        "resolved": "2.2.12-rel-31116-00",
        "contentHash": "hVlpnwSdqYizm+nigl3t3/fVd/D0COJ4doLJIa66GkNmPSL5VeHCPAynZi+oO9rqCFKDX+Tmbn+NO9zygWJB/A==",
        "dependencies": {
          "runtime.win10-x86.Microsoft.Net.Native.SharedLibrary": "2.2.8-rel-31116-00"
        }
      },
      "runtime.win10-x86.Microsoft.Net.Native.SharedLibrary": {
        "type": "Transitive",
        "resolved": "2.2.8-rel-31116-00",
        "contentHash": "A7J5S5ZZZCXexFp6xXG2CaMwZPSahpPdorzx6VbWJzfHDU0x1VvulYd8hSfi/KtJ/fG0tr8mpdnT7NZsrXP7+g=="
      },
      "runtime.win10-x86.Microsoft.Net.UWPCoreRuntimeSdk": {
        "type": "Transitive",
        "resolved": "2.2.14",
        "contentHash": "3JRNswnc8LnxAofuv5hq9iRAnZ49w2J5DK/JaLL2uSFRRnaCS9atpXBG+EdpbJHyJxRxDPslkRLkH5ZUOIaCwQ=="
      },
      "SQLitePCLRaw.bundle_green": {
        "type": "Transitive",
        "resolved": "2.1.0",
        "contentHash": "VPLK8FzWwJ1RkAWClYOBmjlzFZbz9ME6pdmz0oCoZw736/oIdKldzTxz8S1YGielxYxGHDdK5FczZTOs8LUbbQ==",
        "dependencies": {
          "SQLitePCLRaw.lib.e_sqlite3": "2.1.0",
          "SQLitePCLRaw.provider.e_sqlite3": "2.1.0"
        }
      },
      "SQLitePCLRaw.core": {
        "type": "Transitive",
        "resolved": "2.1.0",
        "contentHash": "6khRuPd6ScBUQzV9bti+OtwqwFsMMgJzibhvbgiAIFVQhrowFOCM/Zq0xm00+nVEgEfPwWEOLhYvxs/5j+zAcg==",
        "dependencies": {
          "System.Memory": "4.5.3"
        }
      },
      "SQLitePCLRaw.lib.e_sqlite3": {
        "type": "Transitive",
        "resolved": "2.1.0",
        "contentHash": "7p5ltRKUA/uScNRnd20Rg1c7cC4nWwUQIXRFITIR1G0wNCnJ9bj060VanPh2J352KOHpZ3CEOJKu3dMfyY4YMQ=="
      },
      "SQLitePCLRaw.provider.e_sqlite3": {
        "type": "Transitive",
        "resolved": "2.1.0",
        "contentHash": "OwvGO4R0ujrdtTiIAiCN7C+2yVcLHtaF1ykcVe/Fb5KDqm1vfUxWinNYvw0S7NchpfTvR/9V9yugzqYTIvtTyA==",
        "dependencies": {
          "SQLitePCLRaw.core": "2.1.0"
        }
      },
      "System.Collections.Immutable": {
        "type": "Transitive",
        "resolved": "1.7.1",
        "contentHash": "B43Zsz5EfMwyEbnObwRxW5u85fzJma3lrDeGcSAV1qkhSRTNY5uXAByTn9h9ddNdhM+4/YoLc/CI43umjwIl9Q==",
        "dependencies": {
          "System.Memory": "4.5.4"
        }
      },
      "System.ComponentModel.Annotations": {
        "type": "Transitive",
        "resolved": "5.0.0",
        "contentHash": "dMkqfy2el8A8/I76n2Hi1oBFEbG1SfxD2l5nhwXV3XjlnOmwxJlQbYpJH4W51odnU9sARCSAgv7S3CyAFMkpYg=="
      },
      "System.Memory": {
        "type": "Transitive",
        "resolved": "4.5.5",
        "contentHash": "XIWiDvKPXaTveaB7HVganDlOCRoj03l+jrwNvcge/t8vhGYKvqV+dMv6G4SAX2NoNmN0wZfVPTAlFwZcZvVOUw==",
        "dependencies": {
          "System.Runtime.CompilerServices.Unsafe": "4.5.3"
        }
      },
      "System.Reflection.Emit": {
        "type": "Transitive",
        "resolved": "4.7.0",
        "contentHash": "VR4kk8XLKebQ4MZuKuIni/7oh+QGFmZW3qORd1GvBq/8026OpW501SzT/oypwiQl4TvT8ErnReh/NzY9u+C6wQ==",
        "dependencies": {
          "System.Reflection.Emit.ILGeneration": "4.7.0"
        }
      },
      "System.Reflection.Emit.ILGeneration": {
        "type": "Transitive",
        "resolved": "4.7.0",
        "contentHash": "AucBYo3DSI0IDxdUjKksBcQJXPHyoPyrCXYURW1WDsLI4M65Ar/goSHjdnHOAY9MiYDNKqDlIgaYm+zL2hA1KA=="
      },
      "System.Reflection.Emit.Lightweight": {
        "type": "Transitive",
        "resolved": "4.7.0",
        "contentHash": "a4OLB4IITxAXJeV74MDx49Oq2+PsF6Sml54XAFv+2RyWwtDBcabzoxiiJRhdhx+gaohLh4hEGCLQyBozXoQPqA==",
        "dependencies": {
          "System.Reflection.Emit.ILGeneration": "4.7.0"
        }
      },
      "System.Reflection.Metadata": {
        "type": "Transitive",
        "resolved": "1.7.0",
        "contentHash": "PodRDaRRNI3BcF3zuEsrzn1jm/zws5UevTzIv5FqcOwWB3VPaU4jS6vt0tSxu+i38Wtn9vXFNgDHw09nDv8y5Q==",
        "dependencies": {
          "System.Collections.Immutable": "1.6.0"
        }
      },
      "System.Runtime.CompilerServices.Unsafe": {
        "type": "Transitive",
        "resolved": "6.0.0",
        "contentHash": "/iUeP3tq1S0XdNNoMz5C9twLSrM/TH+qElHkXWaPvuNOt+99G75NrV0OS2EqHx5wMN7popYjpc8oTjC1y16DLg=="
      },
      "System.Threading.Tasks.Extensions": {
        "type": "Transitive",
        "resolved": "4.5.4",
        "contentHash": "zteT+G8xuGu6mS+mzDzYXbzS7rd3K6Fjb9RiZlYlJPam2/hU7JCBZBVEcywNuR+oZ1ncTvc/cq0faRr3P01OVg==",
        "dependencies": {
          "System.Runtime.CompilerServices.Unsafe": "4.5.3"
        }
      }
    },
    "UAP,Version=v10.0.17763/win10-arm": {
      "Microsoft.NETCore.UniversalWindowsPlatform": {
        "type": "Direct",
        "requested": "[6.2.14, )",
        "resolved": "6.2.14",
        "contentHash": "20T91+/vQhL8c//GFU9qkNnys2BVdzAr9smULuP4p9csXwYjuoqxwAjNxLH0FvApGdB3s0sGhHkSeLg3IQBdMw==",
        "dependencies": {
          "Microsoft.NETCore.Platforms": "2.1.0",
          "Microsoft.Net.Native.Compiler": "2.2.12-rel-31116-00",
          "Microsoft.Net.UWPCoreRuntimeSdk": "2.2.14",
          "NETStandard.Library": "2.0.3",
          "runtime.win10-arm.Microsoft.NETCore.UniversalWindowsPlatform": "6.2.14"
        }
      },
      "runtime.win10-arm.Microsoft.NETCore.UniversalWindowsPlatform": {
        "type": "Transitive",
        "resolved": "6.2.14",
        "contentHash": "PXwPeV73TQGLoREzwlZd/FT/xxb3tV6OpjRQdymOPJfMQme/ST9sX3OZAmmIUdio1LaWnNbB600Vtg2XvRItzw=="
      },
      "SQLitePCLRaw.lib.e_sqlite3": {
        "type": "Transitive",
        "resolved": "2.1.0",
        "contentHash": "7p5ltRKUA/uScNRnd20Rg1c7cC4nWwUQIXRFITIR1G0wNCnJ9bj060VanPh2J352KOHpZ3CEOJKu3dMfyY4YMQ=="
      },
      "System.Reflection.Emit": {
        "type": "Transitive",
        "resolved": "4.7.0",
        "contentHash": "VR4kk8XLKebQ4MZuKuIni/7oh+QGFmZW3qORd1GvBq/8026OpW501SzT/oypwiQl4TvT8ErnReh/NzY9u+C6wQ==",
        "dependencies": {
          "System.Reflection.Emit.ILGeneration": "4.7.0"
        }
      },
      "System.Reflection.Emit.ILGeneration": {
        "type": "Transitive",
        "resolved": "4.7.0",
        "contentHash": "AucBYo3DSI0IDxdUjKksBcQJXPHyoPyrCXYURW1WDsLI4M65Ar/goSHjdnHOAY9MiYDNKqDlIgaYm+zL2hA1KA=="
      },
      "System.Reflection.Emit.Lightweight": {
        "type": "Transitive",
        "resolved": "4.7.0",
        "contentHash": "a4OLB4IITxAXJeV74MDx49Oq2+PsF6Sml54XAFv+2RyWwtDBcabzoxiiJRhdhx+gaohLh4hEGCLQyBozXoQPqA==",
        "dependencies": {
          "System.Reflection.Emit.ILGeneration": "4.7.0"
        }
      }
    },
    "UAP,Version=v10.0.17763/win10-arm-aot": {
      "Microsoft.NETCore.UniversalWindowsPlatform": {
        "type": "Direct",
        "requested": "[6.2.14, )",
        "resolved": "6.2.14",
        "contentHash": "20T91+/vQhL8c//GFU9qkNnys2BVdzAr9smULuP4p9csXwYjuoqxwAjNxLH0FvApGdB3s0sGhHkSeLg3IQBdMw==",
        "dependencies": {
          "Microsoft.NETCore.Platforms": "2.1.0",
          "Microsoft.Net.Native.Compiler": "2.2.12-rel-31116-00",
          "Microsoft.Net.UWPCoreRuntimeSdk": "2.2.14",
          "NETStandard.Library": "2.0.3",
          "runtime.win10-arm-aot.Microsoft.NETCore.UniversalWindowsPlatform": "6.2.14"
        }
      },
      "runtime.win10-arm-aot.Microsoft.NETCore.UniversalWindowsPlatform": {
        "type": "Transitive",
        "resolved": "6.2.14",
        "contentHash": "+CthZPP4ssmK5j7NC0S+nqvjJkL0qZ3Z5E272Bhl44GT1qPJzt/jL1rkeA2y2+Qy5YAWe5SRoOhbTzmK1hzxwA=="
      },
      "SQLitePCLRaw.lib.e_sqlite3": {
        "type": "Transitive",
        "resolved": "2.1.0",
        "contentHash": "7p5ltRKUA/uScNRnd20Rg1c7cC4nWwUQIXRFITIR1G0wNCnJ9bj060VanPh2J352KOHpZ3CEOJKu3dMfyY4YMQ=="
      },
      "System.Reflection.Emit": {
        "type": "Transitive",
        "resolved": "4.7.0",
        "contentHash": "VR4kk8XLKebQ4MZuKuIni/7oh+QGFmZW3qORd1GvBq/8026OpW501SzT/oypwiQl4TvT8ErnReh/NzY9u+C6wQ==",
        "dependencies": {
          "System.Reflection.Emit.ILGeneration": "4.7.0"
        }
      },
      "System.Reflection.Emit.ILGeneration": {
        "type": "Transitive",
        "resolved": "4.7.0",
        "contentHash": "AucBYo3DSI0IDxdUjKksBcQJXPHyoPyrCXYURW1WDsLI4M65Ar/goSHjdnHOAY9MiYDNKqDlIgaYm+zL2hA1KA=="
      },
      "System.Reflection.Emit.Lightweight": {
        "type": "Transitive",
        "resolved": "4.7.0",
        "contentHash": "a4OLB4IITxAXJeV74MDx49Oq2+PsF6Sml54XAFv+2RyWwtDBcabzoxiiJRhdhx+gaohLh4hEGCLQyBozXoQPqA==",
        "dependencies": {
          "System.Reflection.Emit.ILGeneration": "4.7.0"
        }
      }
    },
    "UAP,Version=v10.0.17763/win10-arm64-aot": {
      "Microsoft.NETCore.UniversalWindowsPlatform": {
        "type": "Direct",
        "requested": "[6.2.14, )",
        "resolved": "6.2.14",
        "contentHash": "20T91+/vQhL8c//GFU9qkNnys2BVdzAr9smULuP4p9csXwYjuoqxwAjNxLH0FvApGdB3s0sGhHkSeLg3IQBdMw==",
        "dependencies": {
          "Microsoft.NETCore.Platforms": "2.1.0",
          "Microsoft.Net.Native.Compiler": "2.2.12-rel-31116-00",
          "Microsoft.Net.UWPCoreRuntimeSdk": "2.2.14",
          "NETStandard.Library": "2.0.3",
          "runtime.win10-arm64-aot.Microsoft.NETCore.UniversalWindowsPlatform": "6.2.14"
        }
      },
      "runtime.win10-arm64-aot.Microsoft.NETCore.UniversalWindowsPlatform": {
        "type": "Transitive",
        "resolved": "6.2.14",
        "contentHash": "evExmzlwZuWfzNvu+HAKQ8sWg5BKqWqvShpFPs6V72s78BzC+8Wl6T+H0rmuF3fZ+W6yhlM8dfusaj+w9D0GhA=="
      },
      "SQLitePCLRaw.lib.e_sqlite3": {
        "type": "Transitive",
        "resolved": "2.1.0",
        "contentHash": "7p5ltRKUA/uScNRnd20Rg1c7cC4nWwUQIXRFITIR1G0wNCnJ9bj060VanPh2J352KOHpZ3CEOJKu3dMfyY4YMQ=="
      },
      "System.Reflection.Emit": {
        "type": "Transitive",
        "resolved": "4.7.0",
        "contentHash": "VR4kk8XLKebQ4MZuKuIni/7oh+QGFmZW3qORd1GvBq/8026OpW501SzT/oypwiQl4TvT8ErnReh/NzY9u+C6wQ==",
        "dependencies": {
          "System.Reflection.Emit.ILGeneration": "4.7.0"
        }
      },
      "System.Reflection.Emit.ILGeneration": {
        "type": "Transitive",
        "resolved": "4.7.0",
        "contentHash": "AucBYo3DSI0IDxdUjKksBcQJXPHyoPyrCXYURW1WDsLI4M65Ar/goSHjdnHOAY9MiYDNKqDlIgaYm+zL2hA1KA=="
      },
      "System.Reflection.Emit.Lightweight": {
        "type": "Transitive",
        "resolved": "4.7.0",
        "contentHash": "a4OLB4IITxAXJeV74MDx49Oq2+PsF6Sml54XAFv+2RyWwtDBcabzoxiiJRhdhx+gaohLh4hEGCLQyBozXoQPqA==",
        "dependencies": {
          "System.Reflection.Emit.ILGeneration": "4.7.0"
        }
      }
    },
    "UAP,Version=v10.0.17763/win10-x64": {
      "Microsoft.NETCore.UniversalWindowsPlatform": {
        "type": "Direct",
        "requested": "[6.2.14, )",
        "resolved": "6.2.14",
        "contentHash": "20T91+/vQhL8c//GFU9qkNnys2BVdzAr9smULuP4p9csXwYjuoqxwAjNxLH0FvApGdB3s0sGhHkSeLg3IQBdMw==",
        "dependencies": {
          "Microsoft.NETCore.Platforms": "2.1.0",
          "Microsoft.Net.Native.Compiler": "2.2.12-rel-31116-00",
          "Microsoft.Net.UWPCoreRuntimeSdk": "2.2.14",
          "NETStandard.Library": "2.0.3",
          "runtime.win10-x64.Microsoft.NETCore.UniversalWindowsPlatform": "6.2.14"
        }
      },
      "runtime.win10-x64.Microsoft.NETCore.UniversalWindowsPlatform": {
        "type": "Transitive",
        "resolved": "6.2.14",
        "contentHash": "snth4i/ok+LqSSqK5tLVFSbe8RDzIvfJabMXMPoYI+NQCi91mR+7tsTHk3gNEojuZT0i4g1EaFrIwqaW9bmEYA=="
      },
      "SQLitePCLRaw.lib.e_sqlite3": {
        "type": "Transitive",
        "resolved": "2.1.0",
        "contentHash": "7p5ltRKUA/uScNRnd20Rg1c7cC4nWwUQIXRFITIR1G0wNCnJ9bj060VanPh2J352KOHpZ3CEOJKu3dMfyY4YMQ=="
      },
      "System.Reflection.Emit": {
        "type": "Transitive",
        "resolved": "4.7.0",
        "contentHash": "VR4kk8XLKebQ4MZuKuIni/7oh+QGFmZW3qORd1GvBq/8026OpW501SzT/oypwiQl4TvT8ErnReh/NzY9u+C6wQ==",
        "dependencies": {
          "System.Reflection.Emit.ILGeneration": "4.7.0"
        }
      },
      "System.Reflection.Emit.ILGeneration": {
        "type": "Transitive",
        "resolved": "4.7.0",
        "contentHash": "AucBYo3DSI0IDxdUjKksBcQJXPHyoPyrCXYURW1WDsLI4M65Ar/goSHjdnHOAY9MiYDNKqDlIgaYm+zL2hA1KA=="
      },
      "System.Reflection.Emit.Lightweight": {
        "type": "Transitive",
        "resolved": "4.7.0",
        "contentHash": "a4OLB4IITxAXJeV74MDx49Oq2+PsF6Sml54XAFv+2RyWwtDBcabzoxiiJRhdhx+gaohLh4hEGCLQyBozXoQPqA==",
        "dependencies": {
          "System.Reflection.Emit.ILGeneration": "4.7.0"
        }
      }
    },
    "UAP,Version=v10.0.17763/win10-x64-aot": {
      "Microsoft.NETCore.UniversalWindowsPlatform": {
        "type": "Direct",
        "requested": "[6.2.14, )",
        "resolved": "6.2.14",
        "contentHash": "20T91+/vQhL8c//GFU9qkNnys2BVdzAr9smULuP4p9csXwYjuoqxwAjNxLH0FvApGdB3s0sGhHkSeLg3IQBdMw==",
        "dependencies": {
          "Microsoft.NETCore.Platforms": "2.1.0",
          "Microsoft.Net.Native.Compiler": "2.2.12-rel-31116-00",
          "Microsoft.Net.UWPCoreRuntimeSdk": "2.2.14",
          "NETStandard.Library": "2.0.3",
          "runtime.win10-x64-aot.Microsoft.NETCore.UniversalWindowsPlatform": "6.2.14"
        }
      },
      "runtime.win10-x64-aot.Microsoft.NETCore.UniversalWindowsPlatform": {
        "type": "Transitive",
        "resolved": "6.2.14",
        "contentHash": "/aFe5hqDpWSiGwM71GI9z6PLa+bxddXmuMWLZ3yVSv2nAJi50WtStB/RnLdXasTNH4JtYpWjQ1tT/fpwRNvFTQ=="
      },
      "SQLitePCLRaw.lib.e_sqlite3": {
        "type": "Transitive",
        "resolved": "2.1.0",
        "contentHash": "7p5ltRKUA/uScNRnd20Rg1c7cC4nWwUQIXRFITIR1G0wNCnJ9bj060VanPh2J352KOHpZ3CEOJKu3dMfyY4YMQ=="
      },
      "System.Reflection.Emit": {
        "type": "Transitive",
        "resolved": "4.7.0",
        "contentHash": "VR4kk8XLKebQ4MZuKuIni/7oh+QGFmZW3qORd1GvBq/8026OpW501SzT/oypwiQl4TvT8ErnReh/NzY9u+C6wQ==",
        "dependencies": {
          "System.Reflection.Emit.ILGeneration": "4.7.0"
        }
      },
      "System.Reflection.Emit.ILGeneration": {
        "type": "Transitive",
        "resolved": "4.7.0",
        "contentHash": "AucBYo3DSI0IDxdUjKksBcQJXPHyoPyrCXYURW1WDsLI4M65Ar/goSHjdnHOAY9MiYDNKqDlIgaYm+zL2hA1KA=="
      },
      "System.Reflection.Emit.Lightweight": {
        "type": "Transitive",
        "resolved": "4.7.0",
        "contentHash": "a4OLB4IITxAXJeV74MDx49Oq2+PsF6Sml54XAFv+2RyWwtDBcabzoxiiJRhdhx+gaohLh4hEGCLQyBozXoQPqA==",
        "dependencies": {
          "System.Reflection.Emit.ILGeneration": "4.7.0"
        }
      }
    },
    "UAP,Version=v10.0.17763/win10-x86": {
      "Microsoft.NETCore.UniversalWindowsPlatform": {
        "type": "Direct",
        "requested": "[6.2.14, )",
        "resolved": "6.2.14",
        "contentHash": "20T91+/vQhL8c//GFU9qkNnys2BVdzAr9smULuP4p9csXwYjuoqxwAjNxLH0FvApGdB3s0sGhHkSeLg3IQBdMw==",
        "dependencies": {
          "Microsoft.NETCore.Platforms": "2.1.0",
          "Microsoft.Net.Native.Compiler": "2.2.12-rel-31116-00",
          "Microsoft.Net.UWPCoreRuntimeSdk": "2.2.14",
          "NETStandard.Library": "2.0.3",
          "runtime.win10-x86.Microsoft.NETCore.UniversalWindowsPlatform": "6.2.14"
        }
      },
      "runtime.win10-x86.Microsoft.NETCore.UniversalWindowsPlatform": {
        "type": "Transitive",
        "resolved": "6.2.14",
        "contentHash": "GaJmbZkhVAMCNvDSshqXzpTxWPKhENV+Q6A/Z7/lYeywczdCSlExJo+1aJ8/eh9bwKhxRvIj3OZH4JsQsYpRaA=="
      },
      "SQLitePCLRaw.lib.e_sqlite3": {
        "type": "Transitive",
        "resolved": "2.1.0",
        "contentHash": "7p5ltRKUA/uScNRnd20Rg1c7cC4nWwUQIXRFITIR1G0wNCnJ9bj060VanPh2J352KOHpZ3CEOJKu3dMfyY4YMQ=="
      },
      "System.Reflection.Emit": {
        "type": "Transitive",
        "resolved": "4.7.0",
        "contentHash": "VR4kk8XLKebQ4MZuKuIni/7oh+QGFmZW3qORd1GvBq/8026OpW501SzT/oypwiQl4TvT8ErnReh/NzY9u+C6wQ==",
        "dependencies": {
          "System.Reflection.Emit.ILGeneration": "4.7.0"
        }
      },
      "System.Reflection.Emit.ILGeneration": {
        "type": "Transitive",
        "resolved": "4.7.0",
        "contentHash": "AucBYo3DSI0IDxdUjKksBcQJXPHyoPyrCXYURW1WDsLI4M65Ar/goSHjdnHOAY9MiYDNKqDlIgaYm+zL2hA1KA=="
      },
      "System.Reflection.Emit.Lightweight": {
        "type": "Transitive",
        "resolved": "4.7.0",
        "contentHash": "a4OLB4IITxAXJeV74MDx49Oq2+PsF6Sml54XAFv+2RyWwtDBcabzoxiiJRhdhx+gaohLh4hEGCLQyBozXoQPqA==",
        "dependencies": {
          "System.Reflection.Emit.ILGeneration": "4.7.0"
        }
      }
    },
    "UAP,Version=v10.0.17763/win10-x86-aot": {
      "Microsoft.NETCore.UniversalWindowsPlatform": {
        "type": "Direct",
        "requested": "[6.2.14, )",
        "resolved": "6.2.14",
        "contentHash": "20T91+/vQhL8c//GFU9qkNnys2BVdzAr9smULuP4p9csXwYjuoqxwAjNxLH0FvApGdB3s0sGhHkSeLg3IQBdMw==",
        "dependencies": {
          "Microsoft.NETCore.Platforms": "2.1.0",
          "Microsoft.Net.Native.Compiler": "2.2.12-rel-31116-00",
          "Microsoft.Net.UWPCoreRuntimeSdk": "2.2.14",
          "NETStandard.Library": "2.0.3",
          "runtime.win10-x86-aot.Microsoft.NETCore.UniversalWindowsPlatform": "6.2.14"
        }
      },
      "runtime.win10-x86-aot.Microsoft.NETCore.UniversalWindowsPlatform": {
        "type": "Transitive",
        "resolved": "6.2.14",
        "contentHash": "Z8Y39jw4fACg2/spREHZp2Edeay/nv2ZCXpk9IE1C7QwLSe7lQ6B05Lpq84fFCwwV+z6NiAPIdivj03LLEGv7A=="
      },
      "SQLitePCLRaw.lib.e_sqlite3": {
        "type": "Transitive",
        "resolved": "2.1.0",
        "contentHash": "7p5ltRKUA/uScNRnd20Rg1c7cC4nWwUQIXRFITIR1G0wNCnJ9bj060VanPh2J352KOHpZ3CEOJKu3dMfyY4YMQ=="
      },
      "System.Reflection.Emit": {
        "type": "Transitive",
        "resolved": "4.7.0",
        "contentHash": "VR4kk8XLKebQ4MZuKuIni/7oh+QGFmZW3qORd1GvBq/8026OpW501SzT/oypwiQl4TvT8ErnReh/NzY9u+C6wQ==",
        "dependencies": {
          "System.Reflection.Emit.ILGeneration": "4.7.0"
        }
      },
      "System.Reflection.Emit.ILGeneration": {
        "type": "Transitive",
        "resolved": "4.7.0",
        "contentHash": "AucBYo3DSI0IDxdUjKksBcQJXPHyoPyrCXYURW1WDsLI4M65Ar/goSHjdnHOAY9MiYDNKqDlIgaYm+zL2hA1KA=="
      },
      "System.Reflection.Emit.Lightweight": {
        "type": "Transitive",
        "resolved": "4.7.0",
        "contentHash": "a4OLB4IITxAXJeV74MDx49Oq2+PsF6Sml54XAFv+2RyWwtDBcabzoxiiJRhdhx+gaohLh4hEGCLQyBozXoQPqA==",
        "dependencies": {
          "System.Reflection.Emit.ILGeneration": "4.7.0"
        }
      }
    }
  }
}