{
  "version": 1,
  "dependencies": {
    "UAP,Version=v10.0.17763": {
      "CommunityToolkit.Diagnostics": {
        "type": "Direct",
        "requested": "[8.4.0, )",
        "resolved": "8.4.0",
        "contentHash": "/9Nuy8EWo0ZYQsjn3h4OGxjCWVYXl3TV3fvv29f8IVqplXgXGRzIpbtHEHGOfykh+TPbzUclzIfMCBzmgblKDA==",
        "dependencies": {
          "System.Memory": "4.6.0"
        }
      },
      "CommunityToolkit.Mvvm": {
        "type": "Direct",
        "requested": "[8.4.0, )",
        "resolved": "8.4.0",
        "contentHash": "tqVU8yc/ADO9oiTRyTnwhFN68hCwvkliMierptWOudIAvWY1mWCh5VFh+guwHJmpMwfg0J0rY+yyd5Oy7ty9Uw==",
        "dependencies": {
          "Microsoft.Bcl.AsyncInterfaces": "8.0.0",
          "System.ComponentModel.Annotations": "5.0.0",
          "System.Memory": "4.6.0",
          "System.Runtime.CompilerServices.Unsafe": "6.1.0"
        }
      },
      "CommunityToolkit.Uwp.Extensions": {
        "type": "Direct",
        "requested": "[8.1.240916, )",
        "resolved": "8.1.240916",
        "contentHash": "9g9GvT/mvPlo4PpHntSTJ6r2tce1r7uPQ3EdzqRowVJ+EngE+U4LTQU6DEEKJkKldxX+1nz4qX7+pXR757vrjQ==",
        "dependencies": {
          "CommunityToolkit.Common": "8.2.1",
          "Microsoft.UI.Xaml": "2.7.0"
        }
      },
      "LibVLCSharp": {
        "type": "Direct",
        "requested": "[3.7.0, )",
        "resolved": "3.7.0",
        "contentHash": "N9NV+BamKr+1YiRktX9JroE4m9C+pEszUNW4qa3A5mychhCWBvvoDolZKWk2yxhZvHewgaXXahBcw5ivCXjKYA==",
        "dependencies": {
          "System.Memory": "4.5.4"
        }
      },
      "Microsoft.AppCenter.Analytics": {
        "type": "Direct",
        "requested": "[5.0.7, )",
        "resolved": "5.0.7",
        "contentHash": "Z6MhiJQW/Tm9Ehqm09oehZMmmQ1A4j5AQXZy47F/DS5Tre34r/vXIVF1qy+FaTirZ5F6P3LZ7yHk1Ls01WLo6g==",
        "dependencies": {
          "Microsoft.AppCenter": "5.0.7"
        }
      },
      "Microsoft.AppCenter.Crashes": {
        "type": "Direct",
        "requested": "[5.0.7, )",
        "resolved": "5.0.7",
        "contentHash": "/NUTwDHROGVa9XVGnE7nlTRMQqvoyQ/U2xAyBaAqUWM/yItBVIsBcrasUBhBZWIJN0zIBlM9yqrEOuKrN9i+SQ==",
        "dependencies": {
          "Microsoft.AppCenter": "5.0.7",
          "System.Reflection.Metadata": "1.7.0"
        }
      },
      "Microsoft.Extensions.DependencyInjection.Abstractions": {
        "type": "Direct",
        "requested": "[9.0.2, )",
        "resolved": "9.0.2",
        "contentHash": "MNe7GSTBf3jQx5vYrXF0NZvn6l7hUKF6J54ENfAgCO8y6xjN1XUmKKWG464LP2ye6QqDiA1dkaWEZBYnhoZzjg==",
        "dependencies": {
          "Microsoft.Bcl.AsyncInterfaces": "9.0.2",
          "System.Threading.Tasks.Extensions": "4.5.4"
        }
      },
      "Microsoft.NETCore.UniversalWindowsPlatform": {
        "type": "Direct",
        "requested": "[6.2.14, )",
        "resolved": "6.2.14",
        "contentHash": "20T91+/vQhL8c//GFU9qkNnys2BVdzAr9smULuP4p9csXwYjuoqxwAjNxLH0FvApGdB3s0sGhHkSeLg3IQBdMw==",
        "dependencies": {
          "Microsoft.NETCore.Platforms": "2.1.0",
          "Microsoft.Net.Native.Compiler": "2.2.12-rel-31116-00",
          "Microsoft.Net.UWPCoreRuntimeSdk": "2.2.14",
          "NETStandard.Library": "2.0.3"
        }
      },
      "Microsoft.UI.Xaml": {
        "type": "Direct",
        "requested": "[2.8.7, )",
        "resolved": "2.8.7",
        "contentHash": "GuYRY8KcB0K4IufFqxob40qUL6Gh+zi4RjHXVMENlJTRsXcVGl+QFNIyZVGbHDRgwIN8n0We9TBk0rUQP41Yig==",
        "dependencies": {
          "Microsoft.Web.WebView2": "1.0.2849.39"
        }
      },
      "protobuf-net": {
        "type": "Direct",
        "requested": "[3.2.30, )",
        "resolved": "3.2.30",
        "contentHash": "C/UTlmxEJHAHpqm8xQK1UyJKaIynVCSNG4mVrbLgnZ7ccH28nN49O8iMJvKEodTgVbnimvy+3mIiAdW6mATwnw==",
        "dependencies": {
          "System.Reflection.Emit": "4.7.0",
          "System.Reflection.Emit.Lightweight": "4.7.0",
          "protobuf-net.Core": "3.2.30"
        }
      },
      "Sentry": {
        "type": "Direct",
        "requested": "[5.5.0, )",
        "resolved": "5.5.0",
        "contentHash": "6LHLNBTtAOiYpGRCk2Z9637HU1jg82XXmKSVomt62h6p29pf8vS57n1En4naYQmJqkjU9TRf/9xHlv+n5vOSmA==",
        "dependencies": {
          "System.Reflection.Metadata": "5.0.0",
          "System.Text.Json": "6.0.10"
        }
      },
      "TagLibSharp": {
        "type": "Direct",
        "requested": "[2.3.0, )",
        "resolved": "2.3.0",
        "contentHash": "Qo4z6ZjnIfbR3Us1Za5M2vQ97OWZPmODvVmepxZ8XW0UIVLGdO2T63/N3b23kCcyiwuIe0TQvMEQG8wUCCD1mA=="
      },
      "CommunityToolkit.Common": {
        "type": "Transitive",
        "resolved": "8.2.1",
        "contentHash": "LWuhy8cQKJ/MYcy3XafJ916U3gPH/YDvYoNGWyQWN11aiEKCZszzPOTJAOvBjP9yG8vHmIcCyPUt4L82OK47Iw=="
      },
      "Microsoft.AppCenter": {
        "type": "Transitive",
        "resolved": "5.0.7",
        "contentHash": "v0IWh9PMXZcD7mganE/I7cui4KQ0L5cBBlaOkwsFdjr6N+PUdIqnBf4bYlry/80sttfTSmMeznghL5FCs8bpzA==",
        "dependencies": {
          "Microsoft.NETCore.UniversalWindowsPlatform": "6.2.8",
          "Newtonsoft.Json": "13.0.2",
          "SQLitePCLRaw.bundle_green": "2.1.7"
        }
      },
      "Microsoft.Bcl.AsyncInterfaces": {
        "type": "Transitive",
        "resolved": "9.0.2",
        "contentHash": "1CED0BGD7dCKsbe7tDhzpPB2Qdi9x35QChu6zkBEI4s0T5bDkkttGReqQnOeOfRNSxtP2WvpX6Ik/0O93XDuMw==",
        "dependencies": {
          "System.Threading.Tasks.Extensions": "4.5.4"
        }
      },
      "Microsoft.Net.Native.Compiler": {
        "type": "Transitive",
        "resolved": "2.2.12-rel-31116-00",
        "contentHash": "91INue1M3Zap/S6yaglXMEq1UvirknZmzwFZiP0fs3Su5MhWUEJoBJK3BsPsiImnII2NGhrYKrJd+QW7zfClyA==",
        "dependencies": {
          "runtime.win10-arm.Microsoft.Net.Native.Compiler": "2.2.12-rel-31116-00",
          "runtime.win10-arm64.Microsoft.Net.Native.Compiler": "2.2.12-rel-31116-00",
          "runtime.win10-x64.Microsoft.Net.Native.Compiler": "2.2.12-rel-31116-00",
          "runtime.win10-x86.Microsoft.Net.Native.Compiler": "2.2.12-rel-31116-00"
        }
      },
      "Microsoft.Net.UWPCoreRuntimeSdk": {
        "type": "Transitive",
        "resolved": "2.2.14",
        "contentHash": "qPR/lie8X3I82ZnZbdqyl27Z/J9mJapSEbnz7CX4kGgc5LNwjoLlUnaQjilDQsTcYfmSg8EcvcLJy9mBSY+GVA==",
        "dependencies": {
          "runtime.win10-arm.Microsoft.Net.UWPCoreRuntimeSdk": "2.2.14",
          "runtime.win10-x64.Microsoft.Net.UWPCoreRuntimeSdk": "2.2.14",
          "runtime.win10-x86.Microsoft.Net.UWPCoreRuntimeSdk": "2.2.14"
        }
      },
      "Microsoft.NETCore.Platforms": {
        "type": "Transitive",
        "resolved": "2.1.0",
        "contentHash": "GmkKfoyerqmsHMn7OZj0AKpcBabD+GaafqphvX2Mw406IwiJRy1pKcKqdCfKJfYmkRyJ6+e+RaUylgdJoDa1jQ=="
      },
      "Microsoft.Web.WebView2": {
        "type": "Transitive",
        "resolved": "1.0.2849.39",
        "contentHash": "mWyurCfuOGF2odk+Orflzpk017oBmLy11qiQTXpcc9ZWqhx2SfYDr2izplyxy2bCkWDSXCQpBDhU5u9+mhHlDQ=="
      },
      "NETStandard.Library": {
        "type": "Transitive",
        "resolved": "2.0.3",
        "contentHash": "548M6mnBSJWxsIlkQHfbzoYxpiYFXZZSL00p4GHYv8PkiqFBnnT68mW5mGEsA/ch9fDO9GkPgkFQpWiXZN7mAQ==",
        "dependencies": {
          "Microsoft.NETCore.Platforms": "1.1.0"
        }
      },
      "Newtonsoft.Json": {
        "type": "Transitive",
        "resolved": "13.0.2",
        "contentHash": "R2pZ3B0UjeyHShm9vG+Tu0EBb2lC8b0dFzV9gVn50ofHXh9Smjk6kTn7A/FdAsC8B5cKib1OnGYOXxRBz5XQDg=="
      },
      "protobuf-net.Core": {
        "type": "Transitive",
        "resolved": "3.2.30",
        "contentHash": "v2ZxxYrz+X212ukSx+uqkLuPu414bvmSAnTyf+PBUKR9ENJxO4P/csorA/27456MCp1JNoMssDj/f91RDiwBfQ==",
        "dependencies": {
          "System.Collections.Immutable": "7.0.0",
          "System.Memory": "4.5.5"
        }
      },
      "runtime.win10-arm.Microsoft.Net.Native.Compiler": {
        "type": "Transitive",
        "resolved": "2.2.12-rel-31116-00",
        "contentHash": "s2CrbBYdAZa9aR4dlq2sOfJrRf4uOZHgEYGmWyxW4mz+//0vlGSJxUYAiKUotMwa4+fu+PAh2ANKRdU9o06C3w==",
        "dependencies": {
          "runtime.win10-arm.Microsoft.Net.Native.SharedLibrary": "2.2.8-rel-31116-00"
        }
      },
      "runtime.win10-arm.Microsoft.Net.Native.SharedLibrary": {
        "type": "Transitive",
        "resolved": "2.2.8-rel-31116-00",
        "contentHash": "3F8B17d60HssS/BBlmRs4X8TuvOVRRQjSP8uOhTweZS1ZsmlreKqV9YPXwyN0kpu32StTdqYIt1i9vV4nZZoOQ=="
      },
      "runtime.win10-arm.Microsoft.Net.UWPCoreRuntimeSdk": {
        "type": "Transitive",
        "resolved": "2.2.14",
        "contentHash": "gr1abg5qNrM14Ng9NTFuzY/A3BLDQFfWrKgjmzr6AlhUsq/QZ7Hny62rLZ3ONVHSN0Bo0QuwKe2KLmBTLTyItg=="
      },
      "runtime.win10-arm64.Microsoft.Net.Native.Compiler": {
        "type": "Transitive",
        "resolved": "2.2.12-rel-31116-00",
        "contentHash": "ELSl50UCnJSPeSfwRnXe4S+Ito58dpWhm6pEyxtIMiiuLcJsfr7rTxPR05Pijta5ru4KZu0or5PUePjGgKyC2A==",
        "dependencies": {
          "runtime.win10-arm64.Microsoft.Net.Native.SharedLibrary": "2.2.8-rel-31116-00"
        }
      },
      "runtime.win10-arm64.Microsoft.Net.Native.SharedLibrary": {
        "type": "Transitive",
        "resolved": "2.2.8-rel-31116-00",
        "contentHash": "mkSKguVkHl8W7/uS8SgXz5t7aI4QvF7BPd+WzcdOdMU5g/gnXmcWZAlSr1RrSTjTS1P3sxOE15XMFJs0nPCI8w=="
      },
      "runtime.win10-x64.Microsoft.Net.Native.Compiler": {
        "type": "Transitive",
        "resolved": "2.2.12-rel-31116-00",
        "contentHash": "ZRYTWtC+lManfqDHmIpqlv/UG6nQfn4URqMEmoc1k/DI1pMBo4jCov5VoFIGHHd1/AXXsK6Hdd2TDbexH0PozQ==",
        "dependencies": {
          "runtime.win10-x64.Microsoft.Net.Native.SharedLibrary": "2.2.8-rel-31116-00"
        }
      },
      "runtime.win10-x64.Microsoft.Net.Native.SharedLibrary": {
        "type": "Transitive",
        "resolved": "2.2.8-rel-31116-00",
        "contentHash": "pt7vQLpa95Cpif7oHXkLPsvcJ6tfdc8bvOxiJzjXlTTOjefsX4xmkSU+buuu/KbE8YDs1VEyxu0zcjpIMuVkmQ=="
      },
      "runtime.win10-x64.Microsoft.Net.UWPCoreRuntimeSdk": {
        "type": "Transitive",
        "resolved": "2.2.14",
        "contentHash": "LQ+8pXMZVsd1yEzcYHZvSKTbjjnLZYj5tWCOAOcgzF9ojX8+geT35rAcndhCRJAeAvARgv9/7yapnK86UPzpyQ=="
      },
      "runtime.win10-x86.Microsoft.Net.Native.Compiler": {
        "type": "Transitive",
        "resolved": "2.2.12-rel-31116-00",
        "contentHash": "hVlpnwSdqYizm+nigl3t3/fVd/D0COJ4doLJIa66GkNmPSL5VeHCPAynZi+oO9rqCFKDX+Tmbn+NO9zygWJB/A==",
        "dependencies": {
          "runtime.win10-x86.Microsoft.Net.Native.SharedLibrary": "2.2.8-rel-31116-00"
        }
      },
      "runtime.win10-x86.Microsoft.Net.Native.SharedLibrary": {
        "type": "Transitive",
        "resolved": "2.2.8-rel-31116-00",
        "contentHash": "A7J5S5ZZZCXexFp6xXG2CaMwZPSahpPdorzx6VbWJzfHDU0x1VvulYd8hSfi/KtJ/fG0tr8mpdnT7NZsrXP7+g=="
      },
      "runtime.win10-x86.Microsoft.Net.UWPCoreRuntimeSdk": {
        "type": "Transitive",
        "resolved": "2.2.14",
        "contentHash": "3JRNswnc8LnxAofuv5hq9iRAnZ49w2J5DK/JaLL2uSFRRnaCS9atpXBG+EdpbJHyJxRxDPslkRLkH5ZUOIaCwQ=="
      },
      "SQLitePCLRaw.bundle_green": {
        "type": "Transitive",
        "resolved": "2.1.7",
        "contentHash": "ICNFmtawmLdyk9vEXPaCdMpw0E/7HJlj5FquOpKHtbIJLqU8Yujadqza5XpaDX/1PmHU0PqTf8YHn4hTR6/AqQ==",
        "dependencies": {
          "SQLitePCLRaw.lib.e_sqlite3": "2.1.7",
          "SQLitePCLRaw.provider.e_sqlite3": "2.1.7"
        }
      },
      "SQLitePCLRaw.core": {
        "type": "Transitive",
        "resolved": "2.1.7",
        "contentHash": "C1j0zRA2bCueUrGG2TbqDVm0Bdeq/gPf+qs6SweTpoTIOqH1me0/1rhfCHBJkMSQwI9OC1XW6t4Ml8Iux76YSA==",
        "dependencies": {
          "System.Memory": "4.5.3"
        }
      },
      "SQLitePCLRaw.lib.e_sqlite3": {
        "type": "Transitive",
        "resolved": "2.1.7",
        "contentHash": "b3VByUTfSNGtq580yXDH5JAEwOCJru1ZJDS/EHCT+RnqId6pliewb0/xbzxjjiKLF3uDEwslR/9ftz5psv/N/g=="
      },
      "SQLitePCLRaw.provider.e_sqlite3": {
        "type": "Transitive",
        "resolved": "2.1.7",
        "contentHash": "wxZU4CJQbPsQ9l8j4eiB5AW8IZt7PvHC+A1qByO1Rg47CrI0NZNpxV0N8gUdpxexocAwdjUrQEWOFVMAuNbLqw==",
        "dependencies": {
          "SQLitePCLRaw.core": "2.1.7"
        }
      },
      "System.Buffers": {
        "type": "Transitive",
        "resolved": "4.6.0",
        "contentHash": "lN6tZi7Q46zFzAbRYXTIvfXcyvQQgxnY7Xm6C6xQ9784dEL1amjM6S6Iw4ZpsvesAKnRVsM4scrDQaDqSClkjA=="
      },
      "System.Collections.Immutable": {
        "type": "Transitive",
        "resolved": "7.0.0",
        "contentHash": "dQPcs0U1IKnBdRDBkrCTi1FoajSTBzLcVTpjO4MBCMC7f4pDOIPzgBoX8JjG7X6uZRJ8EBxsi8+DR1JuwjnzOQ==",
        "dependencies": {
          "System.Memory": "4.5.5",
          "System.Runtime.CompilerServices.Unsafe": "6.0.0"
        }
      },
      "System.ComponentModel.Annotations": {
        "type": "Transitive",
        "resolved": "5.0.0",
        "contentHash": "dMkqfy2el8A8/I76n2Hi1oBFEbG1SfxD2l5nhwXV3XjlnOmwxJlQbYpJH4W51odnU9sARCSAgv7S3CyAFMkpYg=="
      },
      "System.Memory": {
        "type": "Transitive",
        "resolved": "4.6.0",
        "contentHash": "OEkbBQoklHngJ8UD8ez2AERSk2g+/qpAaSWWCBFbpH727HxDq5ydVkuncBaKcKfwRqXGWx64dS6G1SUScMsitg==",
        "dependencies": {
          "System.Buffers": "4.6.0",
          "System.Numerics.Vectors": "4.6.0",
          "System.Runtime.CompilerServices.Unsafe": "6.1.0"
        }
      },
      "System.Numerics.Vectors": {
        "type": "Transitive",
        "resolved": "4.6.0",
        "contentHash": "t+SoieZsRuEyiw/J+qXUbolyO219tKQQI0+2/YI+Qv7YdGValA6WiuokrNKqjrTNsy5ABWU11bdKOzUdheteXg=="
      },
      "System.Reflection.Emit": {
        "type": "Transitive",
        "resolved": "4.7.0",
        "contentHash": "VR4kk8XLKebQ4MZuKuIni/7oh+QGFmZW3qORd1GvBq/8026OpW501SzT/oypwiQl4TvT8ErnReh/NzY9u+C6wQ==",
        "dependencies": {
          "System.Reflection.Emit.ILGeneration": "4.7.0"
        }
      },
      "System.Reflection.Emit.ILGeneration": {
        "type": "Transitive",
        "resolved": "4.7.0",
        "contentHash": "AucBYo3DSI0IDxdUjKksBcQJXPHyoPyrCXYURW1WDsLI4M65Ar/goSHjdnHOAY9MiYDNKqDlIgaYm+zL2hA1KA=="
      },
      "System.Reflection.Emit.Lightweight": {
        "type": "Transitive",
        "resolved": "4.7.0",
        "contentHash": "a4OLB4IITxAXJeV74MDx49Oq2+PsF6Sml54XAFv+2RyWwtDBcabzoxiiJRhdhx+gaohLh4hEGCLQyBozXoQPqA==",
        "dependencies": {
          "System.Reflection.Emit.ILGeneration": "4.7.0"
        }
      },
      "System.Reflection.Metadata": {
        "type": "Transitive",
        "resolved": "5.0.0",
        "contentHash": "5NecZgXktdGg34rh1OenY1rFNDCI8xSjFr+Z4OU4cU06AQHUdRnIIEeWENu3Wl4YowbzkymAIMvi3WyK9U53pQ==",
        "dependencies": {
          "System.Collections.Immutable": "5.0.0"
        }
      },
      "System.Runtime.CompilerServices.Unsafe": {
        "type": "Transitive",
        "resolved": "6.1.0",
        "contentHash": "5o/HZxx6RVqYlhKSq8/zronDkALJZUT2Vz0hx43f0gwe8mwlM0y2nYlqdBwLMzr262Bwvpikeb/yEwkAa5PADg=="
      },
      "System.Text.Encodings.Web": {
        "type": "Transitive",
        "resolved": "6.0.0",
        "contentHash": "Vg8eB5Tawm1IFqj4TVK1czJX89rhFxJo9ELqc/Eiq0eXy13RK00eubyU6TJE6y+GQXjyV5gSfiewDUZjQgSE0w==",
        "dependencies": {
          "System.Buffers": "4.5.1",
          "System.Memory": "4.5.4",
          "System.Runtime.CompilerServices.Unsafe": "6.0.0"
        }
      },
      "System.Text.Json": {
        "type": "Transitive",
        "resolved": "6.0.10",
        "contentHash": "NSB0kDipxn2ychp88NXWfFRFlmi1bst/xynOutbnpEfRCT9JZkZ7KOmF/I/hNKo2dILiMGnqblm+j1sggdLB9g==",
        "dependencies": {
          "Microsoft.Bcl.AsyncInterfaces": "6.0.0",
          "System.Buffers": "4.5.1",
          "System.Memory": "4.5.4",
          "System.Numerics.Vectors": "4.5.0",
          "System.Runtime.CompilerServices.Unsafe": "6.0.0",
          "System.Text.Encodings.Web": "6.0.0",
          "System.Threading.Tasks.Extensions": "4.5.4"
        }
      },
      "System.Threading.Tasks.Extensions": {
        "type": "Transitive",
        "resolved": "4.5.4",
        "contentHash": "zteT+G8xuGu6mS+mzDzYXbzS7rd3K6Fjb9RiZlYlJPam2/hU7JCBZBVEcywNuR+oZ1ncTvc/cq0faRr3P01OVg==",
        "dependencies": {
          "System.Runtime.CompilerServices.Unsafe": "4.5.3"
        }
      }
    },
    "UAP,Version=v10.0.17763/win10-arm": {
      "Microsoft.NETCore.UniversalWindowsPlatform": {
        "type": "Direct",
        "requested": "[6.2.14, )",
        "resolved": "6.2.14",
        "contentHash": "20T91+/vQhL8c//GFU9qkNnys2BVdzAr9smULuP4p9csXwYjuoqxwAjNxLH0FvApGdB3s0sGhHkSeLg3IQBdMw==",
        "dependencies": {
          "Microsoft.NETCore.Platforms": "2.1.0",
          "Microsoft.Net.Native.Compiler": "2.2.12-rel-31116-00",
          "Microsoft.Net.UWPCoreRuntimeSdk": "2.2.14",
          "NETStandard.Library": "2.0.3",
          "runtime.win10-arm.Microsoft.NETCore.UniversalWindowsPlatform": "6.2.14"
        }
      },
      "Microsoft.Web.WebView2": {
        "type": "Transitive",
        "resolved": "1.0.2849.39",
        "contentHash": "mWyurCfuOGF2odk+Orflzpk017oBmLy11qiQTXpcc9ZWqhx2SfYDr2izplyxy2bCkWDSXCQpBDhU5u9+mhHlDQ=="
      },
      "runtime.win10-arm.Microsoft.NETCore.UniversalWindowsPlatform": {
        "type": "Transitive",
        "resolved": "6.2.14",
        "contentHash": "PXwPeV73TQGLoREzwlZd/FT/xxb3tV6OpjRQdymOPJfMQme/ST9sX3OZAmmIUdio1LaWnNbB600Vtg2XvRItzw=="
      },
      "SQLitePCLRaw.lib.e_sqlite3": {
        "type": "Transitive",
        "resolved": "2.1.7",
        "contentHash": "b3VByUTfSNGtq580yXDH5JAEwOCJru1ZJDS/EHCT+RnqId6pliewb0/xbzxjjiKLF3uDEwslR/9ftz5psv/N/g=="
      },
      "System.Reflection.Emit": {
        "type": "Transitive",
        "resolved": "4.7.0",
        "contentHash": "VR4kk8XLKebQ4MZuKuIni/7oh+QGFmZW3qORd1GvBq/8026OpW501SzT/oypwiQl4TvT8ErnReh/NzY9u+C6wQ==",
        "dependencies": {
          "System.Reflection.Emit.ILGeneration": "4.7.0"
        }
      },
      "System.Reflection.Emit.ILGeneration": {
        "type": "Transitive",
        "resolved": "4.7.0",
        "contentHash": "AucBYo3DSI0IDxdUjKksBcQJXPHyoPyrCXYURW1WDsLI4M65Ar/goSHjdnHOAY9MiYDNKqDlIgaYm+zL2hA1KA=="
      },
      "System.Reflection.Emit.Lightweight": {
        "type": "Transitive",
        "resolved": "4.7.0",
        "contentHash": "a4OLB4IITxAXJeV74MDx49Oq2+PsF6Sml54XAFv+2RyWwtDBcabzoxiiJRhdhx+gaohLh4hEGCLQyBozXoQPqA==",
        "dependencies": {
          "System.Reflection.Emit.ILGeneration": "4.7.0"
        }
      }
    },
    "UAP,Version=v10.0.17763/win10-arm-aot": {
      "Microsoft.NETCore.UniversalWindowsPlatform": {
        "type": "Direct",
        "requested": "[6.2.14, )",
        "resolved": "6.2.14",
        "contentHash": "20T91+/vQhL8c//GFU9qkNnys2BVdzAr9smULuP4p9csXwYjuoqxwAjNxLH0FvApGdB3s0sGhHkSeLg3IQBdMw==",
        "dependencies": {
          "Microsoft.NETCore.Platforms": "2.1.0",
          "Microsoft.Net.Native.Compiler": "2.2.12-rel-31116-00",
          "Microsoft.Net.UWPCoreRuntimeSdk": "2.2.14",
          "NETStandard.Library": "2.0.3",
          "runtime.win10-arm-aot.Microsoft.NETCore.UniversalWindowsPlatform": "6.2.14"
        }
      },
      "Microsoft.Web.WebView2": {
        "type": "Transitive",
        "resolved": "1.0.2849.39",
        "contentHash": "mWyurCfuOGF2odk+Orflzpk017oBmLy11qiQTXpcc9ZWqhx2SfYDr2izplyxy2bCkWDSXCQpBDhU5u9+mhHlDQ=="
      },
      "runtime.win10-arm-aot.Microsoft.NETCore.UniversalWindowsPlatform": {
        "type": "Transitive",
        "resolved": "6.2.14",
        "contentHash": "+CthZPP4ssmK5j7NC0S+nqvjJkL0qZ3Z5E272Bhl44GT1qPJzt/jL1rkeA2y2+Qy5YAWe5SRoOhbTzmK1hzxwA=="
      },
      "SQLitePCLRaw.lib.e_sqlite3": {
        "type": "Transitive",
        "resolved": "2.1.7",
        "contentHash": "b3VByUTfSNGtq580yXDH5JAEwOCJru1ZJDS/EHCT+RnqId6pliewb0/xbzxjjiKLF3uDEwslR/9ftz5psv/N/g=="
      },
      "System.Reflection.Emit": {
        "type": "Transitive",
        "resolved": "4.7.0",
        "contentHash": "VR4kk8XLKebQ4MZuKuIni/7oh+QGFmZW3qORd1GvBq/8026OpW501SzT/oypwiQl4TvT8ErnReh/NzY9u+C6wQ==",
        "dependencies": {
          "System.Reflection.Emit.ILGeneration": "4.7.0"
        }
      },
      "System.Reflection.Emit.ILGeneration": {
        "type": "Transitive",
        "resolved": "4.7.0",
        "contentHash": "AucBYo3DSI0IDxdUjKksBcQJXPHyoPyrCXYURW1WDsLI4M65Ar/goSHjdnHOAY9MiYDNKqDlIgaYm+zL2hA1KA=="
      },
      "System.Reflection.Emit.Lightweight": {
        "type": "Transitive",
        "resolved": "4.7.0",
        "contentHash": "a4OLB4IITxAXJeV74MDx49Oq2+PsF6Sml54XAFv+2RyWwtDBcabzoxiiJRhdhx+gaohLh4hEGCLQyBozXoQPqA==",
        "dependencies": {
          "System.Reflection.Emit.ILGeneration": "4.7.0"
        }
      }
    },
    "UAP,Version=v10.0.17763/win10-arm64-aot": {
      "Microsoft.NETCore.UniversalWindowsPlatform": {
        "type": "Direct",
        "requested": "[6.2.14, )",
        "resolved": "6.2.14",
        "contentHash": "20T91+/vQhL8c//GFU9qkNnys2BVdzAr9smULuP4p9csXwYjuoqxwAjNxLH0FvApGdB3s0sGhHkSeLg3IQBdMw==",
        "dependencies": {
          "Microsoft.NETCore.Platforms": "2.1.0",
          "Microsoft.Net.Native.Compiler": "2.2.12-rel-31116-00",
          "Microsoft.Net.UWPCoreRuntimeSdk": "2.2.14",
          "NETStandard.Library": "2.0.3",
          "runtime.win10-arm64-aot.Microsoft.NETCore.UniversalWindowsPlatform": "6.2.14"
        }
      },
      "Microsoft.Web.WebView2": {
        "type": "Transitive",
        "resolved": "1.0.2849.39",
        "contentHash": "mWyurCfuOGF2odk+Orflzpk017oBmLy11qiQTXpcc9ZWqhx2SfYDr2izplyxy2bCkWDSXCQpBDhU5u9+mhHlDQ=="
      },
      "runtime.win10-arm64-aot.Microsoft.NETCore.UniversalWindowsPlatform": {
        "type": "Transitive",
        "resolved": "6.2.14",
        "contentHash": "evExmzlwZuWfzNvu+HAKQ8sWg5BKqWqvShpFPs6V72s78BzC+8Wl6T+H0rmuF3fZ+W6yhlM8dfusaj+w9D0GhA=="
      },
      "SQLitePCLRaw.lib.e_sqlite3": {
        "type": "Transitive",
        "resolved": "2.1.7",
        "contentHash": "b3VByUTfSNGtq580yXDH5JAEwOCJru1ZJDS/EHCT+RnqId6pliewb0/xbzxjjiKLF3uDEwslR/9ftz5psv/N/g=="
      },
      "System.Reflection.Emit": {
        "type": "Transitive",
        "resolved": "4.7.0",
        "contentHash": "VR4kk8XLKebQ4MZuKuIni/7oh+QGFmZW3qORd1GvBq/8026OpW501SzT/oypwiQl4TvT8ErnReh/NzY9u+C6wQ==",
        "dependencies": {
          "System.Reflection.Emit.ILGeneration": "4.7.0"
        }
      },
      "System.Reflection.Emit.ILGeneration": {
        "type": "Transitive",
        "resolved": "4.7.0",
        "contentHash": "AucBYo3DSI0IDxdUjKksBcQJXPHyoPyrCXYURW1WDsLI4M65Ar/goSHjdnHOAY9MiYDNKqDlIgaYm+zL2hA1KA=="
      },
      "System.Reflection.Emit.Lightweight": {
        "type": "Transitive",
        "resolved": "4.7.0",
        "contentHash": "a4OLB4IITxAXJeV74MDx49Oq2+PsF6Sml54XAFv+2RyWwtDBcabzoxiiJRhdhx+gaohLh4hEGCLQyBozXoQPqA==",
        "dependencies": {
          "System.Reflection.Emit.ILGeneration": "4.7.0"
        }
      }
    },
    "UAP,Version=v10.0.17763/win10-x64": {
      "Microsoft.NETCore.UniversalWindowsPlatform": {
        "type": "Direct",
        "requested": "[6.2.14, )",
        "resolved": "6.2.14",
        "contentHash": "20T91+/vQhL8c//GFU9qkNnys2BVdzAr9smULuP4p9csXwYjuoqxwAjNxLH0FvApGdB3s0sGhHkSeLg3IQBdMw==",
        "dependencies": {
          "Microsoft.NETCore.Platforms": "2.1.0",
          "Microsoft.Net.Native.Compiler": "2.2.12-rel-31116-00",
          "Microsoft.Net.UWPCoreRuntimeSdk": "2.2.14",
          "NETStandard.Library": "2.0.3",
          "runtime.win10-x64.Microsoft.NETCore.UniversalWindowsPlatform": "6.2.14"
        }
      },
      "Microsoft.Web.WebView2": {
        "type": "Transitive",
        "resolved": "1.0.2849.39",
        "contentHash": "mWyurCfuOGF2odk+Orflzpk017oBmLy11qiQTXpcc9ZWqhx2SfYDr2izplyxy2bCkWDSXCQpBDhU5u9+mhHlDQ=="
      },
      "runtime.win10-x64.Microsoft.NETCore.UniversalWindowsPlatform": {
        "type": "Transitive",
        "resolved": "6.2.14",
        "contentHash": "snth4i/ok+LqSSqK5tLVFSbe8RDzIvfJabMXMPoYI+NQCi91mR+7tsTHk3gNEojuZT0i4g1EaFrIwqaW9bmEYA=="
      },
      "SQLitePCLRaw.lib.e_sqlite3": {
        "type": "Transitive",
        "resolved": "2.1.7",
        "contentHash": "b3VByUTfSNGtq580yXDH5JAEwOCJru1ZJDS/EHCT+RnqId6pliewb0/xbzxjjiKLF3uDEwslR/9ftz5psv/N/g=="
      },
      "System.Reflection.Emit": {
        "type": "Transitive",
        "resolved": "4.7.0",
        "contentHash": "VR4kk8XLKebQ4MZuKuIni/7oh+QGFmZW3qORd1GvBq/8026OpW501SzT/oypwiQl4TvT8ErnReh/NzY9u+C6wQ==",
        "dependencies": {
          "System.Reflection.Emit.ILGeneration": "4.7.0"
        }
      },
      "System.Reflection.Emit.ILGeneration": {
        "type": "Transitive",
        "resolved": "4.7.0",
        "contentHash": "AucBYo3DSI0IDxdUjKksBcQJXPHyoPyrCXYURW1WDsLI4M65Ar/goSHjdnHOAY9MiYDNKqDlIgaYm+zL2hA1KA=="
      },
      "System.Reflection.Emit.Lightweight": {
        "type": "Transitive",
        "resolved": "4.7.0",
        "contentHash": "a4OLB4IITxAXJeV74MDx49Oq2+PsF6Sml54XAFv+2RyWwtDBcabzoxiiJRhdhx+gaohLh4hEGCLQyBozXoQPqA==",
        "dependencies": {
          "System.Reflection.Emit.ILGeneration": "4.7.0"
        }
      }
    },
    "UAP,Version=v10.0.17763/win10-x64-aot": {
      "Microsoft.NETCore.UniversalWindowsPlatform": {
        "type": "Direct",
        "requested": "[6.2.14, )",
        "resolved": "6.2.14",
        "contentHash": "20T91+/vQhL8c//GFU9qkNnys2BVdzAr9smULuP4p9csXwYjuoqxwAjNxLH0FvApGdB3s0sGhHkSeLg3IQBdMw==",
        "dependencies": {
          "Microsoft.NETCore.Platforms": "2.1.0",
          "Microsoft.Net.Native.Compiler": "2.2.12-rel-31116-00",
          "Microsoft.Net.UWPCoreRuntimeSdk": "2.2.14",
          "NETStandard.Library": "2.0.3",
          "runtime.win10-x64-aot.Microsoft.NETCore.UniversalWindowsPlatform": "6.2.14"
        }
      },
      "Microsoft.Web.WebView2": {
        "type": "Transitive",
        "resolved": "1.0.2849.39",
        "contentHash": "mWyurCfuOGF2odk+Orflzpk017oBmLy11qiQTXpcc9ZWqhx2SfYDr2izplyxy2bCkWDSXCQpBDhU5u9+mhHlDQ=="
      },
      "runtime.win10-x64-aot.Microsoft.NETCore.UniversalWindowsPlatform": {
        "type": "Transitive",
        "resolved": "6.2.14",
        "contentHash": "/aFe5hqDpWSiGwM71GI9z6PLa+bxddXmuMWLZ3yVSv2nAJi50WtStB/RnLdXasTNH4JtYpWjQ1tT/fpwRNvFTQ=="
      },
      "SQLitePCLRaw.lib.e_sqlite3": {
        "type": "Transitive",
        "resolved": "2.1.7",
        "contentHash": "b3VByUTfSNGtq580yXDH5JAEwOCJru1ZJDS/EHCT+RnqId6pliewb0/xbzxjjiKLF3uDEwslR/9ftz5psv/N/g=="
      },
      "System.Reflection.Emit": {
        "type": "Transitive",
        "resolved": "4.7.0",
        "contentHash": "VR4kk8XLKebQ4MZuKuIni/7oh+QGFmZW3qORd1GvBq/8026OpW501SzT/oypwiQl4TvT8ErnReh/NzY9u+C6wQ==",
        "dependencies": {
          "System.Reflection.Emit.ILGeneration": "4.7.0"
        }
      },
      "System.Reflection.Emit.ILGeneration": {
        "type": "Transitive",
        "resolved": "4.7.0",
        "contentHash": "AucBYo3DSI0IDxdUjKksBcQJXPHyoPyrCXYURW1WDsLI4M65Ar/goSHjdnHOAY9MiYDNKqDlIgaYm+zL2hA1KA=="
      },
      "System.Reflection.Emit.Lightweight": {
        "type": "Transitive",
        "resolved": "4.7.0",
        "contentHash": "a4OLB4IITxAXJeV74MDx49Oq2+PsF6Sml54XAFv+2RyWwtDBcabzoxiiJRhdhx+gaohLh4hEGCLQyBozXoQPqA==",
        "dependencies": {
          "System.Reflection.Emit.ILGeneration": "4.7.0"
        }
      }
    },
    "UAP,Version=v10.0.17763/win10-x86": {
      "Microsoft.NETCore.UniversalWindowsPlatform": {
        "type": "Direct",
        "requested": "[6.2.14, )",
        "resolved": "6.2.14",
        "contentHash": "20T91+/vQhL8c//GFU9qkNnys2BVdzAr9smULuP4p9csXwYjuoqxwAjNxLH0FvApGdB3s0sGhHkSeLg3IQBdMw==",
        "dependencies": {
          "Microsoft.NETCore.Platforms": "2.1.0",
          "Microsoft.Net.Native.Compiler": "2.2.12-rel-31116-00",
          "Microsoft.Net.UWPCoreRuntimeSdk": "2.2.14",
          "NETStandard.Library": "2.0.3",
          "runtime.win10-x86.Microsoft.NETCore.UniversalWindowsPlatform": "6.2.14"
        }
      },
      "Microsoft.Web.WebView2": {
        "type": "Transitive",
        "resolved": "1.0.2849.39",
        "contentHash": "mWyurCfuOGF2odk+Orflzpk017oBmLy11qiQTXpcc9ZWqhx2SfYDr2izplyxy2bCkWDSXCQpBDhU5u9+mhHlDQ=="
      },
      "runtime.win10-x86.Microsoft.NETCore.UniversalWindowsPlatform": {
        "type": "Transitive",
        "resolved": "6.2.14",
        "contentHash": "GaJmbZkhVAMCNvDSshqXzpTxWPKhENV+Q6A/Z7/lYeywczdCSlExJo+1aJ8/eh9bwKhxRvIj3OZH4JsQsYpRaA=="
      },
      "SQLitePCLRaw.lib.e_sqlite3": {
        "type": "Transitive",
        "resolved": "2.1.7",
        "contentHash": "b3VByUTfSNGtq580yXDH5JAEwOCJru1ZJDS/EHCT+RnqId6pliewb0/xbzxjjiKLF3uDEwslR/9ftz5psv/N/g=="
      },
      "System.Reflection.Emit": {
        "type": "Transitive",
        "resolved": "4.7.0",
        "contentHash": "VR4kk8XLKebQ4MZuKuIni/7oh+QGFmZW3qORd1GvBq/8026OpW501SzT/oypwiQl4TvT8ErnReh/NzY9u+C6wQ==",
        "dependencies": {
          "System.Reflection.Emit.ILGeneration": "4.7.0"
        }
      },
      "System.Reflection.Emit.ILGeneration": {
        "type": "Transitive",
        "resolved": "4.7.0",
        "contentHash": "AucBYo3DSI0IDxdUjKksBcQJXPHyoPyrCXYURW1WDsLI4M65Ar/goSHjdnHOAY9MiYDNKqDlIgaYm+zL2hA1KA=="
      },
      "System.Reflection.Emit.Lightweight": {
        "type": "Transitive",
        "resolved": "4.7.0",
        "contentHash": "a4OLB4IITxAXJeV74MDx49Oq2+PsF6Sml54XAFv+2RyWwtDBcabzoxiiJRhdhx+gaohLh4hEGCLQyBozXoQPqA==",
        "dependencies": {
          "System.Reflection.Emit.ILGeneration": "4.7.0"
        }
      }
    },
    "UAP,Version=v10.0.17763/win10-x86-aot": {
      "Microsoft.NETCore.UniversalWindowsPlatform": {
        "type": "Direct",
        "requested": "[6.2.14, )",
        "resolved": "6.2.14",
        "contentHash": "20T91+/vQhL8c//GFU9qkNnys2BVdzAr9smULuP4p9csXwYjuoqxwAjNxLH0FvApGdB3s0sGhHkSeLg3IQBdMw==",
        "dependencies": {
          "Microsoft.NETCore.Platforms": "2.1.0",
          "Microsoft.Net.Native.Compiler": "2.2.12-rel-31116-00",
          "Microsoft.Net.UWPCoreRuntimeSdk": "2.2.14",
          "NETStandard.Library": "2.0.3",
          "runtime.win10-x86-aot.Microsoft.NETCore.UniversalWindowsPlatform": "6.2.14"
        }
      },
      "Microsoft.Web.WebView2": {
        "type": "Transitive",
        "resolved": "1.0.2849.39",
        "contentHash": "mWyurCfuOGF2odk+Orflzpk017oBmLy11qiQTXpcc9ZWqhx2SfYDr2izplyxy2bCkWDSXCQpBDhU5u9+mhHlDQ=="
      },
      "runtime.win10-x86-aot.Microsoft.NETCore.UniversalWindowsPlatform": {
        "type": "Transitive",
        "resolved": "6.2.14",
        "contentHash": "Z8Y39jw4fACg2/spREHZp2Edeay/nv2ZCXpk9IE1C7QwLSe7lQ6B05Lpq84fFCwwV+z6NiAPIdivj03LLEGv7A=="
      },
      "SQLitePCLRaw.lib.e_sqlite3": {
        "type": "Transitive",
        "resolved": "2.1.7",
        "contentHash": "b3VByUTfSNGtq580yXDH5JAEwOCJru1ZJDS/EHCT+RnqId6pliewb0/xbzxjjiKLF3uDEwslR/9ftz5psv/N/g=="
      },
      "System.Reflection.Emit": {
        "type": "Transitive",
        "resolved": "4.7.0",
        "contentHash": "VR4kk8XLKebQ4MZuKuIni/7oh+QGFmZW3qORd1GvBq/8026OpW501SzT/oypwiQl4TvT8ErnReh/NzY9u+C6wQ==",
        "dependencies": {
          "System.Reflection.Emit.ILGeneration": "4.7.0"
        }
      },
      "System.Reflection.Emit.ILGeneration": {
        "type": "Transitive",
        "resolved": "4.7.0",
        "contentHash": "AucBYo3DSI0IDxdUjKksBcQJXPHyoPyrCXYURW1WDsLI4M65Ar/goSHjdnHOAY9MiYDNKqDlIgaYm+zL2hA1KA=="
      },
      "System.Reflection.Emit.Lightweight": {
        "type": "Transitive",
        "resolved": "4.7.0",
        "contentHash": "a4OLB4IITxAXJeV74MDx49Oq2+PsF6Sml54XAFv+2RyWwtDBcabzoxiiJRhdhx+gaohLh4hEGCLQyBozXoQPqA==",
        "dependencies": {
          "System.Reflection.Emit.ILGeneration": "4.7.0"
        }
      }
    }
  }
}