
Microsoft Visual Studio Solution File, Format Version 12.00
# Visual Studio Version 17
VisualStudioVersion = 17.0.31903.59
MinimumVisualStudioVersion = 10.0.40219.1
Project("{FAE04EC0-301F-11D3-BF4B-00C04F79EFBC}") = "Screenbox", "Screenbox\Screenbox.csproj", "{5977C351-2841-48D1-ACB4-7213CD1E2752}"
EndProject
Project("{2150E333-8FDC-42A3-9474-1A3956D46DE8}") = "Solution Items", "Solution Items", "{A90DE01B-A0A0-4241-9354-85772FF0D807}"
	ProjectSection(SolutionItems) = preProject
		.editorconfig = .editorconfig
		.gitignore = .gitignore
		crowdin.yml = crowdin.yml
		LICENSE = LICENSE
		nuget.config = nuget.config
		PRIVACY.md = PRIVACY.md
		README.md = README.md
	EndProjectSection
EndProject
Project("{FAE04EC0-301F-11D3-BF4B-00C04F79EFBC}") = "Screenbox.Core", "Screenbox.Core\Screenbox.Core.csproj", "{46D79C78-F483-4319-A3D1-9D837A135BEF}"
EndProject
Project("{8BC9CEB8-8B4A-11D0-8D11-00A0C91BC942}") = "FFmpegInteropX", "..\FFmpegInteropX\Source\FFmpegInteropX.vcxproj", "{9CFA3B3E-B7AF-4629-84E2-C962C5B046B1}"
EndProject
Global
	GlobalSection(SolutionConfigurationPlatforms) = preSolution
		Debug_Desktop|Any CPU = Debug_Desktop|Any CPU
		Debug_Desktop|ARM = Debug_Desktop|ARM
		Debug_Desktop|ARM64 = Debug_Desktop|ARM64
		Debug_Desktop|x64 = Debug_Desktop|x64
		Debug_Desktop|x86 = Debug_Desktop|x86
		Debug_UWP|Any CPU = Debug_UWP|Any CPU
		Debug_UWP|ARM = Debug_UWP|ARM
		Debug_UWP|ARM64 = Debug_UWP|ARM64
		Debug_UWP|x64 = Debug_UWP|x64
		Debug_UWP|x86 = Debug_UWP|x86
		Debug|Any CPU = Debug|Any CPU
		Debug|ARM = Debug|ARM
		Debug|ARM64 = Debug|ARM64
		Debug|x64 = Debug|x64
		Debug|x86 = Debug|x86
		Release_Desktop|Any CPU = Release_Desktop|Any CPU
		Release_Desktop|ARM = Release_Desktop|ARM
		Release_Desktop|ARM64 = Release_Desktop|ARM64
		Release_Desktop|x64 = Release_Desktop|x64
		Release_Desktop|x86 = Release_Desktop|x86
		Release_UWP|Any CPU = Release_UWP|Any CPU
		Release_UWP|ARM = Release_UWP|ARM
		Release_UWP|ARM64 = Release_UWP|ARM64
		Release_UWP|x64 = Release_UWP|x64
		Release_UWP|x86 = Release_UWP|x86
		Release|Any CPU = Release|Any CPU
		Release|ARM = Release|ARM
		Release|ARM64 = Release|ARM64
		Release|x64 = Release|x64
		Release|x86 = Release|x86
	EndGlobalSection
	GlobalSection(ProjectConfigurationPlatforms) = postSolution
		{5977C351-2841-48D1-ACB4-7213CD1E2752}.Debug_Desktop|Any CPU.ActiveCfg = Debug|Any CPU
		{5977C351-2841-48D1-ACB4-7213CD1E2752}.Debug_Desktop|Any CPU.Build.0 = Debug|Any CPU
		{5977C351-2841-48D1-ACB4-7213CD1E2752}.Debug_Desktop|Any CPU.Deploy.0 = Debug|Any CPU
		{5977C351-2841-48D1-ACB4-7213CD1E2752}.Debug_Desktop|ARM.ActiveCfg = Debug|ARM
		{5977C351-2841-48D1-ACB4-7213CD1E2752}.Debug_Desktop|ARM.Build.0 = Debug|ARM
		{5977C351-2841-48D1-ACB4-7213CD1E2752}.Debug_Desktop|ARM.Deploy.0 = Debug|ARM
		{5977C351-2841-48D1-ACB4-7213CD1E2752}.Debug_Desktop|ARM64.ActiveCfg = Debug|ARM64
		{5977C351-2841-48D1-ACB4-7213CD1E2752}.Debug_Desktop|ARM64.Build.0 = Debug|ARM64
		{5977C351-2841-48D1-ACB4-7213CD1E2752}.Debug_Desktop|ARM64.Deploy.0 = Debug|ARM64
		{5977C351-2841-48D1-ACB4-7213CD1E2752}.Debug_Desktop|x64.ActiveCfg = Debug|x64
		{5977C351-2841-48D1-ACB4-7213CD1E2752}.Debug_Desktop|x64.Build.0 = Debug|x64
		{5977C351-2841-48D1-ACB4-7213CD1E2752}.Debug_Desktop|x64.Deploy.0 = Debug|x64
		{5977C351-2841-48D1-ACB4-7213CD1E2752}.Debug_Desktop|x86.ActiveCfg = Debug|x86
		{5977C351-2841-48D1-ACB4-7213CD1E2752}.Debug_Desktop|x86.Build.0 = Debug|x86
		{5977C351-2841-48D1-ACB4-7213CD1E2752}.Debug_Desktop|x86.Deploy.0 = Debug|x86
		{5977C351-2841-48D1-ACB4-7213CD1E2752}.Debug_UWP|Any CPU.ActiveCfg = Debug|Any CPU
		{5977C351-2841-48D1-ACB4-7213CD1E2752}.Debug_UWP|Any CPU.Build.0 = Debug|Any CPU
		{5977C351-2841-48D1-ACB4-7213CD1E2752}.Debug_UWP|Any CPU.Deploy.0 = Debug|Any CPU
		{5977C351-2841-48D1-ACB4-7213CD1E2752}.Debug_UWP|ARM.ActiveCfg = Debug|ARM
		{5977C351-2841-48D1-ACB4-7213CD1E2752}.Debug_UWP|ARM.Build.0 = Debug|ARM
		{5977C351-2841-48D1-ACB4-7213CD1E2752}.Debug_UWP|ARM.Deploy.0 = Debug|ARM
		{5977C351-2841-48D1-ACB4-7213CD1E2752}.Debug_UWP|ARM64.ActiveCfg = Debug|ARM64
		{5977C351-2841-48D1-ACB4-7213CD1E2752}.Debug_UWP|ARM64.Build.0 = Debug|ARM64
		{5977C351-2841-48D1-ACB4-7213CD1E2752}.Debug_UWP|ARM64.Deploy.0 = Debug|ARM64
		{5977C351-2841-48D1-ACB4-7213CD1E2752}.Debug_UWP|x64.ActiveCfg = Debug|x64
		{5977C351-2841-48D1-ACB4-7213CD1E2752}.Debug_UWP|x64.Build.0 = Debug|x64
		{5977C351-2841-48D1-ACB4-7213CD1E2752}.Debug_UWP|x64.Deploy.0 = Debug|x64
		{5977C351-2841-48D1-ACB4-7213CD1E2752}.Debug_UWP|x86.ActiveCfg = Debug|x86
		{5977C351-2841-48D1-ACB4-7213CD1E2752}.Debug_UWP|x86.Build.0 = Debug|x86
		{5977C351-2841-48D1-ACB4-7213CD1E2752}.Debug_UWP|x86.Deploy.0 = Debug|x86
		{5977C351-2841-48D1-ACB4-7213CD1E2752}.Debug|Any CPU.ActiveCfg = Debug|Any CPU
		{5977C351-2841-48D1-ACB4-7213CD1E2752}.Debug|Any CPU.Build.0 = Debug|Any CPU
		{5977C351-2841-48D1-ACB4-7213CD1E2752}.Debug|Any CPU.Deploy.0 = Debug|Any CPU
		{5977C351-2841-48D1-ACB4-7213CD1E2752}.Debug|ARM.ActiveCfg = Debug|ARM
		{5977C351-2841-48D1-ACB4-7213CD1E2752}.Debug|ARM.Build.0 = Debug|ARM
		{5977C351-2841-48D1-ACB4-7213CD1E2752}.Debug|ARM.Deploy.0 = Debug|ARM
		{5977C351-2841-48D1-ACB4-7213CD1E2752}.Debug|ARM64.ActiveCfg = Debug|ARM64
		{5977C351-2841-48D1-ACB4-7213CD1E2752}.Debug|ARM64.Build.0 = Debug|ARM64
		{5977C351-2841-48D1-ACB4-7213CD1E2752}.Debug|ARM64.Deploy.0 = Debug|ARM64
		{5977C351-2841-48D1-ACB4-7213CD1E2752}.Debug|x64.ActiveCfg = Debug|x64
		{5977C351-2841-48D1-ACB4-7213CD1E2752}.Debug|x64.Build.0 = Debug|x64
		{5977C351-2841-48D1-ACB4-7213CD1E2752}.Debug|x64.Deploy.0 = Debug|x64
		{5977C351-2841-48D1-ACB4-7213CD1E2752}.Debug|x86.ActiveCfg = Debug|x86
		{5977C351-2841-48D1-ACB4-7213CD1E2752}.Debug|x86.Build.0 = Debug|x86
		{5977C351-2841-48D1-ACB4-7213CD1E2752}.Debug|x86.Deploy.0 = Debug|x86
		{5977C351-2841-48D1-ACB4-7213CD1E2752}.Release_Desktop|Any CPU.ActiveCfg = Release|Any CPU
		{5977C351-2841-48D1-ACB4-7213CD1E2752}.Release_Desktop|Any CPU.Build.0 = Release|Any CPU
		{5977C351-2841-48D1-ACB4-7213CD1E2752}.Release_Desktop|Any CPU.Deploy.0 = Release|Any CPU
		{5977C351-2841-48D1-ACB4-7213CD1E2752}.Release_Desktop|ARM.ActiveCfg = Release|ARM
		{5977C351-2841-48D1-ACB4-7213CD1E2752}.Release_Desktop|ARM.Build.0 = Release|ARM
		{5977C351-2841-48D1-ACB4-7213CD1E2752}.Release_Desktop|ARM.Deploy.0 = Release|ARM
		{5977C351-2841-48D1-ACB4-7213CD1E2752}.Release_Desktop|ARM64.ActiveCfg = Release|ARM64
		{5977C351-2841-48D1-ACB4-7213CD1E2752}.Release_Desktop|ARM64.Build.0 = Release|ARM64
		{5977C351-2841-48D1-ACB4-7213CD1E2752}.Release_Desktop|ARM64.Deploy.0 = Release|ARM64
		{5977C351-2841-48D1-ACB4-7213CD1E2752}.Release_Desktop|x64.ActiveCfg = Release|x64
		{5977C351-2841-48D1-ACB4-7213CD1E2752}.Release_Desktop|x64.Build.0 = Release|x64
		{5977C351-2841-48D1-ACB4-7213CD1E2752}.Release_Desktop|x64.Deploy.0 = Release|x64
		{5977C351-2841-48D1-ACB4-7213CD1E2752}.Release_Desktop|x86.ActiveCfg = Release|x86
		{5977C351-2841-48D1-ACB4-7213CD1E2752}.Release_Desktop|x86.Build.0 = Release|x86
		{5977C351-2841-48D1-ACB4-7213CD1E2752}.Release_Desktop|x86.Deploy.0 = Release|x86
		{5977C351-2841-48D1-ACB4-7213CD1E2752}.Release_UWP|Any CPU.ActiveCfg = Release|Any CPU
		{5977C351-2841-48D1-ACB4-7213CD1E2752}.Release_UWP|Any CPU.Build.0 = Release|Any CPU
		{5977C351-2841-48D1-ACB4-7213CD1E2752}.Release_UWP|Any CPU.Deploy.0 = Release|Any CPU
		{5977C351-2841-48D1-ACB4-7213CD1E2752}.Release_UWP|ARM.ActiveCfg = Release|ARM
		{5977C351-2841-48D1-ACB4-7213CD1E2752}.Release_UWP|ARM.Build.0 = Release|ARM
		{5977C351-2841-48D1-ACB4-7213CD1E2752}.Release_UWP|ARM.Deploy.0 = Release|ARM
		{5977C351-2841-48D1-ACB4-7213CD1E2752}.Release_UWP|ARM64.ActiveCfg = Release|ARM64
		{5977C351-2841-48D1-ACB4-7213CD1E2752}.Release_UWP|ARM64.Build.0 = Release|ARM64
		{5977C351-2841-48D1-ACB4-7213CD1E2752}.Release_UWP|ARM64.Deploy.0 = Release|ARM64
		{5977C351-2841-48D1-ACB4-7213CD1E2752}.Release_UWP|x64.ActiveCfg = Release|x64
		{5977C351-2841-48D1-ACB4-7213CD1E2752}.Release_UWP|x64.Build.0 = Release|x64
		{5977C351-2841-48D1-ACB4-7213CD1E2752}.Release_UWP|x64.Deploy.0 = Release|x64
		{5977C351-2841-48D1-ACB4-7213CD1E2752}.Release_UWP|x86.ActiveCfg = Release|x86
		{5977C351-2841-48D1-ACB4-7213CD1E2752}.Release_UWP|x86.Build.0 = Release|x86
		{5977C351-2841-48D1-ACB4-7213CD1E2752}.Release_UWP|x86.Deploy.0 = Release|x86
		{5977C351-2841-48D1-ACB4-7213CD1E2752}.Release|Any CPU.ActiveCfg = Release|Any CPU
		{5977C351-2841-48D1-ACB4-7213CD1E2752}.Release|Any CPU.Build.0 = Release|Any CPU
		{5977C351-2841-48D1-ACB4-7213CD1E2752}.Release|Any CPU.Deploy.0 = Release|Any CPU
		{5977C351-2841-48D1-ACB4-7213CD1E2752}.Release|ARM.ActiveCfg = Release|ARM
		{5977C351-2841-48D1-ACB4-7213CD1E2752}.Release|ARM.Build.0 = Release|ARM
		{5977C351-2841-48D1-ACB4-7213CD1E2752}.Release|ARM.Deploy.0 = Release|ARM
		{5977C351-2841-48D1-ACB4-7213CD1E2752}.Release|ARM64.ActiveCfg = Release|ARM64
		{5977C351-2841-48D1-ACB4-7213CD1E2752}.Release|ARM64.Build.0 = Release|ARM64
		{5977C351-2841-48D1-ACB4-7213CD1E2752}.Release|ARM64.Deploy.0 = Release|ARM64
		{5977C351-2841-48D1-ACB4-7213CD1E2752}.Release|x64.ActiveCfg = Release|x64
		{5977C351-2841-48D1-ACB4-7213CD1E2752}.Release|x64.Build.0 = Release|x64
		{5977C351-2841-48D1-ACB4-7213CD1E2752}.Release|x64.Deploy.0 = Release|x64
		{5977C351-2841-48D1-ACB4-7213CD1E2752}.Release|x86.ActiveCfg = Release|x86
		{5977C351-2841-48D1-ACB4-7213CD1E2752}.Release|x86.Build.0 = Release|x86
		{5977C351-2841-48D1-ACB4-7213CD1E2752}.Release|x86.Deploy.0 = Release|x86
		{46D79C78-F483-4319-A3D1-9D837A135BEF}.Debug_Desktop|Any CPU.ActiveCfg = Debug|Any CPU
		{46D79C78-F483-4319-A3D1-9D837A135BEF}.Debug_Desktop|Any CPU.Build.0 = Debug|Any CPU
		{46D79C78-F483-4319-A3D1-9D837A135BEF}.Debug_Desktop|ARM.ActiveCfg = Debug|ARM
		{46D79C78-F483-4319-A3D1-9D837A135BEF}.Debug_Desktop|ARM.Build.0 = Debug|ARM
		{46D79C78-F483-4319-A3D1-9D837A135BEF}.Debug_Desktop|ARM64.ActiveCfg = Debug|ARM64
		{46D79C78-F483-4319-A3D1-9D837A135BEF}.Debug_Desktop|ARM64.Build.0 = Debug|ARM64
		{46D79C78-F483-4319-A3D1-9D837A135BEF}.Debug_Desktop|x64.ActiveCfg = Debug|x64
		{46D79C78-F483-4319-A3D1-9D837A135BEF}.Debug_Desktop|x64.Build.0 = Debug|x64
		{46D79C78-F483-4319-A3D1-9D837A135BEF}.Debug_Desktop|x86.ActiveCfg = Debug|x86
		{46D79C78-F483-4319-A3D1-9D837A135BEF}.Debug_Desktop|x86.Build.0 = Debug|x86
		{46D79C78-F483-4319-A3D1-9D837A135BEF}.Debug_UWP|Any CPU.ActiveCfg = Debug|Any CPU
		{46D79C78-F483-4319-A3D1-9D837A135BEF}.Debug_UWP|Any CPU.Build.0 = Debug|Any CPU
		{46D79C78-F483-4319-A3D1-9D837A135BEF}.Debug_UWP|ARM.ActiveCfg = Debug|ARM
		{46D79C78-F483-4319-A3D1-9D837A135BEF}.Debug_UWP|ARM.Build.0 = Debug|ARM
		{46D79C78-F483-4319-A3D1-9D837A135BEF}.Debug_UWP|ARM64.ActiveCfg = Debug|ARM64
		{46D79C78-F483-4319-A3D1-9D837A135BEF}.Debug_UWP|ARM64.Build.0 = Debug|ARM64
		{46D79C78-F483-4319-A3D1-9D837A135BEF}.Debug_UWP|x64.ActiveCfg = Debug|x64
		{46D79C78-F483-4319-A3D1-9D837A135BEF}.Debug_UWP|x64.Build.0 = Debug|x64
		{46D79C78-F483-4319-A3D1-9D837A135BEF}.Debug_UWP|x86.ActiveCfg = Debug|x86
		{46D79C78-F483-4319-A3D1-9D837A135BEF}.Debug_UWP|x86.Build.0 = Debug|x86
		{46D79C78-F483-4319-A3D1-9D837A135BEF}.Debug|Any CPU.ActiveCfg = Debug|Any CPU
		{46D79C78-F483-4319-A3D1-9D837A135BEF}.Debug|Any CPU.Build.0 = Debug|Any CPU
		{46D79C78-F483-4319-A3D1-9D837A135BEF}.Debug|ARM.ActiveCfg = Debug|ARM
		{46D79C78-F483-4319-A3D1-9D837A135BEF}.Debug|ARM.Build.0 = Debug|ARM
		{46D79C78-F483-4319-A3D1-9D837A135BEF}.Debug|ARM64.ActiveCfg = Debug|ARM64
		{46D79C78-F483-4319-A3D1-9D837A135BEF}.Debug|ARM64.Build.0 = Debug|ARM64
		{46D79C78-F483-4319-A3D1-9D837A135BEF}.Debug|x64.ActiveCfg = Debug|x64
		{46D79C78-F483-4319-A3D1-9D837A135BEF}.Debug|x64.Build.0 = Debug|x64
		{46D79C78-F483-4319-A3D1-9D837A135BEF}.Debug|x86.ActiveCfg = Debug|x86
		{46D79C78-F483-4319-A3D1-9D837A135BEF}.Debug|x86.Build.0 = Debug|x86
		{46D79C78-F483-4319-A3D1-9D837A135BEF}.Release_Desktop|Any CPU.ActiveCfg = Release|Any CPU
		{46D79C78-F483-4319-A3D1-9D837A135BEF}.Release_Desktop|Any CPU.Build.0 = Release|Any CPU
		{46D79C78-F483-4319-A3D1-9D837A135BEF}.Release_Desktop|ARM.ActiveCfg = Release|ARM
		{46D79C78-F483-4319-A3D1-9D837A135BEF}.Release_Desktop|ARM.Build.0 = Release|ARM
		{46D79C78-F483-4319-A3D1-9D837A135BEF}.Release_Desktop|ARM64.ActiveCfg = Release|ARM64
		{46D79C78-F483-4319-A3D1-9D837A135BEF}.Release_Desktop|ARM64.Build.0 = Release|ARM64
		{46D79C78-F483-4319-A3D1-9D837A135BEF}.Release_Desktop|x64.ActiveCfg = Release|x64
		{46D79C78-F483-4319-A3D1-9D837A135BEF}.Release_Desktop|x64.Build.0 = Release|x64
		{46D79C78-F483-4319-A3D1-9D837A135BEF}.Release_Desktop|x86.ActiveCfg = Release|x86
		{46D79C78-F483-4319-A3D1-9D837A135BEF}.Release_Desktop|x86.Build.0 = Release|x86
		{46D79C78-F483-4319-A3D1-9D837A135BEF}.Release_UWP|Any CPU.ActiveCfg = Release|Any CPU
		{46D79C78-F483-4319-A3D1-9D837A135BEF}.Release_UWP|Any CPU.Build.0 = Release|Any CPU
		{46D79C78-F483-4319-A3D1-9D837A135BEF}.Release_UWP|ARM.ActiveCfg = Release|ARM
		{46D79C78-F483-4319-A3D1-9D837A135BEF}.Release_UWP|ARM.Build.0 = Release|ARM
		{46D79C78-F483-4319-A3D1-9D837A135BEF}.Release_UWP|ARM64.ActiveCfg = Release|ARM64
		{46D79C78-F483-4319-A3D1-9D837A135BEF}.Release_UWP|ARM64.Build.0 = Release|ARM64
		{46D79C78-F483-4319-A3D1-9D837A135BEF}.Release_UWP|x64.ActiveCfg = Release|x64
		{46D79C78-F483-4319-A3D1-9D837A135BEF}.Release_UWP|x64.Build.0 = Release|x64
		{46D79C78-F483-4319-A3D1-9D837A135BEF}.Release_UWP|x86.ActiveCfg = Release|x86
		{46D79C78-F483-4319-A3D1-9D837A135BEF}.Release_UWP|x86.Build.0 = Release|x86
		{46D79C78-F483-4319-A3D1-9D837A135BEF}.Release|Any CPU.ActiveCfg = Release|Any CPU
		{46D79C78-F483-4319-A3D1-9D837A135BEF}.Release|Any CPU.Build.0 = Release|Any CPU
		{46D79C78-F483-4319-A3D1-9D837A135BEF}.Release|ARM.ActiveCfg = Release|ARM
		{46D79C78-F483-4319-A3D1-9D837A135BEF}.Release|ARM.Build.0 = Release|ARM
		{46D79C78-F483-4319-A3D1-9D837A135BEF}.Release|ARM64.ActiveCfg = Release|ARM64
		{46D79C78-F483-4319-A3D1-9D837A135BEF}.Release|ARM64.Build.0 = Release|ARM64
		{46D79C78-F483-4319-A3D1-9D837A135BEF}.Release|x64.ActiveCfg = Release|x64
		{46D79C78-F483-4319-A3D1-9D837A135BEF}.Release|x64.Build.0 = Release|x64
		{46D79C78-F483-4319-A3D1-9D837A135BEF}.Release|x86.ActiveCfg = Release|x86
		{46D79C78-F483-4319-A3D1-9D837A135BEF}.Release|x86.Build.0 = Release|x86
		{9CFA3B3E-B7AF-4629-84E2-C962C5B046B1}.Debug_Desktop|Any CPU.ActiveCfg = Debug_Desktop|x64
		{9CFA3B3E-B7AF-4629-84E2-C962C5B046B1}.Debug_Desktop|Any CPU.Build.0 = Debug_Desktop|x64
		{9CFA3B3E-B7AF-4629-84E2-C962C5B046B1}.Debug_Desktop|ARM.ActiveCfg = Debug_Desktop|ARM
		{9CFA3B3E-B7AF-4629-84E2-C962C5B046B1}.Debug_Desktop|ARM.Build.0 = Debug_Desktop|ARM
		{9CFA3B3E-B7AF-4629-84E2-C962C5B046B1}.Debug_Desktop|ARM64.ActiveCfg = Debug_Desktop|ARM64
		{9CFA3B3E-B7AF-4629-84E2-C962C5B046B1}.Debug_Desktop|ARM64.Build.0 = Debug_Desktop|ARM64
		{9CFA3B3E-B7AF-4629-84E2-C962C5B046B1}.Debug_Desktop|x64.ActiveCfg = Debug_Desktop|x64
		{9CFA3B3E-B7AF-4629-84E2-C962C5B046B1}.Debug_Desktop|x64.Build.0 = Debug_Desktop|x64
		{9CFA3B3E-B7AF-4629-84E2-C962C5B046B1}.Debug_Desktop|x86.ActiveCfg = Debug_Desktop|Win32
		{9CFA3B3E-B7AF-4629-84E2-C962C5B046B1}.Debug_Desktop|x86.Build.0 = Debug_Desktop|Win32
		{9CFA3B3E-B7AF-4629-84E2-C962C5B046B1}.Debug_UWP|Any CPU.ActiveCfg = Debug_UWP|x64
		{9CFA3B3E-B7AF-4629-84E2-C962C5B046B1}.Debug_UWP|Any CPU.Build.0 = Debug_UWP|x64
		{9CFA3B3E-B7AF-4629-84E2-C962C5B046B1}.Debug_UWP|ARM.ActiveCfg = Debug_UWP|ARM
		{9CFA3B3E-B7AF-4629-84E2-C962C5B046B1}.Debug_UWP|ARM.Build.0 = Debug_UWP|ARM
		{9CFA3B3E-B7AF-4629-84E2-C962C5B046B1}.Debug_UWP|ARM64.ActiveCfg = Debug_UWP|ARM64
		{9CFA3B3E-B7AF-4629-84E2-C962C5B046B1}.Debug_UWP|ARM64.Build.0 = Debug_UWP|ARM64
		{9CFA3B3E-B7AF-4629-84E2-C962C5B046B1}.Debug_UWP|x64.ActiveCfg = Debug_UWP|x64
		{9CFA3B3E-B7AF-4629-84E2-C962C5B046B1}.Debug_UWP|x64.Build.0 = Debug_UWP|x64
		{9CFA3B3E-B7AF-4629-84E2-C962C5B046B1}.Debug_UWP|x86.ActiveCfg = Debug_UWP|Win32
		{9CFA3B3E-B7AF-4629-84E2-C962C5B046B1}.Debug_UWP|x86.Build.0 = Debug_UWP|Win32
		{9CFA3B3E-B7AF-4629-84E2-C962C5B046B1}.Debug|Any CPU.ActiveCfg = Debug_UWP|x64
		{9CFA3B3E-B7AF-4629-84E2-C962C5B046B1}.Debug|Any CPU.Build.0 = Debug_UWP|x64
		{9CFA3B3E-B7AF-4629-84E2-C962C5B046B1}.Debug|ARM.ActiveCfg = Debug_UWP|ARM
		{9CFA3B3E-B7AF-4629-84E2-C962C5B046B1}.Debug|ARM.Build.0 = Debug_UWP|ARM
		{9CFA3B3E-B7AF-4629-84E2-C962C5B046B1}.Debug|ARM64.ActiveCfg = Debug_UWP|ARM64
		{9CFA3B3E-B7AF-4629-84E2-C962C5B046B1}.Debug|ARM64.Build.0 = Debug_UWP|ARM64
		{9CFA3B3E-B7AF-4629-84E2-C962C5B046B1}.Debug|x64.ActiveCfg = Debug_UWP|x64
		{9CFA3B3E-B7AF-4629-84E2-C962C5B046B1}.Debug|x64.Build.0 = Debug_UWP|x64
		{9CFA3B3E-B7AF-4629-84E2-C962C5B046B1}.Debug|x86.ActiveCfg = Debug_UWP|Win32
		{9CFA3B3E-B7AF-4629-84E2-C962C5B046B1}.Debug|x86.Build.0 = Debug_UWP|Win32
		{9CFA3B3E-B7AF-4629-84E2-C962C5B046B1}.Release_Desktop|Any CPU.ActiveCfg = Release_Desktop|x64
		{9CFA3B3E-B7AF-4629-84E2-C962C5B046B1}.Release_Desktop|Any CPU.Build.0 = Release_Desktop|x64
		{9CFA3B3E-B7AF-4629-84E2-C962C5B046B1}.Release_Desktop|ARM.ActiveCfg = Release_Desktop|ARM
		{9CFA3B3E-B7AF-4629-84E2-C962C5B046B1}.Release_Desktop|ARM.Build.0 = Release_Desktop|ARM
		{9CFA3B3E-B7AF-4629-84E2-C962C5B046B1}.Release_Desktop|ARM64.ActiveCfg = Release_Desktop|ARM64
		{9CFA3B3E-B7AF-4629-84E2-C962C5B046B1}.Release_Desktop|ARM64.Build.0 = Release_Desktop|ARM64
		{9CFA3B3E-B7AF-4629-84E2-C962C5B046B1}.Release_Desktop|x64.ActiveCfg = Release_Desktop|x64
		{9CFA3B3E-B7AF-4629-84E2-C962C5B046B1}.Release_Desktop|x64.Build.0 = Release_Desktop|x64
		{9CFA3B3E-B7AF-4629-84E2-C962C5B046B1}.Release_Desktop|x86.ActiveCfg = Release_Desktop|Win32
		{9CFA3B3E-B7AF-4629-84E2-C962C5B046B1}.Release_Desktop|x86.Build.0 = Release_Desktop|Win32
		{9CFA3B3E-B7AF-4629-84E2-C962C5B046B1}.Release_UWP|Any CPU.ActiveCfg = Release_UWP|x64
		{9CFA3B3E-B7AF-4629-84E2-C962C5B046B1}.Release_UWP|Any CPU.Build.0 = Release_UWP|x64
		{9CFA3B3E-B7AF-4629-84E2-C962C5B046B1}.Release_UWP|ARM.ActiveCfg = Release_UWP|ARM
		{9CFA3B3E-B7AF-4629-84E2-C962C5B046B1}.Release_UWP|ARM.Build.0 = Release_UWP|ARM
		{9CFA3B3E-B7AF-4629-84E2-C962C5B046B1}.Release_UWP|ARM64.ActiveCfg = Release_UWP|ARM64
		{9CFA3B3E-B7AF-4629-84E2-C962C5B046B1}.Release_UWP|ARM64.Build.0 = Release_UWP|ARM64
		{9CFA3B3E-B7AF-4629-84E2-C962C5B046B1}.Release_UWP|x64.ActiveCfg = Release_UWP|x64
		{9CFA3B3E-B7AF-4629-84E2-C962C5B046B1}.Release_UWP|x64.Build.0 = Release_UWP|x64
		{9CFA3B3E-B7AF-4629-84E2-C962C5B046B1}.Release_UWP|x86.ActiveCfg = Release_UWP|Win32
		{9CFA3B3E-B7AF-4629-84E2-C962C5B046B1}.Release_UWP|x86.Build.0 = Release_UWP|Win32
		{9CFA3B3E-B7AF-4629-84E2-C962C5B046B1}.Release|Any CPU.ActiveCfg = Release_UWP|x64
		{9CFA3B3E-B7AF-4629-84E2-C962C5B046B1}.Release|Any CPU.Build.0 = Release_UWP|x64
		{9CFA3B3E-B7AF-4629-84E2-C962C5B046B1}.Release|ARM.ActiveCfg = Release_UWP|ARM
		{9CFA3B3E-B7AF-4629-84E2-C962C5B046B1}.Release|ARM.Build.0 = Release_UWP|ARM
		{9CFA3B3E-B7AF-4629-84E2-C962C5B046B1}.Release|ARM64.ActiveCfg = Release_UWP|ARM64
		{9CFA3B3E-B7AF-4629-84E2-C962C5B046B1}.Release|ARM64.Build.0 = Release_UWP|ARM64
		{9CFA3B3E-B7AF-4629-84E2-C962C5B046B1}.Release|x64.ActiveCfg = Release_UWP|x64
		{9CFA3B3E-B7AF-4629-84E2-C962C5B046B1}.Release|x64.Build.0 = Release_UWP|x64
		{9CFA3B3E-B7AF-4629-84E2-C962C5B046B1}.Release|x86.ActiveCfg = Release_UWP|Win32
		{9CFA3B3E-B7AF-4629-84E2-C962C5B046B1}.Release|x86.Build.0 = Release_UWP|Win32
	EndGlobalSection
	GlobalSection(SolutionProperties) = preSolution
		HideSolutionNode = FALSE
	EndGlobalSection
	GlobalSection(ExtensibilityGlobals) = postSolution
		RESX_EnableXlifSync = False
		SolutionGuid = {A6A15B98-A3D8-4053-843B-10AFB810500C}
	EndGlobalSection
EndGlobal
