{
  "version": 1,
  "dependencies": {
    "UAP,Version=v10.0.18362": {
      "CommunityToolkit.Uwp.Animations": {
        "type": "Direct",
        "requested": "[8.0.230907, )",
        "resolved": "8.0.230907",
        "contentHash": "vKL9nTlc5hOXxRe1mukkv8TOFb+zMtT5HpJdv/xZ+EkzQkahMIBKl7XMFmDUj/j9wzeKKte0u/BanAFdPVfpHw==",
        "dependencies": {
          "CommunityToolkit.Uwp.Extensions": "8.0.230907",
          "Microsoft.UI.Xaml": "2.7.0"
        }
      },
      "CommunityToolkit.Uwp.Behaviors": {
        "type": "Direct",
        "requested": "[8.0.230907, )",
        "resolved": "8.0.230907",
        "contentHash": "Mv3vG/3jE4GJweyr9D11vtNH/XvYlsCtMSe9JIQFcRBiQ0EqdjX3PcQJc8LQZw6iX9yyZQFmJ3j4MeoncX2/QQ==",
        "dependencies": {
          "CommunityToolkit.Uwp.Animations": "8.0.230907",
          "CommunityToolkit.Uwp.Extensions": "8.0.230907",
          "Microsoft.UI.Xaml": "2.7.0",
          "Microsoft.Xaml.Behaviors.Uwp.Managed": "2.0.1"
        }
      },
      "CommunityToolkit.Uwp.Controls.Primitives": {
        "type": "Direct",
        "requested": "[8.0.230907, )",
        "resolved": "8.0.230907",
        "contentHash": "MfL/DgFewZA4qPHPfL00pRjepX7UAhGXvnupOMorREvK4r78s0sm1q2kPP0Mu8k5HUvahdX0gGHx+HBz7Ip8vw==",
        "dependencies": {
          "CommunityToolkit.Uwp.Extensions": "8.0.230907",
          "Microsoft.UI.Xaml": "2.7.0"
        }
      },
      "CommunityToolkit.Uwp.Controls.SettingsControls": {
        "type": "Direct",
        "requested": "[8.0.230907, )",
        "resolved": "8.0.230907",
        "contentHash": "hT0nZT6wjZtOMDJMgzyaGWQYB/4OQXu2S9n/wPcqyw84BzAL9G9w3wDU7YLRKiTYkTnCxLnXVyZ1J5+anK4FwQ==",
        "dependencies": {
          "CommunityToolkit.Uwp.Triggers": "8.0.230907",
          "Microsoft.UI.Xaml": "2.7.0"
        }
      },
      "CommunityToolkit.Uwp.Converters": {
        "type": "Direct",
        "requested": "[8.0.230907, )",
        "resolved": "8.0.230907",
        "contentHash": "lkrDD7UuUAg5xaX0Hcnz/+vf1vJUJrz32XHCz2Anwg0cibbMJcU7fWSQvc6vozz03E9+NFU07Ti7U7h8iNy0wA==",
        "dependencies": {
          "CommunityToolkit.Common": "8.2.1",
          "Microsoft.UI.Xaml": "2.7.0"
        }
      },
      "CommunityToolkit.Uwp.Extensions": {
        "type": "Direct",
        "requested": "[8.0.230907, )",
        "resolved": "8.0.230907",
        "contentHash": "QCvkPS4TCoxeihp7nfmhQr6LgH8VF0ERN8DNwICgd/BlAAUYI/JBMA5fOfuf8veO53MWpW1qGtz5xXtodD/zaw==",
        "dependencies": {
          "CommunityToolkit.Common": "8.2.1",
          "Microsoft.UI.Xaml": "2.7.0"
        }
      },
      "Microsoft.AppCenter.Analytics": {
        "type": "Direct",
        "requested": "[5.0.2, )",
        "resolved": "5.0.2",
        "contentHash": "yDLYtsf+nmLdwLp49zyhJ+hibV4E2W1zNkFkSH5sot4kL+o+pnn0UUzr+OHobxJDlAC8qnhXvidtgs0pTndYkw==",
        "dependencies": {
          "Microsoft.AppCenter": "5.0.2"
        }
      },
      "Microsoft.AppCenter.Crashes": {
        "type": "Direct",
        "requested": "[5.0.2, )",
        "resolved": "5.0.2",
        "contentHash": "v20yNCKbP3j6l0BcUjU9C9IZsl5Gq6vv+VXPzMV4W04j/Nsmn7WKKxoYqe5a0Djxm5vKCkVxTftQt/eQ0r3ZSw==",
        "dependencies": {
          "Microsoft.AppCenter": "5.0.2",
          "System.Reflection.Metadata": "1.7.0"
        }
      },
      "Microsoft.Extensions.DependencyInjection": {
        "type": "Direct",
        "requested": "[7.0.0, )",
        "resolved": "7.0.0",
        "contentHash": "elNeOmkeX3eDVG6pYVeV82p29hr+UKDaBhrZyWvWLw/EVZSYEkZlQdkp0V39k/Xehs2Qa0mvoCvkVj3eQxNQ1Q==",
        "dependencies": {
          "Microsoft.Bcl.AsyncInterfaces": "7.0.0",
          "Microsoft.Extensions.DependencyInjection.Abstractions": "7.0.0",
          "System.Threading.Tasks.Extensions": "4.5.4"
        }
      },
      "Microsoft.NETCore.UniversalWindowsPlatform": {
        "type": "Direct",
        "requested": "[6.2.14, )",
        "resolved": "6.2.14",
        "contentHash": "20T91+/vQhL8c//GFU9qkNnys2BVdzAr9smULuP4p9csXwYjuoqxwAjNxLH0FvApGdB3s0sGhHkSeLg3IQBdMw==",
        "dependencies": {
          "Microsoft.NETCore.Platforms": "2.1.0",
          "Microsoft.Net.Native.Compiler": "2.2.12-rel-31116-00",
          "Microsoft.Net.UWPCoreRuntimeSdk": "2.2.14",
          "NETStandard.Library": "2.0.3"
        }
      },
      "Microsoft.UI.Xaml": {
        "type": "Direct",
        "requested": "[2.8.5, )",
        "resolved": "2.8.5",
        "contentHash": "R+LsMZ3+Vj6hUqy2c9D6/ZwgAqbw0aAiRNt51NTNv/8pdW3CBqf4ngastI31/IUdUs1tuihYqjQ5AjTIx9BDBA==",
        "dependencies": {
          "Microsoft.Web.WebView2": "1.0.1264.42"
        }
      },
      "Microsoft.Xaml.Behaviors.Uwp.Managed": {
        "type": "Direct",
        "requested": "[2.0.1, )",
        "resolved": "2.0.1",
        "contentHash": "apwpIX7KU6//EzgbKmsoCPD2nLO8x+evVStxRr+Rjt8K1jw7ixuo8yHOSwpyt6K8MSLYONZP94cxC9Qbg8GIqQ=="
      },
      "ReswPlusLib": {
        "type": "Direct",
        "requested": "[2.0.0, )",
        "resolved": "2.0.0",
        "contentHash": "zbgQieRrpin1Dy4ddUcRIrvgsD/WIrof2U7lmuCGD+9A9FDwsTayOvfq4qqvPFMc5fwBN4RdM7ER6hz0t5o8Jg==",
        "dependencies": {
          "Microsoft.NETCore.UniversalWindowsPlatform": "5.0.0"
        }
      },
      "VideoLAN.LibVLC.UWP": {
        "type": "Direct",
        "requested": "[3.3.2, )",
        "resolved": "3.3.2",
        "contentHash": "VOdfDFXIuaF1lPzB3K5BkQ7QKVSOQ8qIU79r/N3amWhDsVnLFROJUSgoZ9eHj5G80gjEshCV3zr/Mv0jgjJ/KA=="
      },
      "CommunityToolkit.Common": {
        "type": "Transitive",
        "resolved": "8.2.1",
        "contentHash": "LWuhy8cQKJ/MYcy3XafJ916U3gPH/YDvYoNGWyQWN11aiEKCZszzPOTJAOvBjP9yG8vHmIcCyPUt4L82OK47Iw=="
      },
      "CommunityToolkit.Diagnostics": {
        "type": "Transitive",
        "resolved": "8.2.1",
        "contentHash": "s8URwNarXZZLDtVf9B1AvdKMYg4tNFEuikjrMJYlwgAdSoQT0Y7W8mCYA2o2H+dKiCRVLJUXBdxflk/+QS9QBg==",
        "dependencies": {
          "System.Memory": "4.5.5"
        }
      },
      "CommunityToolkit.Mvvm": {
        "type": "Transitive",
        "resolved": "8.2.1",
        "contentHash": "I24ofWVEdplxYjUez9/bljv/qb8r8Ccj6cvYXHexNBegLaD3iDy3QrzAAOYVMmfGWIXxlU1ZtECQNfU07+6hXQ==",
        "dependencies": {
          "Microsoft.Bcl.AsyncInterfaces": "7.0.0",
          "System.ComponentModel.Annotations": "5.0.0",
          "System.Memory": "4.5.5",
          "System.Runtime.CompilerServices.Unsafe": "6.0.0"
        }
      },
      "CommunityToolkit.Uwp.Helpers": {
        "type": "Transitive",
        "resolved": "8.0.230907",
        "contentHash": "QHYjl4WUtq9eSiCVzXf37Huj//d3/iFpAhz/30S/KoV37VCKf8SptolY7JXppnH30orfh9UvtYutwa5wX978zw==",
        "dependencies": {
          "CommunityToolkit.Uwp.Extensions": "8.0.230907",
          "Microsoft.UI.Xaml": "2.7.0"
        }
      },
      "CommunityToolkit.Uwp.Triggers": {
        "type": "Transitive",
        "resolved": "8.0.230907",
        "contentHash": "aiomxs8hvs6L0f8i/GQq/dhQpas9mqrF1w8yQfqT2kJuEBmG7VW67RKlUI8a/sVBwq8ScuKKoj/Jw26pOsYZ7A==",
        "dependencies": {
          "CommunityToolkit.Uwp.Helpers": "8.0.230907",
          "Microsoft.UI.Xaml": "2.7.0"
        }
      },
      "LibVLCSharp": {
        "type": "Transitive",
        "resolved": "3.7.0",
        "contentHash": "N9NV+BamKr+1YiRktX9JroE4m9C+pEszUNW4qa3A5mychhCWBvvoDolZKWk2yxhZvHewgaXXahBcw5ivCXjKYA==",
        "dependencies": {
          "SharpDX.Direct3D11": "4.2.0",
          "System.Memory": "4.5.4",
          "System.ValueTuple": "4.5.0"
        }
      },
      "Microsoft.AppCenter": {
        "type": "Transitive",
        "resolved": "5.0.2",
        "contentHash": "AIxHDJsNpjvF7Gp+JU7N+iiSCKETzNCUD+SLt4LsgUc3NGo9FhPxqqJJxhN9RWSSFEtxKwCniPtBYqvjJLMS3w==",
        "dependencies": {
          "Microsoft.NETCore.UniversalWindowsPlatform": "6.2.8",
          "Newtonsoft.Json": "13.0.2",
          "SQLitePCLRaw.bundle_green": "2.1.0"
        }
      },
      "Microsoft.Bcl.AsyncInterfaces": {
        "type": "Transitive",
        "resolved": "7.0.0",
        "contentHash": "3aeMZ1N0lJoSyzqiP03hqemtb1BijhsJADdobn/4nsMJ8V1H+CrpuduUe4hlRdx+ikBQju1VGjMD1GJ3Sk05Eg==",
        "dependencies": {
          "System.Threading.Tasks.Extensions": "4.5.4"
        }
      },
      "Microsoft.Extensions.DependencyInjection.Abstractions": {
        "type": "Transitive",
        "resolved": "7.0.0",
        "contentHash": "h3j/QfmFN4S0w4C2A6X7arXij/M/OVw3uQHSOFxnND4DyAzO1F9eMX7Eti7lU/OkSthEE0WzRsfT/Dmx86jzCw==",
        "dependencies": {
          "Microsoft.Bcl.AsyncInterfaces": "7.0.0",
          "System.Threading.Tasks.Extensions": "4.5.4"
        }
      },
      "Microsoft.Net.Native.Compiler": {
        "type": "Transitive",
        "resolved": "2.2.12-rel-31116-00",
        "contentHash": "91INue1M3Zap/S6yaglXMEq1UvirknZmzwFZiP0fs3Su5MhWUEJoBJK3BsPsiImnII2NGhrYKrJd+QW7zfClyA==",
        "dependencies": {
          "runtime.win10-arm.Microsoft.Net.Native.Compiler": "2.2.12-rel-31116-00",
          "runtime.win10-arm64.Microsoft.Net.Native.Compiler": "2.2.12-rel-31116-00",
          "runtime.win10-x64.Microsoft.Net.Native.Compiler": "2.2.12-rel-31116-00",
          "runtime.win10-x86.Microsoft.Net.Native.Compiler": "2.2.12-rel-31116-00"
        }
      },
      "Microsoft.Net.UWPCoreRuntimeSdk": {
        "type": "Transitive",
        "resolved": "2.2.14",
        "contentHash": "qPR/lie8X3I82ZnZbdqyl27Z/J9mJapSEbnz7CX4kGgc5LNwjoLlUnaQjilDQsTcYfmSg8EcvcLJy9mBSY+GVA==",
        "dependencies": {
          "runtime.win10-arm.Microsoft.Net.UWPCoreRuntimeSdk": "2.2.14",
          "runtime.win10-x64.Microsoft.Net.UWPCoreRuntimeSdk": "2.2.14",
          "runtime.win10-x86.Microsoft.Net.UWPCoreRuntimeSdk": "2.2.14"
        }
      },
      "Microsoft.NETCore.Platforms": {
        "type": "Transitive",
        "resolved": "2.1.0",
        "contentHash": "GmkKfoyerqmsHMn7OZj0AKpcBabD+GaafqphvX2Mw406IwiJRy1pKcKqdCfKJfYmkRyJ6+e+RaUylgdJoDa1jQ=="
      },
      "Microsoft.Web.WebView2": {
        "type": "Transitive",
        "resolved": "1.0.1264.42",
        "contentHash": "7OBUTkzQ5VI/3gb0ufi5U4zjuCowAJwQg2li0zXXzqkM+S1kmOlivTy1R4jAW+gY5Vyg510M+qMAESCQUjrfgA=="
      },
      "NETStandard.Library": {
        "type": "Transitive",
        "resolved": "2.0.3",
        "contentHash": "548M6mnBSJWxsIlkQHfbzoYxpiYFXZZSL00p4GHYv8PkiqFBnnT68mW5mGEsA/ch9fDO9GkPgkFQpWiXZN7mAQ==",
        "dependencies": {
          "Microsoft.NETCore.Platforms": "1.1.0"
        }
      },
      "Newtonsoft.Json": {
        "type": "Transitive",
        "resolved": "13.0.2",
        "contentHash": "R2pZ3B0UjeyHShm9vG+Tu0EBb2lC8b0dFzV9gVn50ofHXh9Smjk6kTn7A/FdAsC8B5cKib1OnGYOXxRBz5XQDg=="
      },
      "protobuf-net": {
        "type": "Transitive",
        "resolved": "3.1.33",
        "contentHash": "tv6wc8QvCjGOY/grQ/irxUWqRtHpVzOLY87+jvINxYOD5n0o4TX9RukJ/FRkVyMeQtLLhf/0okQFb4rQgoWt8A==",
        "dependencies": {
          "System.Reflection.Emit": "4.7.0",
          "System.Reflection.Emit.Lightweight": "4.7.0",
          "protobuf-net.Core": "3.1.33"
        }
      },
      "protobuf-net.Core": {
        "type": "Transitive",
        "resolved": "3.1.33",
        "contentHash": "uq+KLED4Mwx1BnTE5TTtawQgaCRpajcbRKaYsEbY5biWWK1O5+rCBTd6+9EpK6CYxd2POUHkpwTslPs4SCoHOw==",
        "dependencies": {
          "System.Collections.Immutable": "1.7.1",
          "System.Memory": "4.5.5"
        }
      },
      "runtime.win10-arm.Microsoft.Net.Native.Compiler": {
        "type": "Transitive",
        "resolved": "2.2.12-rel-31116-00",
        "contentHash": "s2CrbBYdAZa9aR4dlq2sOfJrRf4uOZHgEYGmWyxW4mz+//0vlGSJxUYAiKUotMwa4+fu+PAh2ANKRdU9o06C3w==",
        "dependencies": {
          "runtime.win10-arm.Microsoft.Net.Native.SharedLibrary": "2.2.8-rel-31116-00"
        }
      },
      "runtime.win10-arm.Microsoft.Net.Native.SharedLibrary": {
        "type": "Transitive",
        "resolved": "2.2.8-rel-31116-00",
        "contentHash": "3F8B17d60HssS/BBlmRs4X8TuvOVRRQjSP8uOhTweZS1ZsmlreKqV9YPXwyN0kpu32StTdqYIt1i9vV4nZZoOQ=="
      },
      "runtime.win10-arm.Microsoft.Net.UWPCoreRuntimeSdk": {
        "type": "Transitive",
        "resolved": "2.2.14",
        "contentHash": "gr1abg5qNrM14Ng9NTFuzY/A3BLDQFfWrKgjmzr6AlhUsq/QZ7Hny62rLZ3ONVHSN0Bo0QuwKe2KLmBTLTyItg=="
      },
      "runtime.win10-arm64.Microsoft.Net.Native.Compiler": {
        "type": "Transitive",
        "resolved": "2.2.12-rel-31116-00",
        "contentHash": "ELSl50UCnJSPeSfwRnXe4S+Ito58dpWhm6pEyxtIMiiuLcJsfr7rTxPR05Pijta5ru4KZu0or5PUePjGgKyC2A==",
        "dependencies": {
          "runtime.win10-arm64.Microsoft.Net.Native.SharedLibrary": "2.2.8-rel-31116-00"
        }
      },
      "runtime.win10-arm64.Microsoft.Net.Native.SharedLibrary": {
        "type": "Transitive",
        "resolved": "2.2.8-rel-31116-00",
        "contentHash": "mkSKguVkHl8W7/uS8SgXz5t7aI4QvF7BPd+WzcdOdMU5g/gnXmcWZAlSr1RrSTjTS1P3sxOE15XMFJs0nPCI8w=="
      },
      "runtime.win10-x64.Microsoft.Net.Native.Compiler": {
        "type": "Transitive",
        "resolved": "2.2.12-rel-31116-00",
        "contentHash": "ZRYTWtC+lManfqDHmIpqlv/UG6nQfn4URqMEmoc1k/DI1pMBo4jCov5VoFIGHHd1/AXXsK6Hdd2TDbexH0PozQ==",
        "dependencies": {
          "runtime.win10-x64.Microsoft.Net.Native.SharedLibrary": "2.2.8-rel-31116-00"
        }
      },
      "runtime.win10-x64.Microsoft.Net.Native.SharedLibrary": {
        "type": "Transitive",
        "resolved": "2.2.8-rel-31116-00",
        "contentHash": "pt7vQLpa95Cpif7oHXkLPsvcJ6tfdc8bvOxiJzjXlTTOjefsX4xmkSU+buuu/KbE8YDs1VEyxu0zcjpIMuVkmQ=="
      },
      "runtime.win10-x64.Microsoft.Net.UWPCoreRuntimeSdk": {
        "type": "Transitive",
        "resolved": "2.2.14",
        "contentHash": "LQ+8pXMZVsd1yEzcYHZvSKTbjjnLZYj5tWCOAOcgzF9ojX8+geT35rAcndhCRJAeAvARgv9/7yapnK86UPzpyQ=="
      },
      "runtime.win10-x86.Microsoft.Net.Native.Compiler": {
        "type": "Transitive",
        "resolved": "2.2.12-rel-31116-00",
        "contentHash": "hVlpnwSdqYizm+nigl3t3/fVd/D0COJ4doLJIa66GkNmPSL5VeHCPAynZi+oO9rqCFKDX+Tmbn+NO9zygWJB/A==",
        "dependencies": {
          "runtime.win10-x86.Microsoft.Net.Native.SharedLibrary": "2.2.8-rel-31116-00"
        }
      },
      "runtime.win10-x86.Microsoft.Net.Native.SharedLibrary": {
        "type": "Transitive",
        "resolved": "2.2.8-rel-31116-00",
        "contentHash": "A7J5S5ZZZCXexFp6xXG2CaMwZPSahpPdorzx6VbWJzfHDU0x1VvulYd8hSfi/KtJ/fG0tr8mpdnT7NZsrXP7+g=="
      },
      "runtime.win10-x86.Microsoft.Net.UWPCoreRuntimeSdk": {
        "type": "Transitive",
        "resolved": "2.2.14",
        "contentHash": "3JRNswnc8LnxAofuv5hq9iRAnZ49w2J5DK/JaLL2uSFRRnaCS9atpXBG+EdpbJHyJxRxDPslkRLkH5ZUOIaCwQ=="
      },
      "SharpDX": {
        "type": "Transitive",
        "resolved": "4.2.0",
        "contentHash": "3pv0LFMvfK/dv1qISJnn8xBeeT6R/FRvr0EV4KI2DGsL84Qlv6P7isWqxGyU0LCwlSVCJN3jgHJ4Bl0KI2PJww==",
        "dependencies": {
          "Microsoft.NETCore.UniversalWindowsPlatform": "6.0.8"
        }
      },
      "SharpDX.Direct3D11": {
        "type": "Transitive",
        "resolved": "4.2.0",
        "contentHash": "oTm/iT5X/IIuJ8kNYP+DTC/MhBhqtRF5dbgPPFgLBdQv0BKzNTzXQQXd7SveBFjQg6hXEAJ2jGCAzNYvGFc9LA==",
        "dependencies": {
          "Microsoft.NETCore.UniversalWindowsPlatform": "6.0.8",
          "SharpDX": "4.2.0",
          "SharpDX.DXGI": "4.2.0"
        }
      },
      "SharpDX.DXGI": {
        "type": "Transitive",
        "resolved": "4.2.0",
        "contentHash": "UjKqkgWc8U+SP+j3LBzFP6OB6Ntapjih7Xo+g1rLcsGbIb5KwewBrBChaUu7sil8rWoeVU/k0EJd3SMN4VqNZw==",
        "dependencies": {
          "Microsoft.NETCore.UniversalWindowsPlatform": "6.0.8",
          "SharpDX": "4.2.0"
        }
      },
      "SQLitePCLRaw.bundle_green": {
        "type": "Transitive",
        "resolved": "2.1.0",
        "contentHash": "VPLK8FzWwJ1RkAWClYOBmjlzFZbz9ME6pdmz0oCoZw736/oIdKldzTxz8S1YGielxYxGHDdK5FczZTOs8LUbbQ==",
        "dependencies": {
          "SQLitePCLRaw.lib.e_sqlite3": "2.1.0",
          "SQLitePCLRaw.provider.e_sqlite3": "2.1.0"
        }
      },
      "SQLitePCLRaw.core": {
        "type": "Transitive",
        "resolved": "2.1.0",
        "contentHash": "6khRuPd6ScBUQzV9bti+OtwqwFsMMgJzibhvbgiAIFVQhrowFOCM/Zq0xm00+nVEgEfPwWEOLhYvxs/5j+zAcg==",
        "dependencies": {
          "System.Memory": "4.5.3"
        }
      },
      "SQLitePCLRaw.lib.e_sqlite3": {
        "type": "Transitive",
        "resolved": "2.1.0",
        "contentHash": "7p5ltRKUA/uScNRnd20Rg1c7cC4nWwUQIXRFITIR1G0wNCnJ9bj060VanPh2J352KOHpZ3CEOJKu3dMfyY4YMQ=="
      },
      "SQLitePCLRaw.provider.e_sqlite3": {
        "type": "Transitive",
        "resolved": "2.1.0",
        "contentHash": "OwvGO4R0ujrdtTiIAiCN7C+2yVcLHtaF1ykcVe/Fb5KDqm1vfUxWinNYvw0S7NchpfTvR/9V9yugzqYTIvtTyA==",
        "dependencies": {
          "SQLitePCLRaw.core": "2.1.0"
        }
      },
      "System.Collections.Immutable": {
        "type": "Transitive",
        "resolved": "1.7.1",
        "contentHash": "B43Zsz5EfMwyEbnObwRxW5u85fzJma3lrDeGcSAV1qkhSRTNY5uXAByTn9h9ddNdhM+4/YoLc/CI43umjwIl9Q==",
        "dependencies": {
          "System.Memory": "4.5.4"
        }
      },
      "System.ComponentModel.Annotations": {
        "type": "Transitive",
        "resolved": "5.0.0",
        "contentHash": "dMkqfy2el8A8/I76n2Hi1oBFEbG1SfxD2l5nhwXV3XjlnOmwxJlQbYpJH4W51odnU9sARCSAgv7S3CyAFMkpYg=="
      },
      "System.Memory": {
        "type": "Transitive",
        "resolved": "4.5.5",
        "contentHash": "XIWiDvKPXaTveaB7HVganDlOCRoj03l+jrwNvcge/t8vhGYKvqV+dMv6G4SAX2NoNmN0wZfVPTAlFwZcZvVOUw==",
        "dependencies": {
          "System.Runtime.CompilerServices.Unsafe": "4.5.3"
        }
      },
      "System.Reflection.Emit": {
        "type": "Transitive",
        "resolved": "4.7.0",
        "contentHash": "VR4kk8XLKebQ4MZuKuIni/7oh+QGFmZW3qORd1GvBq/8026OpW501SzT/oypwiQl4TvT8ErnReh/NzY9u+C6wQ==",
        "dependencies": {
          "System.Reflection.Emit.ILGeneration": "4.7.0"
        }
      },
      "System.Reflection.Emit.ILGeneration": {
        "type": "Transitive",
        "resolved": "4.7.0",
        "contentHash": "AucBYo3DSI0IDxdUjKksBcQJXPHyoPyrCXYURW1WDsLI4M65Ar/goSHjdnHOAY9MiYDNKqDlIgaYm+zL2hA1KA=="
      },
      "System.Reflection.Emit.Lightweight": {
        "type": "Transitive",
        "resolved": "4.7.0",
        "contentHash": "a4OLB4IITxAXJeV74MDx49Oq2+PsF6Sml54XAFv+2RyWwtDBcabzoxiiJRhdhx+gaohLh4hEGCLQyBozXoQPqA==",
        "dependencies": {
          "System.Reflection.Emit.ILGeneration": "4.7.0"
        }
      },
      "System.Reflection.Metadata": {
        "type": "Transitive",
        "resolved": "1.7.0",
        "contentHash": "PodRDaRRNI3BcF3zuEsrzn1jm/zws5UevTzIv5FqcOwWB3VPaU4jS6vt0tSxu+i38Wtn9vXFNgDHw09nDv8y5Q==",
        "dependencies": {
          "System.Collections.Immutable": "1.6.0"
        }
      },
      "System.Runtime.CompilerServices.Unsafe": {
        "type": "Transitive",
        "resolved": "6.0.0",
        "contentHash": "/iUeP3tq1S0XdNNoMz5C9twLSrM/TH+qElHkXWaPvuNOt+99G75NrV0OS2EqHx5wMN7popYjpc8oTjC1y16DLg=="
      },
      "System.Threading.Tasks.Extensions": {
        "type": "Transitive",
        "resolved": "4.5.4",
        "contentHash": "zteT+G8xuGu6mS+mzDzYXbzS7rd3K6Fjb9RiZlYlJPam2/hU7JCBZBVEcywNuR+oZ1ncTvc/cq0faRr3P01OVg==",
        "dependencies": {
          "System.Runtime.CompilerServices.Unsafe": "4.5.3"
        }
      },
      "System.ValueTuple": {
        "type": "Transitive",
        "resolved": "4.5.0",
        "contentHash": "okurQJO6NRE/apDIP23ajJ0hpiNmJ+f0BwOlB/cSqTLQlw5upkf+5+96+iG2Jw40G1fCVCyPz/FhIABUjMR+RQ=="
      },
      "background": {
        "type": "Project",
        "dependencies": {
          "Microsoft.NETCore.UniversalWindowsPlatform": "[6.2.14, )"
        }
      },
      "screenbox.core": {
        "type": "Project",
        "dependencies": {
          "CommunityToolkit.Diagnostics": "[8.2.1, )",
          "CommunityToolkit.Mvvm": "[8.2.1, )",
          "CommunityToolkit.Uwp.Extensions": "[8.0.230907, )",
          "LibVLCSharp": "[3.7.0, )",
          "Microsoft.AppCenter.Analytics": "[5.0.2, )",
          "Microsoft.AppCenter.Crashes": "[5.0.2, )",
          "Microsoft.NETCore.UniversalWindowsPlatform": "[6.2.14, )",
          "Microsoft.UI.Xaml": "[2.8.5, )",
          "protobuf-net": "[3.1.33, )"
        }
      }
    },
    "UAP,Version=v10.0.18362/win10-arm": {
      "Microsoft.NETCore.UniversalWindowsPlatform": {
        "type": "Direct",
        "requested": "[6.2.14, )",
        "resolved": "6.2.14",
        "contentHash": "20T91+/vQhL8c//GFU9qkNnys2BVdzAr9smULuP4p9csXwYjuoqxwAjNxLH0FvApGdB3s0sGhHkSeLg3IQBdMw==",
        "dependencies": {
          "Microsoft.NETCore.Platforms": "2.1.0",
          "Microsoft.Net.Native.Compiler": "2.2.12-rel-31116-00",
          "Microsoft.Net.UWPCoreRuntimeSdk": "2.2.14",
          "NETStandard.Library": "2.0.3",
          "runtime.win10-arm.Microsoft.NETCore.UniversalWindowsPlatform": "6.2.14"
        }
      },
      "Microsoft.Web.WebView2": {
        "type": "Transitive",
        "resolved": "1.0.1264.42",
        "contentHash": "7OBUTkzQ5VI/3gb0ufi5U4zjuCowAJwQg2li0zXXzqkM+S1kmOlivTy1R4jAW+gY5Vyg510M+qMAESCQUjrfgA=="
      },
      "runtime.win10-arm.Microsoft.NETCore.UniversalWindowsPlatform": {
        "type": "Transitive",
        "resolved": "6.2.14",
        "contentHash": "PXwPeV73TQGLoREzwlZd/FT/xxb3tV6OpjRQdymOPJfMQme/ST9sX3OZAmmIUdio1LaWnNbB600Vtg2XvRItzw=="
      },
      "SQLitePCLRaw.lib.e_sqlite3": {
        "type": "Transitive",
        "resolved": "2.1.0",
        "contentHash": "7p5ltRKUA/uScNRnd20Rg1c7cC4nWwUQIXRFITIR1G0wNCnJ9bj060VanPh2J352KOHpZ3CEOJKu3dMfyY4YMQ=="
      },
      "System.Reflection.Emit": {
        "type": "Transitive",
        "resolved": "4.7.0",
        "contentHash": "VR4kk8XLKebQ4MZuKuIni/7oh+QGFmZW3qORd1GvBq/8026OpW501SzT/oypwiQl4TvT8ErnReh/NzY9u+C6wQ==",
        "dependencies": {
          "System.Reflection.Emit.ILGeneration": "4.7.0"
        }
      },
      "System.Reflection.Emit.ILGeneration": {
        "type": "Transitive",
        "resolved": "4.7.0",
        "contentHash": "AucBYo3DSI0IDxdUjKksBcQJXPHyoPyrCXYURW1WDsLI4M65Ar/goSHjdnHOAY9MiYDNKqDlIgaYm+zL2hA1KA=="
      },
      "System.Reflection.Emit.Lightweight": {
        "type": "Transitive",
        "resolved": "4.7.0",
        "contentHash": "a4OLB4IITxAXJeV74MDx49Oq2+PsF6Sml54XAFv+2RyWwtDBcabzoxiiJRhdhx+gaohLh4hEGCLQyBozXoQPqA==",
        "dependencies": {
          "System.Reflection.Emit.ILGeneration": "4.7.0"
        }
      }
    },
    "UAP,Version=v10.0.18362/win10-arm-aot": {
      "Microsoft.NETCore.UniversalWindowsPlatform": {
        "type": "Direct",
        "requested": "[6.2.14, )",
        "resolved": "6.2.14",
        "contentHash": "20T91+/vQhL8c//GFU9qkNnys2BVdzAr9smULuP4p9csXwYjuoqxwAjNxLH0FvApGdB3s0sGhHkSeLg3IQBdMw==",
        "dependencies": {
          "Microsoft.NETCore.Platforms": "2.1.0",
          "Microsoft.Net.Native.Compiler": "2.2.12-rel-31116-00",
          "Microsoft.Net.UWPCoreRuntimeSdk": "2.2.14",
          "NETStandard.Library": "2.0.3",
          "runtime.win10-arm-aot.Microsoft.NETCore.UniversalWindowsPlatform": "6.2.14"
        }
      },
      "Microsoft.Web.WebView2": {
        "type": "Transitive",
        "resolved": "1.0.1264.42",
        "contentHash": "7OBUTkzQ5VI/3gb0ufi5U4zjuCowAJwQg2li0zXXzqkM+S1kmOlivTy1R4jAW+gY5Vyg510M+qMAESCQUjrfgA=="
      },
      "runtime.win10-arm-aot.Microsoft.NETCore.UniversalWindowsPlatform": {
        "type": "Transitive",
        "resolved": "6.2.14",
        "contentHash": "+CthZPP4ssmK5j7NC0S+nqvjJkL0qZ3Z5E272Bhl44GT1qPJzt/jL1rkeA2y2+Qy5YAWe5SRoOhbTzmK1hzxwA=="
      },
      "SQLitePCLRaw.lib.e_sqlite3": {
        "type": "Transitive",
        "resolved": "2.1.0",
        "contentHash": "7p5ltRKUA/uScNRnd20Rg1c7cC4nWwUQIXRFITIR1G0wNCnJ9bj060VanPh2J352KOHpZ3CEOJKu3dMfyY4YMQ=="
      },
      "System.Reflection.Emit": {
        "type": "Transitive",
        "resolved": "4.7.0",
        "contentHash": "VR4kk8XLKebQ4MZuKuIni/7oh+QGFmZW3qORd1GvBq/8026OpW501SzT/oypwiQl4TvT8ErnReh/NzY9u+C6wQ==",
        "dependencies": {
          "System.Reflection.Emit.ILGeneration": "4.7.0"
        }
      },
      "System.Reflection.Emit.ILGeneration": {
        "type": "Transitive",
        "resolved": "4.7.0",
        "contentHash": "AucBYo3DSI0IDxdUjKksBcQJXPHyoPyrCXYURW1WDsLI4M65Ar/goSHjdnHOAY9MiYDNKqDlIgaYm+zL2hA1KA=="
      },
      "System.Reflection.Emit.Lightweight": {
        "type": "Transitive",
        "resolved": "4.7.0",
        "contentHash": "a4OLB4IITxAXJeV74MDx49Oq2+PsF6Sml54XAFv+2RyWwtDBcabzoxiiJRhdhx+gaohLh4hEGCLQyBozXoQPqA==",
        "dependencies": {
          "System.Reflection.Emit.ILGeneration": "4.7.0"
        }
      }
    },
    "UAP,Version=v10.0.18362/win10-arm64-aot": {
      "Microsoft.NETCore.UniversalWindowsPlatform": {
        "type": "Direct",
        "requested": "[6.2.14, )",
        "resolved": "6.2.14",
        "contentHash": "20T91+/vQhL8c//GFU9qkNnys2BVdzAr9smULuP4p9csXwYjuoqxwAjNxLH0FvApGdB3s0sGhHkSeLg3IQBdMw==",
        "dependencies": {
          "Microsoft.NETCore.Platforms": "2.1.0",
          "Microsoft.Net.Native.Compiler": "2.2.12-rel-31116-00",
          "Microsoft.Net.UWPCoreRuntimeSdk": "2.2.14",
          "NETStandard.Library": "2.0.3",
          "runtime.win10-arm64-aot.Microsoft.NETCore.UniversalWindowsPlatform": "6.2.14"
        }
      },
      "Microsoft.Web.WebView2": {
        "type": "Transitive",
        "resolved": "1.0.1264.42",
        "contentHash": "7OBUTkzQ5VI/3gb0ufi5U4zjuCowAJwQg2li0zXXzqkM+S1kmOlivTy1R4jAW+gY5Vyg510M+qMAESCQUjrfgA=="
      },
      "runtime.win10-arm64-aot.Microsoft.NETCore.UniversalWindowsPlatform": {
        "type": "Transitive",
        "resolved": "6.2.14",
        "contentHash": "evExmzlwZuWfzNvu+HAKQ8sWg5BKqWqvShpFPs6V72s78BzC+8Wl6T+H0rmuF3fZ+W6yhlM8dfusaj+w9D0GhA=="
      },
      "SQLitePCLRaw.lib.e_sqlite3": {
        "type": "Transitive",
        "resolved": "2.1.0",
        "contentHash": "7p5ltRKUA/uScNRnd20Rg1c7cC4nWwUQIXRFITIR1G0wNCnJ9bj060VanPh2J352KOHpZ3CEOJKu3dMfyY4YMQ=="
      },
      "System.Reflection.Emit": {
        "type": "Transitive",
        "resolved": "4.7.0",
        "contentHash": "VR4kk8XLKebQ4MZuKuIni/7oh+QGFmZW3qORd1GvBq/8026OpW501SzT/oypwiQl4TvT8ErnReh/NzY9u+C6wQ==",
        "dependencies": {
          "System.Reflection.Emit.ILGeneration": "4.7.0"
        }
      },
      "System.Reflection.Emit.ILGeneration": {
        "type": "Transitive",
        "resolved": "4.7.0",
        "contentHash": "AucBYo3DSI0IDxdUjKksBcQJXPHyoPyrCXYURW1WDsLI4M65Ar/goSHjdnHOAY9MiYDNKqDlIgaYm+zL2hA1KA=="
      },
      "System.Reflection.Emit.Lightweight": {
        "type": "Transitive",
        "resolved": "4.7.0",
        "contentHash": "a4OLB4IITxAXJeV74MDx49Oq2+PsF6Sml54XAFv+2RyWwtDBcabzoxiiJRhdhx+gaohLh4hEGCLQyBozXoQPqA==",
        "dependencies": {
          "System.Reflection.Emit.ILGeneration": "4.7.0"
        }
      }
    },
    "UAP,Version=v10.0.18362/win10-x64": {
      "Microsoft.NETCore.UniversalWindowsPlatform": {
        "type": "Direct",
        "requested": "[6.2.14, )",
        "resolved": "6.2.14",
        "contentHash": "20T91+/vQhL8c//GFU9qkNnys2BVdzAr9smULuP4p9csXwYjuoqxwAjNxLH0FvApGdB3s0sGhHkSeLg3IQBdMw==",
        "dependencies": {
          "Microsoft.NETCore.Platforms": "2.1.0",
          "Microsoft.Net.Native.Compiler": "2.2.12-rel-31116-00",
          "Microsoft.Net.UWPCoreRuntimeSdk": "2.2.14",
          "NETStandard.Library": "2.0.3",
          "runtime.win10-x64.Microsoft.NETCore.UniversalWindowsPlatform": "6.2.14"
        }
      },
      "Microsoft.Web.WebView2": {
        "type": "Transitive",
        "resolved": "1.0.1264.42",
        "contentHash": "7OBUTkzQ5VI/3gb0ufi5U4zjuCowAJwQg2li0zXXzqkM+S1kmOlivTy1R4jAW+gY5Vyg510M+qMAESCQUjrfgA=="
      },
      "runtime.win10-x64.Microsoft.NETCore.UniversalWindowsPlatform": {
        "type": "Transitive",
        "resolved": "6.2.14",
        "contentHash": "snth4i/ok+LqSSqK5tLVFSbe8RDzIvfJabMXMPoYI+NQCi91mR+7tsTHk3gNEojuZT0i4g1EaFrIwqaW9bmEYA=="
      },
      "SQLitePCLRaw.lib.e_sqlite3": {
        "type": "Transitive",
        "resolved": "2.1.0",
        "contentHash": "7p5ltRKUA/uScNRnd20Rg1c7cC4nWwUQIXRFITIR1G0wNCnJ9bj060VanPh2J352KOHpZ3CEOJKu3dMfyY4YMQ=="
      },
      "System.Reflection.Emit": {
        "type": "Transitive",
        "resolved": "4.7.0",
        "contentHash": "VR4kk8XLKebQ4MZuKuIni/7oh+QGFmZW3qORd1GvBq/8026OpW501SzT/oypwiQl4TvT8ErnReh/NzY9u+C6wQ==",
        "dependencies": {
          "System.Reflection.Emit.ILGeneration": "4.7.0"
        }
      },
      "System.Reflection.Emit.ILGeneration": {
        "type": "Transitive",
        "resolved": "4.7.0",
        "contentHash": "AucBYo3DSI0IDxdUjKksBcQJXPHyoPyrCXYURW1WDsLI4M65Ar/goSHjdnHOAY9MiYDNKqDlIgaYm+zL2hA1KA=="
      },
      "System.Reflection.Emit.Lightweight": {
        "type": "Transitive",
        "resolved": "4.7.0",
        "contentHash": "a4OLB4IITxAXJeV74MDx49Oq2+PsF6Sml54XAFv+2RyWwtDBcabzoxiiJRhdhx+gaohLh4hEGCLQyBozXoQPqA==",
        "dependencies": {
          "System.Reflection.Emit.ILGeneration": "4.7.0"
        }
      }
    },
    "UAP,Version=v10.0.18362/win10-x64-aot": {
      "Microsoft.NETCore.UniversalWindowsPlatform": {
        "type": "Direct",
        "requested": "[6.2.14, )",
        "resolved": "6.2.14",
        "contentHash": "20T91+/vQhL8c//GFU9qkNnys2BVdzAr9smULuP4p9csXwYjuoqxwAjNxLH0FvApGdB3s0sGhHkSeLg3IQBdMw==",
        "dependencies": {
          "Microsoft.NETCore.Platforms": "2.1.0",
          "Microsoft.Net.Native.Compiler": "2.2.12-rel-31116-00",
          "Microsoft.Net.UWPCoreRuntimeSdk": "2.2.14",
          "NETStandard.Library": "2.0.3",
          "runtime.win10-x64-aot.Microsoft.NETCore.UniversalWindowsPlatform": "6.2.14"
        }
      },
      "Microsoft.Web.WebView2": {
        "type": "Transitive",
        "resolved": "1.0.1264.42",
        "contentHash": "7OBUTkzQ5VI/3gb0ufi5U4zjuCowAJwQg2li0zXXzqkM+S1kmOlivTy1R4jAW+gY5Vyg510M+qMAESCQUjrfgA=="
      },
      "runtime.win10-x64-aot.Microsoft.NETCore.UniversalWindowsPlatform": {
        "type": "Transitive",
        "resolved": "6.2.14",
        "contentHash": "/aFe5hqDpWSiGwM71GI9z6PLa+bxddXmuMWLZ3yVSv2nAJi50WtStB/RnLdXasTNH4JtYpWjQ1tT/fpwRNvFTQ=="
      },
      "SQLitePCLRaw.lib.e_sqlite3": {
        "type": "Transitive",
        "resolved": "2.1.0",
        "contentHash": "7p5ltRKUA/uScNRnd20Rg1c7cC4nWwUQIXRFITIR1G0wNCnJ9bj060VanPh2J352KOHpZ3CEOJKu3dMfyY4YMQ=="
      },
      "System.Reflection.Emit": {
        "type": "Transitive",
        "resolved": "4.7.0",
        "contentHash": "VR4kk8XLKebQ4MZuKuIni/7oh+QGFmZW3qORd1GvBq/8026OpW501SzT/oypwiQl4TvT8ErnReh/NzY9u+C6wQ==",
        "dependencies": {
          "System.Reflection.Emit.ILGeneration": "4.7.0"
        }
      },
      "System.Reflection.Emit.ILGeneration": {
        "type": "Transitive",
        "resolved": "4.7.0",
        "contentHash": "AucBYo3DSI0IDxdUjKksBcQJXPHyoPyrCXYURW1WDsLI4M65Ar/goSHjdnHOAY9MiYDNKqDlIgaYm+zL2hA1KA=="
      },
      "System.Reflection.Emit.Lightweight": {
        "type": "Transitive",
        "resolved": "4.7.0",
        "contentHash": "a4OLB4IITxAXJeV74MDx49Oq2+PsF6Sml54XAFv+2RyWwtDBcabzoxiiJRhdhx+gaohLh4hEGCLQyBozXoQPqA==",
        "dependencies": {
          "System.Reflection.Emit.ILGeneration": "4.7.0"
        }
      }
    },
    "UAP,Version=v10.0.18362/win10-x86": {
      "Microsoft.NETCore.UniversalWindowsPlatform": {
        "type": "Direct",
        "requested": "[6.2.14, )",
        "resolved": "6.2.14",
        "contentHash": "20T91+/vQhL8c//GFU9qkNnys2BVdzAr9smULuP4p9csXwYjuoqxwAjNxLH0FvApGdB3s0sGhHkSeLg3IQBdMw==",
        "dependencies": {
          "Microsoft.NETCore.Platforms": "2.1.0",
          "Microsoft.Net.Native.Compiler": "2.2.12-rel-31116-00",
          "Microsoft.Net.UWPCoreRuntimeSdk": "2.2.14",
          "NETStandard.Library": "2.0.3",
          "runtime.win10-x86.Microsoft.NETCore.UniversalWindowsPlatform": "6.2.14"
        }
      },
      "Microsoft.Web.WebView2": {
        "type": "Transitive",
        "resolved": "1.0.1264.42",
        "contentHash": "7OBUTkzQ5VI/3gb0ufi5U4zjuCowAJwQg2li0zXXzqkM+S1kmOlivTy1R4jAW+gY5Vyg510M+qMAESCQUjrfgA=="
      },
      "runtime.win10-x86.Microsoft.NETCore.UniversalWindowsPlatform": {
        "type": "Transitive",
        "resolved": "6.2.14",
        "contentHash": "GaJmbZkhVAMCNvDSshqXzpTxWPKhENV+Q6A/Z7/lYeywczdCSlExJo+1aJ8/eh9bwKhxRvIj3OZH4JsQsYpRaA=="
      },
      "SQLitePCLRaw.lib.e_sqlite3": {
        "type": "Transitive",
        "resolved": "2.1.0",
        "contentHash": "7p5ltRKUA/uScNRnd20Rg1c7cC4nWwUQIXRFITIR1G0wNCnJ9bj060VanPh2J352KOHpZ3CEOJKu3dMfyY4YMQ=="
      },
      "System.Reflection.Emit": {
        "type": "Transitive",
        "resolved": "4.7.0",
        "contentHash": "VR4kk8XLKebQ4MZuKuIni/7oh+QGFmZW3qORd1GvBq/8026OpW501SzT/oypwiQl4TvT8ErnReh/NzY9u+C6wQ==",
        "dependencies": {
          "System.Reflection.Emit.ILGeneration": "4.7.0"
        }
      },
      "System.Reflection.Emit.ILGeneration": {
        "type": "Transitive",
        "resolved": "4.7.0",
        "contentHash": "AucBYo3DSI0IDxdUjKksBcQJXPHyoPyrCXYURW1WDsLI4M65Ar/goSHjdnHOAY9MiYDNKqDlIgaYm+zL2hA1KA=="
      },
      "System.Reflection.Emit.Lightweight": {
        "type": "Transitive",
        "resolved": "4.7.0",
        "contentHash": "a4OLB4IITxAXJeV74MDx49Oq2+PsF6Sml54XAFv+2RyWwtDBcabzoxiiJRhdhx+gaohLh4hEGCLQyBozXoQPqA==",
        "dependencies": {
          "System.Reflection.Emit.ILGeneration": "4.7.0"
        }
      }
    },
    "UAP,Version=v10.0.18362/win10-x86-aot": {
      "Microsoft.NETCore.UniversalWindowsPlatform": {
        "type": "Direct",
        "requested": "[6.2.14, )",
        "resolved": "6.2.14",
        "contentHash": "20T91+/vQhL8c//GFU9qkNnys2BVdzAr9smULuP4p9csXwYjuoqxwAjNxLH0FvApGdB3s0sGhHkSeLg3IQBdMw==",
        "dependencies": {
          "Microsoft.NETCore.Platforms": "2.1.0",
          "Microsoft.Net.Native.Compiler": "2.2.12-rel-31116-00",
          "Microsoft.Net.UWPCoreRuntimeSdk": "2.2.14",
          "NETStandard.Library": "2.0.3",
          "runtime.win10-x86-aot.Microsoft.NETCore.UniversalWindowsPlatform": "6.2.14"
        }
      },
      "Microsoft.Web.WebView2": {
        "type": "Transitive",
        "resolved": "1.0.1264.42",
        "contentHash": "7OBUTkzQ5VI/3gb0ufi5U4zjuCowAJwQg2li0zXXzqkM+S1kmOlivTy1R4jAW+gY5Vyg510M+qMAESCQUjrfgA=="
      },
      "runtime.win10-x86-aot.Microsoft.NETCore.UniversalWindowsPlatform": {
        "type": "Transitive",
        "resolved": "6.2.14",
        "contentHash": "Z8Y39jw4fACg2/spREHZp2Edeay/nv2ZCXpk9IE1C7QwLSe7lQ6B05Lpq84fFCwwV+z6NiAPIdivj03LLEGv7A=="
      },
      "SQLitePCLRaw.lib.e_sqlite3": {
        "type": "Transitive",
        "resolved": "2.1.0",
        "contentHash": "7p5ltRKUA/uScNRnd20Rg1c7cC4nWwUQIXRFITIR1G0wNCnJ9bj060VanPh2J352KOHpZ3CEOJKu3dMfyY4YMQ=="
      },
      "System.Reflection.Emit": {
        "type": "Transitive",
        "resolved": "4.7.0",
        "contentHash": "VR4kk8XLKebQ4MZuKuIni/7oh+QGFmZW3qORd1GvBq/8026OpW501SzT/oypwiQl4TvT8ErnReh/NzY9u+C6wQ==",
        "dependencies": {
          "System.Reflection.Emit.ILGeneration": "4.7.0"
        }
      },
      "System.Reflection.Emit.ILGeneration": {
        "type": "Transitive",
        "resolved": "4.7.0",
        "contentHash": "AucBYo3DSI0IDxdUjKksBcQJXPHyoPyrCXYURW1WDsLI4M65Ar/goSHjdnHOAY9MiYDNKqDlIgaYm+zL2hA1KA=="
      },
      "System.Reflection.Emit.Lightweight": {
        "type": "Transitive",
        "resolved": "4.7.0",
        "contentHash": "a4OLB4IITxAXJeV74MDx49Oq2+PsF6Sml54XAFv+2RyWwtDBcabzoxiiJRhdhx+gaohLh4hEGCLQyBozXoQPqA==",
        "dependencies": {
          "System.Reflection.Emit.ILGeneration": "4.7.0"
        }
      }
    }
  }
}