{
  "version": 1,
  "dependencies": {
    "UAP,Version=v10.0.18362": {
      "CommunityToolkit.Uwp.Animations": {
        "type": "Direct",
        "requested": "[8.1.240821, )",
        "resolved": "8.1.240821",
        "contentHash": "ziUenuUFiLAzRMp7wjqYpeixtnbX0Hc4+SBe3166+orQHcM1ugowmXrReFKyjGCPU2pK54kOixv0XL69N9YE6Q==",
        "dependencies": {
          "CommunityToolkit.Uwp.Extensions": "8.1.240821",
          "Microsoft.UI.Xaml": "2.7.0"
        }
      },
      "CommunityToolkit.Uwp.Behaviors": {
        "type": "Direct",
        "requested": "[8.1.240821, )",
        "resolved": "8.1.240821",
        "contentHash": "P4vsgmSezFDlWHxAjkiDyOaaSzKsJlPO1/oTn8FSvLAXkB8IlzIU5rdt9hLjDuPBan/lWJ7zoWxSfxqfqn9q4w==",
        "dependencies": {
          "CommunityToolkit.Uwp.Animations": "8.1.240821",
          "CommunityToolkit.Uwp.Extensions": "8.1.240821",
          "Microsoft.UI.Xaml": "2.7.0",
          "Microsoft.Xaml.Behaviors.Uwp.Managed": "2.0.1"
        }
      },
      "CommunityToolkit.Uwp.Controls.Primitives": {
        "type": "Direct",
        "requested": "[8.1.240821, )",
        "resolved": "8.1.240821",
        "contentHash": "BlgSd52TK9h7Oyf0gK4Z/P/jqbElUpeF/8XynZ+3mBTRxPiYcBMOByfEY9fZnlSZgGBU08TsUpRnV/4TezA2PA==",
        "dependencies": {
          "CommunityToolkit.Uwp.Extensions": "8.1.240821",
          "Microsoft.UI.Xaml": "2.7.0"
        }
      },
      "CommunityToolkit.Uwp.Controls.SettingsControls": {
        "type": "Direct",
        "requested": "[8.1.240821, )",
        "resolved": "8.1.240821",
        "contentHash": "D+ZbWxXkzJ6AEl/S3OQFdHKkn7FI5S98KcJa0qu6ugEF8advRi2X0G0fkCFaZ3hQfNObgFdPqQ+eFmPiVTDaTw==",
        "dependencies": {
          "CommunityToolkit.Uwp.Triggers": "8.1.240821",
          "Microsoft.UI.Xaml": "2.7.0"
        }
      },
      "CommunityToolkit.Uwp.Converters": {
        "type": "Direct",
        "requested": "[8.1.240821, )",
        "resolved": "8.1.240821",
        "contentHash": "tgAJGQdMvBIot5vzGYczyeL6lI32USUl541N3mqKoZwLAgJKNe7pEwUwT83OxQkGk3SoiwhZUkNVTfd6ur89Hw==",
        "dependencies": {
          "CommunityToolkit.Common": "8.2.1",
          "Microsoft.UI.Xaml": "2.7.0"
        }
      },
      "CommunityToolkit.Uwp.Extensions": {
        "type": "Direct",
        "requested": "[8.1.240821, )",
        "resolved": "8.1.240821",
        "contentHash": "VgbOM+JwwACkWsuydmp+0KslXzSwdRVkcrNofcDe7srGBd9fWj8D+Ynqu9xKMXhB765rqHAXFEAoaNCGGdTRCw==",
        "dependencies": {
          "CommunityToolkit.Common": "8.2.1",
          "Microsoft.UI.Xaml": "2.7.0"
        }
      },
      "LibVLC.UWP": {
        "type": "Direct",
        "requested": "[3.0.20-2405070635, )",
        "resolved": "3.0.20-2405070635",
        "contentHash": "h3mBtHTXgahhNAPpQIwBlHUBE2AmRIbXHX8+2c3WLXhLD/V/w/bFau3aurbbLlcaK8fcpiVoHOOyFd5gOomyNQ=="
      },
      "Microsoft.AppCenter.Analytics": {
        "type": "Direct",
        "requested": "[5.0.5, )",
        "resolved": "5.0.5",
        "contentHash": "d/jnw/xVji0StAY6MvgjiFuiaz+6CgX6LEuM1kPmJN5v3Izf9FEuK/GVgEbwmEmGnyN6ncsOIRL73WD77kWCAA==",
        "dependencies": {
          "Microsoft.AppCenter": "5.0.5"
        }
      },
      "Microsoft.AppCenter.Crashes": {
        "type": "Direct",
        "requested": "[5.0.5, )",
        "resolved": "5.0.5",
        "contentHash": "zIq14HQjmTqgQLFH5jgFD0o8LjmNILxcCjDpzc5Id4YxXxVhkyooabzxeHSDWLdqrHFoCCcBANB6swX9KKxKKg==",
        "dependencies": {
          "Microsoft.AppCenter": "5.0.5",
          "System.Reflection.Metadata": "1.7.0"
        }
      },
      "Microsoft.Extensions.DependencyInjection": {
        "type": "Direct",
        "requested": "[8.0.0, )",
        "resolved": "8.0.0",
        "contentHash": "V8S3bsm50ig6JSyrbcJJ8bW2b9QLGouz+G1miK3UTaOWmMtFwNNNzUf4AleyDWUmTrWMLNnFSLEQtxmxgNQnNQ==",
        "dependencies": {
          "Microsoft.Bcl.AsyncInterfaces": "8.0.0",
          "Microsoft.Extensions.DependencyInjection.Abstractions": "8.0.0",
          "System.Threading.Tasks.Extensions": "4.5.4"
        }
      },
      "Microsoft.NETCore.UniversalWindowsPlatform": {
        "type": "Direct",
        "requested": "[6.2.14, )",
        "resolved": "6.2.14",
        "contentHash": "20T91+/vQhL8c//GFU9qkNnys2BVdzAr9smULuP4p9csXwYjuoqxwAjNxLH0FvApGdB3s0sGhHkSeLg3IQBdMw==",
        "dependencies": {
          "Microsoft.NETCore.Platforms": "2.1.0",
          "Microsoft.Net.Native.Compiler": "2.2.12-rel-31116-00",
          "Microsoft.Net.UWPCoreRuntimeSdk": "2.2.14",
          "NETStandard.Library": "2.0.3"
        }
      },
      "Microsoft.UI.Xaml": {
        "type": "Direct",
        "requested": "[2.8.6, )",
        "resolved": "2.8.6",
        "contentHash": "kdfCnoV/1bOu06EZcGYhQNvVjKWfsR5WRf6ftXtPbx1j4Q+ltMGNBW9TUTcscpt7qpwb6pB4R4KEjGGliWefzw==",
        "dependencies": {
          "Microsoft.Web.WebView2": "1.0.1264.42"
        }
      },
      "Microsoft.Xaml.Behaviors.Uwp.Managed": {
        "type": "Direct",
        "requested": "[2.0.1, )",
        "resolved": "2.0.1",
        "contentHash": "apwpIX7KU6//EzgbKmsoCPD2nLO8x+evVStxRr+Rjt8K1jw7ixuo8yHOSwpyt6K8MSLYONZP94cxC9Qbg8GIqQ=="
      },
      "ReswPlusLib": {
        "type": "Direct",
        "requested": "[2.0.0, )",
        "resolved": "2.0.0",
        "contentHash": "zbgQieRrpin1Dy4ddUcRIrvgsD/WIrof2U7lmuCGD+9A9FDwsTayOvfq4qqvPFMc5fwBN4RdM7ER6hz0t5o8Jg==",
        "dependencies": {
          "Microsoft.NETCore.UniversalWindowsPlatform": "5.0.0"
        }
      },
      "Sentry": {
        "type": "Direct",
        "requested": "[4.10.2, )",
        "resolved": "4.10.2",
        "contentHash": "B5amIE3VXi4BdERxExlmaRWTfUNmv7uiznMdyVZBAbT9pq/uS8rabQ2/K3qNCpew9hzGvHeA7oRLaumS84COEA==",
        "dependencies": {
          "System.Reflection.Metadata": "5.0.0",
          "System.Text.Json": "6.0.8"
        }
      },
      "CommunityToolkit.Common": {
        "type": "Transitive",
        "resolved": "8.2.1",
        "contentHash": "LWuhy8cQKJ/MYcy3XafJ916U3gPH/YDvYoNGWyQWN11aiEKCZszzPOTJAOvBjP9yG8vHmIcCyPUt4L82OK47Iw=="
      },
      "CommunityToolkit.Diagnostics": {
        "type": "Transitive",
        "resolved": "8.2.2",
        "contentHash": "iILVyo7VvzTlQT7b2qOs1ZDcneKsmuy2mTuxCCaBWEfg3tjw35B/ImO9Xw6It7xi2ie8/2PWfXhFn+Prztg03w==",
        "dependencies": {
          "System.Memory": "4.5.5"
        }
      },
      "CommunityToolkit.Mvvm": {
        "type": "Transitive",
        "resolved": "8.2.2",
        "contentHash": "r0g0k9tGYdrnz8R7T3x5UiokDffeevzK/2P/9SBL6fqLgN8B157MIi/bVUWI1KAz6ZorZrK9AdABCWUeXZZsvA==",
        "dependencies": {
          "Microsoft.Bcl.AsyncInterfaces": "7.0.0",
          "System.ComponentModel.Annotations": "5.0.0",
          "System.Memory": "4.5.5",
          "System.Runtime.CompilerServices.Unsafe": "6.0.0"
        }
      },
      "CommunityToolkit.Uwp.Helpers": {
        "type": "Transitive",
        "resolved": "8.1.240821",
        "contentHash": "QJBvhTdbhwisx/d4R75Q8q3P2b2zLbXJRd/sfnWCAMPL7O9LRyRGcVjvSmoaTf5hPbXi9a0LIRC79cLI1/XdeA==",
        "dependencies": {
          "CommunityToolkit.Uwp.Extensions": "8.1.240821",
          "Microsoft.UI.Xaml": "2.7.0"
        }
      },
      "CommunityToolkit.Uwp.Triggers": {
        "type": "Transitive",
        "resolved": "8.1.240821",
        "contentHash": "Dr5c9o0SShqsxrIUMvBQgsVhqavSRtA+l/+W2C/bFYIrIxI2L6K5/OMkndmjsEiZ1+Yu3i6Ojbo6XtDx7mizKQ==",
        "dependencies": {
          "CommunityToolkit.Uwp.Helpers": "8.1.240821",
          "Microsoft.UI.Xaml": "2.7.0"
        }
      },
      "LibVLCSharp": {
        "type": "Transitive",
        "resolved": "3.9.0",
        "contentHash": "wydvN5kotK5y/ZRC04/F6YUqesJCzdixaItRkR8L0/nOLSs2/BJ7rKRbU7BxkxpKIBqlN8EpuXxH/fQEZEHtuw==",
        "dependencies": {
          "SharpDX.Direct3D11": "4.2.0",
          "System.Memory": "4.5.4",
          "System.ValueTuple": "4.5.0"
        }
      },
      "Microsoft.AppCenter": {
        "type": "Transitive",
        "resolved": "5.0.5",
        "contentHash": "Hjjd5D8yIIhDTVNXvJl9g7pX4jm5mFLGD46nLRxLsgtmw2tyDSy6YbixjOndc7r6ASfRRJFzIFclJuu4zWHhBA==",
        "dependencies": {
          "Microsoft.NETCore.UniversalWindowsPlatform": "6.2.8",
          "Newtonsoft.Json": "13.0.2",
          "SQLitePCLRaw.bundle_green": "2.1.7"
        }
      },
      "Microsoft.Bcl.AsyncInterfaces": {
        "type": "Transitive",
        "resolved": "8.0.0",
        "contentHash": "3WA9q9yVqJp222P3x1wYIGDAkpjAku0TMUaaQV22g6L67AI0LdOIrVS7Ht2vJfLHGSPVuqN94vIr15qn+HEkHw==",
        "dependencies": {
          "System.Threading.Tasks.Extensions": "4.5.4"
        }
      },
      "Microsoft.Extensions.DependencyInjection.Abstractions": {
        "type": "Transitive",
        "resolved": "8.0.1",
        "contentHash": "fGLiCRLMYd00JYpClraLjJTNKLmMJPnqxMaiRzEBIIvevlzxz33mXy39Lkd48hu1G+N21S7QpaO5ZzKsI6FRuA==",
        "dependencies": {
          "Microsoft.Bcl.AsyncInterfaces": "8.0.0",
          "System.Threading.Tasks.Extensions": "4.5.4"
        }
      },
      "Microsoft.Net.Native.Compiler": {
        "type": "Transitive",
        "resolved": "2.2.12-rel-31116-00",
        "contentHash": "91INue1M3Zap/S6yaglXMEq1UvirknZmzwFZiP0fs3Su5MhWUEJoBJK3BsPsiImnII2NGhrYKrJd+QW7zfClyA==",
        "dependencies": {
          "runtime.win10-arm.Microsoft.Net.Native.Compiler": "2.2.12-rel-31116-00",
          "runtime.win10-arm64.Microsoft.Net.Native.Compiler": "2.2.12-rel-31116-00",
          "runtime.win10-x64.Microsoft.Net.Native.Compiler": "2.2.12-rel-31116-00",
          "runtime.win10-x86.Microsoft.Net.Native.Compiler": "2.2.12-rel-31116-00"
        }
      },
      "Microsoft.Net.UWPCoreRuntimeSdk": {
        "type": "Transitive",
        "resolved": "2.2.14",
        "contentHash": "qPR/lie8X3I82ZnZbdqyl27Z/J9mJapSEbnz7CX4kGgc5LNwjoLlUnaQjilDQsTcYfmSg8EcvcLJy9mBSY+GVA==",
        "dependencies": {
          "runtime.win10-arm.Microsoft.Net.UWPCoreRuntimeSdk": "2.2.14",
          "runtime.win10-x64.Microsoft.Net.UWPCoreRuntimeSdk": "2.2.14",
          "runtime.win10-x86.Microsoft.Net.UWPCoreRuntimeSdk": "2.2.14"
        }
      },
      "Microsoft.NETCore.Platforms": {
        "type": "Transitive",
        "resolved": "2.1.0",
        "contentHash": "GmkKfoyerqmsHMn7OZj0AKpcBabD+GaafqphvX2Mw406IwiJRy1pKcKqdCfKJfYmkRyJ6+e+RaUylgdJoDa1jQ=="
      },
      "Microsoft.Web.WebView2": {
        "type": "Transitive",
        "resolved": "1.0.1264.42",
        "contentHash": "7OBUTkzQ5VI/3gb0ufi5U4zjuCowAJwQg2li0zXXzqkM+S1kmOlivTy1R4jAW+gY5Vyg510M+qMAESCQUjrfgA=="
      },
      "NETStandard.Library": {
        "type": "Transitive",
        "resolved": "2.0.3",
        "contentHash": "548M6mnBSJWxsIlkQHfbzoYxpiYFXZZSL00p4GHYv8PkiqFBnnT68mW5mGEsA/ch9fDO9GkPgkFQpWiXZN7mAQ==",
        "dependencies": {
          "Microsoft.NETCore.Platforms": "1.1.0"
        }
      },
      "Newtonsoft.Json": {
        "type": "Transitive",
        "resolved": "13.0.2",
        "contentHash": "R2pZ3B0UjeyHShm9vG+Tu0EBb2lC8b0dFzV9gVn50ofHXh9Smjk6kTn7A/FdAsC8B5cKib1OnGYOXxRBz5XQDg=="
      },
      "protobuf-net": {
        "type": "Transitive",
        "resolved": "3.2.30",
        "contentHash": "C/UTlmxEJHAHpqm8xQK1UyJKaIynVCSNG4mVrbLgnZ7ccH28nN49O8iMJvKEodTgVbnimvy+3mIiAdW6mATwnw==",
        "dependencies": {
          "System.Reflection.Emit": "4.7.0",
          "System.Reflection.Emit.Lightweight": "4.7.0",
          "protobuf-net.Core": "3.2.30"
        }
      },
      "protobuf-net.Core": {
        "type": "Transitive",
        "resolved": "3.2.30",
        "contentHash": "v2ZxxYrz+X212ukSx+uqkLuPu414bvmSAnTyf+PBUKR9ENJxO4P/csorA/27456MCp1JNoMssDj/f91RDiwBfQ==",
        "dependencies": {
          "System.Collections.Immutable": "7.0.0",
          "System.Memory": "4.5.5"
        }
      },
      "runtime.win10-arm.Microsoft.Net.Native.Compiler": {
        "type": "Transitive",
        "resolved": "2.2.12-rel-31116-00",
        "contentHash": "s2CrbBYdAZa9aR4dlq2sOfJrRf4uOZHgEYGmWyxW4mz+//0vlGSJxUYAiKUotMwa4+fu+PAh2ANKRdU9o06C3w==",
        "dependencies": {
          "runtime.win10-arm.Microsoft.Net.Native.SharedLibrary": "2.2.8-rel-31116-00"
        }
      },
      "runtime.win10-arm.Microsoft.Net.Native.SharedLibrary": {
        "type": "Transitive",
        "resolved": "2.2.8-rel-31116-00",
        "contentHash": "3F8B17d60HssS/BBlmRs4X8TuvOVRRQjSP8uOhTweZS1ZsmlreKqV9YPXwyN0kpu32StTdqYIt1i9vV4nZZoOQ=="
      },
      "runtime.win10-arm.Microsoft.Net.UWPCoreRuntimeSdk": {
        "type": "Transitive",
        "resolved": "2.2.14",
        "contentHash": "gr1abg5qNrM14Ng9NTFuzY/A3BLDQFfWrKgjmzr6AlhUsq/QZ7Hny62rLZ3ONVHSN0Bo0QuwKe2KLmBTLTyItg=="
      },
      "runtime.win10-arm64.Microsoft.Net.Native.Compiler": {
        "type": "Transitive",
        "resolved": "2.2.12-rel-31116-00",
        "contentHash": "ELSl50UCnJSPeSfwRnXe4S+Ito58dpWhm6pEyxtIMiiuLcJsfr7rTxPR05Pijta5ru4KZu0or5PUePjGgKyC2A==",
        "dependencies": {
          "runtime.win10-arm64.Microsoft.Net.Native.SharedLibrary": "2.2.8-rel-31116-00"
        }
      },
      "runtime.win10-arm64.Microsoft.Net.Native.SharedLibrary": {
        "type": "Transitive",
        "resolved": "2.2.8-rel-31116-00",
        "contentHash": "mkSKguVkHl8W7/uS8SgXz5t7aI4QvF7BPd+WzcdOdMU5g/gnXmcWZAlSr1RrSTjTS1P3sxOE15XMFJs0nPCI8w=="
      },
      "runtime.win10-x64.Microsoft.Net.Native.Compiler": {
        "type": "Transitive",
        "resolved": "2.2.12-rel-31116-00",
        "contentHash": "ZRYTWtC+lManfqDHmIpqlv/UG6nQfn4URqMEmoc1k/DI1pMBo4jCov5VoFIGHHd1/AXXsK6Hdd2TDbexH0PozQ==",
        "dependencies": {
          "runtime.win10-x64.Microsoft.Net.Native.SharedLibrary": "2.2.8-rel-31116-00"
        }
      },
      "runtime.win10-x64.Microsoft.Net.Native.SharedLibrary": {
        "type": "Transitive",
        "resolved": "2.2.8-rel-31116-00",
        "contentHash": "pt7vQLpa95Cpif7oHXkLPsvcJ6tfdc8bvOxiJzjXlTTOjefsX4xmkSU+buuu/KbE8YDs1VEyxu0zcjpIMuVkmQ=="
      },
      "runtime.win10-x64.Microsoft.Net.UWPCoreRuntimeSdk": {
        "type": "Transitive",
        "resolved": "2.2.14",
        "contentHash": "LQ+8pXMZVsd1yEzcYHZvSKTbjjnLZYj5tWCOAOcgzF9ojX8+geT35rAcndhCRJAeAvARgv9/7yapnK86UPzpyQ=="
      },
      "runtime.win10-x86.Microsoft.Net.Native.Compiler": {
        "type": "Transitive",
        "resolved": "2.2.12-rel-31116-00",
        "contentHash": "hVlpnwSdqYizm+nigl3t3/fVd/D0COJ4doLJIa66GkNmPSL5VeHCPAynZi+oO9rqCFKDX+Tmbn+NO9zygWJB/A==",
        "dependencies": {
          "runtime.win10-x86.Microsoft.Net.Native.SharedLibrary": "2.2.8-rel-31116-00"
        }
      },
      "runtime.win10-x86.Microsoft.Net.Native.SharedLibrary": {
        "type": "Transitive",
        "resolved": "2.2.8-rel-31116-00",
        "contentHash": "A7J5S5ZZZCXexFp6xXG2CaMwZPSahpPdorzx6VbWJzfHDU0x1VvulYd8hSfi/KtJ/fG0tr8mpdnT7NZsrXP7+g=="
      },
      "runtime.win10-x86.Microsoft.Net.UWPCoreRuntimeSdk": {
        "type": "Transitive",
        "resolved": "2.2.14",
        "contentHash": "3JRNswnc8LnxAofuv5hq9iRAnZ49w2J5DK/JaLL2uSFRRnaCS9atpXBG+EdpbJHyJxRxDPslkRLkH5ZUOIaCwQ=="
      },
      "SharpDX": {
        "type": "Transitive",
        "resolved": "4.2.0",
        "contentHash": "3pv0LFMvfK/dv1qISJnn8xBeeT6R/FRvr0EV4KI2DGsL84Qlv6P7isWqxGyU0LCwlSVCJN3jgHJ4Bl0KI2PJww==",
        "dependencies": {
          "Microsoft.NETCore.UniversalWindowsPlatform": "6.0.8"
        }
      },
      "SharpDX.Direct3D11": {
        "type": "Transitive",
        "resolved": "4.2.0",
        "contentHash": "oTm/iT5X/IIuJ8kNYP+DTC/MhBhqtRF5dbgPPFgLBdQv0BKzNTzXQQXd7SveBFjQg6hXEAJ2jGCAzNYvGFc9LA==",
        "dependencies": {
          "Microsoft.NETCore.UniversalWindowsPlatform": "6.0.8",
          "SharpDX": "4.2.0",
          "SharpDX.DXGI": "4.2.0"
        }
      },
      "SharpDX.DXGI": {
        "type": "Transitive",
        "resolved": "4.2.0",
        "contentHash": "UjKqkgWc8U+SP+j3LBzFP6OB6Ntapjih7Xo+g1rLcsGbIb5KwewBrBChaUu7sil8rWoeVU/k0EJd3SMN4VqNZw==",
        "dependencies": {
          "Microsoft.NETCore.UniversalWindowsPlatform": "6.0.8",
          "SharpDX": "4.2.0"
        }
      },
      "SQLitePCLRaw.bundle_green": {
        "type": "Transitive",
        "resolved": "2.1.7",
        "contentHash": "ICNFmtawmLdyk9vEXPaCdMpw0E/7HJlj5FquOpKHtbIJLqU8Yujadqza5XpaDX/1PmHU0PqTf8YHn4hTR6/AqQ==",
        "dependencies": {
          "SQLitePCLRaw.lib.e_sqlite3": "2.1.7",
          "SQLitePCLRaw.provider.e_sqlite3": "2.1.7"
        }
      },
      "SQLitePCLRaw.core": {
        "type": "Transitive",
        "resolved": "2.1.7",
        "contentHash": "C1j0zRA2bCueUrGG2TbqDVm0Bdeq/gPf+qs6SweTpoTIOqH1me0/1rhfCHBJkMSQwI9OC1XW6t4Ml8Iux76YSA==",
        "dependencies": {
          "System.Memory": "4.5.3"
        }
      },
      "SQLitePCLRaw.lib.e_sqlite3": {
        "type": "Transitive",
        "resolved": "2.1.7",
        "contentHash": "b3VByUTfSNGtq580yXDH5JAEwOCJru1ZJDS/EHCT+RnqId6pliewb0/xbzxjjiKLF3uDEwslR/9ftz5psv/N/g=="
      },
      "SQLitePCLRaw.provider.e_sqlite3": {
        "type": "Transitive",
        "resolved": "2.1.7",
        "contentHash": "wxZU4CJQbPsQ9l8j4eiB5AW8IZt7PvHC+A1qByO1Rg47CrI0NZNpxV0N8gUdpxexocAwdjUrQEWOFVMAuNbLqw==",
        "dependencies": {
          "SQLitePCLRaw.core": "2.1.7"
        }
      },
      "System.Buffers": {
        "type": "Transitive",
        "resolved": "4.5.1",
        "contentHash": "Rw7ijyl1qqRS0YQD/WycNst8hUUMgrMH4FCn1nNm27M4VxchZ1js3fVjQaANHO5f3sN4isvP4a+Met9Y4YomAg=="
      },
      "System.Collections.Immutable": {
        "type": "Transitive",
        "resolved": "7.0.0",
        "contentHash": "dQPcs0U1IKnBdRDBkrCTi1FoajSTBzLcVTpjO4MBCMC7f4pDOIPzgBoX8JjG7X6uZRJ8EBxsi8+DR1JuwjnzOQ==",
        "dependencies": {
          "System.Memory": "4.5.5",
          "System.Runtime.CompilerServices.Unsafe": "6.0.0"
        }
      },
      "System.ComponentModel.Annotations": {
        "type": "Transitive",
        "resolved": "5.0.0",
        "contentHash": "dMkqfy2el8A8/I76n2Hi1oBFEbG1SfxD2l5nhwXV3XjlnOmwxJlQbYpJH4W51odnU9sARCSAgv7S3CyAFMkpYg=="
      },
      "System.Memory": {
        "type": "Transitive",
        "resolved": "4.5.5",
        "contentHash": "XIWiDvKPXaTveaB7HVganDlOCRoj03l+jrwNvcge/t8vhGYKvqV+dMv6G4SAX2NoNmN0wZfVPTAlFwZcZvVOUw==",
        "dependencies": {
          "System.Runtime.CompilerServices.Unsafe": "4.5.3"
        }
      },
      "System.Numerics.Vectors": {
        "type": "Transitive",
        "resolved": "4.5.0",
        "contentHash": "QQTlPTl06J/iiDbJCiepZ4H//BVraReU4O4EoRw1U02H5TLUIT7xn3GnDp9AXPSlJUDyFs4uWjWafNX6WrAojQ=="
      },
      "System.Reflection.Emit": {
        "type": "Transitive",
        "resolved": "4.7.0",
        "contentHash": "VR4kk8XLKebQ4MZuKuIni/7oh+QGFmZW3qORd1GvBq/8026OpW501SzT/oypwiQl4TvT8ErnReh/NzY9u+C6wQ==",
        "dependencies": {
          "System.Reflection.Emit.ILGeneration": "4.7.0"
        }
      },
      "System.Reflection.Emit.ILGeneration": {
        "type": "Transitive",
        "resolved": "4.7.0",
        "contentHash": "AucBYo3DSI0IDxdUjKksBcQJXPHyoPyrCXYURW1WDsLI4M65Ar/goSHjdnHOAY9MiYDNKqDlIgaYm+zL2hA1KA=="
      },
      "System.Reflection.Emit.Lightweight": {
        "type": "Transitive",
        "resolved": "4.7.0",
        "contentHash": "a4OLB4IITxAXJeV74MDx49Oq2+PsF6Sml54XAFv+2RyWwtDBcabzoxiiJRhdhx+gaohLh4hEGCLQyBozXoQPqA==",
        "dependencies": {
          "System.Reflection.Emit.ILGeneration": "4.7.0"
        }
      },
      "System.Reflection.Metadata": {
        "type": "Transitive",
        "resolved": "5.0.0",
        "contentHash": "5NecZgXktdGg34rh1OenY1rFNDCI8xSjFr+Z4OU4cU06AQHUdRnIIEeWENu3Wl4YowbzkymAIMvi3WyK9U53pQ==",
        "dependencies": {
          "System.Collections.Immutable": "5.0.0"
        }
      },
      "System.Runtime.CompilerServices.Unsafe": {
        "type": "Transitive",
        "resolved": "6.0.0",
        "contentHash": "/iUeP3tq1S0XdNNoMz5C9twLSrM/TH+qElHkXWaPvuNOt+99G75NrV0OS2EqHx5wMN7popYjpc8oTjC1y16DLg=="
      },
      "System.Text.Encodings.Web": {
        "type": "Transitive",
        "resolved": "6.0.0",
        "contentHash": "Vg8eB5Tawm1IFqj4TVK1czJX89rhFxJo9ELqc/Eiq0eXy13RK00eubyU6TJE6y+GQXjyV5gSfiewDUZjQgSE0w==",
        "dependencies": {
          "System.Buffers": "4.5.1",
          "System.Memory": "4.5.4",
          "System.Runtime.CompilerServices.Unsafe": "6.0.0"
        }
      },
      "System.Text.Json": {
        "type": "Transitive",
        "resolved": "6.0.8",
        "contentHash": "WhW6zPEgRZoo+c1NEvSSmrME4+LqXmW6tcsRFsEiSMeco+qZ9rpLs7tT53EIkE/s9GNTYS4/STQoaGiKDSWifQ==",
        "dependencies": {
          "Microsoft.Bcl.AsyncInterfaces": "6.0.0",
          "System.Buffers": "4.5.1",
          "System.Memory": "4.5.4",
          "System.Numerics.Vectors": "4.5.0",
          "System.Runtime.CompilerServices.Unsafe": "6.0.0",
          "System.Text.Encodings.Web": "6.0.0",
          "System.Threading.Tasks.Extensions": "4.5.4"
        }
      },
      "System.Threading.Tasks.Extensions": {
        "type": "Transitive",
        "resolved": "4.5.4",
        "contentHash": "zteT+G8xuGu6mS+mzDzYXbzS7rd3K6Fjb9RiZlYlJPam2/hU7JCBZBVEcywNuR+oZ1ncTvc/cq0faRr3P01OVg==",
        "dependencies": {
          "System.Runtime.CompilerServices.Unsafe": "4.5.3"
        }
      },
      "System.ValueTuple": {
        "type": "Transitive",
        "resolved": "4.5.0",
        "contentHash": "okurQJO6NRE/apDIP23ajJ0hpiNmJ+f0BwOlB/cSqTLQlw5upkf+5+96+iG2Jw40G1fCVCyPz/FhIABUjMR+RQ=="
      },
      "screenbox.core": {
        "type": "Project",
        "dependencies": {
          "CommunityToolkit.Diagnostics": "[8.2.2, )",
          "CommunityToolkit.Mvvm": "[8.2.2, )",
          "CommunityToolkit.Uwp.Extensions": "[8.1.240821, )",
          "LibVLCSharp": "[3.9.0, )",
          "Microsoft.AppCenter.Analytics": "[5.0.5, )",
          "Microsoft.AppCenter.Crashes": "[5.0.5, )",
          "Microsoft.Extensions.DependencyInjection.Abstractions": "[8.0.1, )",
          "Microsoft.NETCore.UniversalWindowsPlatform": "[6.2.14, )",
          "Microsoft.UI.Xaml": "[2.8.6, )",
          "Sentry": "[4.10.2, )",
          "protobuf-net": "[3.2.30, )"
        }
      }
    },
    "UAP,Version=v10.0.18362/win10-arm": {
      "Microsoft.NETCore.UniversalWindowsPlatform": {
        "type": "Direct",
        "requested": "[6.2.14, )",
        "resolved": "6.2.14",
        "contentHash": "20T91+/vQhL8c//GFU9qkNnys2BVdzAr9smULuP4p9csXwYjuoqxwAjNxLH0FvApGdB3s0sGhHkSeLg3IQBdMw==",
        "dependencies": {
          "Microsoft.NETCore.Platforms": "2.1.0",
          "Microsoft.Net.Native.Compiler": "2.2.12-rel-31116-00",
          "Microsoft.Net.UWPCoreRuntimeSdk": "2.2.14",
          "NETStandard.Library": "2.0.3",
          "runtime.win10-arm.Microsoft.NETCore.UniversalWindowsPlatform": "6.2.14"
        }
      },
      "Microsoft.Web.WebView2": {
        "type": "Transitive",
        "resolved": "1.0.1264.42",
        "contentHash": "7OBUTkzQ5VI/3gb0ufi5U4zjuCowAJwQg2li0zXXzqkM+S1kmOlivTy1R4jAW+gY5Vyg510M+qMAESCQUjrfgA=="
      },
      "runtime.win10-arm.Microsoft.NETCore.UniversalWindowsPlatform": {
        "type": "Transitive",
        "resolved": "6.2.14",
        "contentHash": "PXwPeV73TQGLoREzwlZd/FT/xxb3tV6OpjRQdymOPJfMQme/ST9sX3OZAmmIUdio1LaWnNbB600Vtg2XvRItzw=="
      },
      "SQLitePCLRaw.lib.e_sqlite3": {
        "type": "Transitive",
        "resolved": "2.1.7",
        "contentHash": "b3VByUTfSNGtq580yXDH5JAEwOCJru1ZJDS/EHCT+RnqId6pliewb0/xbzxjjiKLF3uDEwslR/9ftz5psv/N/g=="
      },
      "System.Reflection.Emit": {
        "type": "Transitive",
        "resolved": "4.7.0",
        "contentHash": "VR4kk8XLKebQ4MZuKuIni/7oh+QGFmZW3qORd1GvBq/8026OpW501SzT/oypwiQl4TvT8ErnReh/NzY9u+C6wQ==",
        "dependencies": {
          "System.Reflection.Emit.ILGeneration": "4.7.0"
        }
      },
      "System.Reflection.Emit.ILGeneration": {
        "type": "Transitive",
        "resolved": "4.7.0",
        "contentHash": "AucBYo3DSI0IDxdUjKksBcQJXPHyoPyrCXYURW1WDsLI4M65Ar/goSHjdnHOAY9MiYDNKqDlIgaYm+zL2hA1KA=="
      },
      "System.Reflection.Emit.Lightweight": {
        "type": "Transitive",
        "resolved": "4.7.0",
        "contentHash": "a4OLB4IITxAXJeV74MDx49Oq2+PsF6Sml54XAFv+2RyWwtDBcabzoxiiJRhdhx+gaohLh4hEGCLQyBozXoQPqA==",
        "dependencies": {
          "System.Reflection.Emit.ILGeneration": "4.7.0"
        }
      }
    },
    "UAP,Version=v10.0.18362/win10-arm-aot": {
      "Microsoft.NETCore.UniversalWindowsPlatform": {
        "type": "Direct",
        "requested": "[6.2.14, )",
        "resolved": "6.2.14",
        "contentHash": "20T91+/vQhL8c//GFU9qkNnys2BVdzAr9smULuP4p9csXwYjuoqxwAjNxLH0FvApGdB3s0sGhHkSeLg3IQBdMw==",
        "dependencies": {
          "Microsoft.NETCore.Platforms": "2.1.0",
          "Microsoft.Net.Native.Compiler": "2.2.12-rel-31116-00",
          "Microsoft.Net.UWPCoreRuntimeSdk": "2.2.14",
          "NETStandard.Library": "2.0.3",
          "runtime.win10-arm-aot.Microsoft.NETCore.UniversalWindowsPlatform": "6.2.14"
        }
      },
      "Microsoft.Web.WebView2": {
        "type": "Transitive",
        "resolved": "1.0.1264.42",
        "contentHash": "7OBUTkzQ5VI/3gb0ufi5U4zjuCowAJwQg2li0zXXzqkM+S1kmOlivTy1R4jAW+gY5Vyg510M+qMAESCQUjrfgA=="
      },
      "runtime.win10-arm-aot.Microsoft.NETCore.UniversalWindowsPlatform": {
        "type": "Transitive",
        "resolved": "6.2.14",
        "contentHash": "+CthZPP4ssmK5j7NC0S+nqvjJkL0qZ3Z5E272Bhl44GT1qPJzt/jL1rkeA2y2+Qy5YAWe5SRoOhbTzmK1hzxwA=="
      },
      "SQLitePCLRaw.lib.e_sqlite3": {
        "type": "Transitive",
        "resolved": "2.1.7",
        "contentHash": "b3VByUTfSNGtq580yXDH5JAEwOCJru1ZJDS/EHCT+RnqId6pliewb0/xbzxjjiKLF3uDEwslR/9ftz5psv/N/g=="
      },
      "System.Reflection.Emit": {
        "type": "Transitive",
        "resolved": "4.7.0",
        "contentHash": "VR4kk8XLKebQ4MZuKuIni/7oh+QGFmZW3qORd1GvBq/8026OpW501SzT/oypwiQl4TvT8ErnReh/NzY9u+C6wQ==",
        "dependencies": {
          "System.Reflection.Emit.ILGeneration": "4.7.0"
        }
      },
      "System.Reflection.Emit.ILGeneration": {
        "type": "Transitive",
        "resolved": "4.7.0",
        "contentHash": "AucBYo3DSI0IDxdUjKksBcQJXPHyoPyrCXYURW1WDsLI4M65Ar/goSHjdnHOAY9MiYDNKqDlIgaYm+zL2hA1KA=="
      },
      "System.Reflection.Emit.Lightweight": {
        "type": "Transitive",
        "resolved": "4.7.0",
        "contentHash": "a4OLB4IITxAXJeV74MDx49Oq2+PsF6Sml54XAFv+2RyWwtDBcabzoxiiJRhdhx+gaohLh4hEGCLQyBozXoQPqA==",
        "dependencies": {
          "System.Reflection.Emit.ILGeneration": "4.7.0"
        }
      }
    },
    "UAP,Version=v10.0.18362/win10-arm64-aot": {
      "Microsoft.NETCore.UniversalWindowsPlatform": {
        "type": "Direct",
        "requested": "[6.2.14, )",
        "resolved": "6.2.14",
        "contentHash": "20T91+/vQhL8c//GFU9qkNnys2BVdzAr9smULuP4p9csXwYjuoqxwAjNxLH0FvApGdB3s0sGhHkSeLg3IQBdMw==",
        "dependencies": {
          "Microsoft.NETCore.Platforms": "2.1.0",
          "Microsoft.Net.Native.Compiler": "2.2.12-rel-31116-00",
          "Microsoft.Net.UWPCoreRuntimeSdk": "2.2.14",
          "NETStandard.Library": "2.0.3",
          "runtime.win10-arm64-aot.Microsoft.NETCore.UniversalWindowsPlatform": "6.2.14"
        }
      },
      "Microsoft.Web.WebView2": {
        "type": "Transitive",
        "resolved": "1.0.1264.42",
        "contentHash": "7OBUTkzQ5VI/3gb0ufi5U4zjuCowAJwQg2li0zXXzqkM+S1kmOlivTy1R4jAW+gY5Vyg510M+qMAESCQUjrfgA=="
      },
      "runtime.win10-arm64-aot.Microsoft.NETCore.UniversalWindowsPlatform": {
        "type": "Transitive",
        "resolved": "6.2.14",
        "contentHash": "evExmzlwZuWfzNvu+HAKQ8sWg5BKqWqvShpFPs6V72s78BzC+8Wl6T+H0rmuF3fZ+W6yhlM8dfusaj+w9D0GhA=="
      },
      "SQLitePCLRaw.lib.e_sqlite3": {
        "type": "Transitive",
        "resolved": "2.1.7",
        "contentHash": "b3VByUTfSNGtq580yXDH5JAEwOCJru1ZJDS/EHCT+RnqId6pliewb0/xbzxjjiKLF3uDEwslR/9ftz5psv/N/g=="
      },
      "System.Reflection.Emit": {
        "type": "Transitive",
        "resolved": "4.7.0",
        "contentHash": "VR4kk8XLKebQ4MZuKuIni/7oh+QGFmZW3qORd1GvBq/8026OpW501SzT/oypwiQl4TvT8ErnReh/NzY9u+C6wQ==",
        "dependencies": {
          "System.Reflection.Emit.ILGeneration": "4.7.0"
        }
      },
      "System.Reflection.Emit.ILGeneration": {
        "type": "Transitive",
        "resolved": "4.7.0",
        "contentHash": "AucBYo3DSI0IDxdUjKksBcQJXPHyoPyrCXYURW1WDsLI4M65Ar/goSHjdnHOAY9MiYDNKqDlIgaYm+zL2hA1KA=="
      },
      "System.Reflection.Emit.Lightweight": {
        "type": "Transitive",
        "resolved": "4.7.0",
        "contentHash": "a4OLB4IITxAXJeV74MDx49Oq2+PsF6Sml54XAFv+2RyWwtDBcabzoxiiJRhdhx+gaohLh4hEGCLQyBozXoQPqA==",
        "dependencies": {
          "System.Reflection.Emit.ILGeneration": "4.7.0"
        }
      }
    },
    "UAP,Version=v10.0.18362/win10-x64": {
      "Microsoft.NETCore.UniversalWindowsPlatform": {
        "type": "Direct",
        "requested": "[6.2.14, )",
        "resolved": "6.2.14",
        "contentHash": "20T91+/vQhL8c//GFU9qkNnys2BVdzAr9smULuP4p9csXwYjuoqxwAjNxLH0FvApGdB3s0sGhHkSeLg3IQBdMw==",
        "dependencies": {
          "Microsoft.NETCore.Platforms": "2.1.0",
          "Microsoft.Net.Native.Compiler": "2.2.12-rel-31116-00",
          "Microsoft.Net.UWPCoreRuntimeSdk": "2.2.14",
          "NETStandard.Library": "2.0.3",
          "runtime.win10-x64.Microsoft.NETCore.UniversalWindowsPlatform": "6.2.14"
        }
      },
      "Microsoft.Web.WebView2": {
        "type": "Transitive",
        "resolved": "1.0.1264.42",
        "contentHash": "7OBUTkzQ5VI/3gb0ufi5U4zjuCowAJwQg2li0zXXzqkM+S1kmOlivTy1R4jAW+gY5Vyg510M+qMAESCQUjrfgA=="
      },
      "runtime.win10-x64.Microsoft.NETCore.UniversalWindowsPlatform": {
        "type": "Transitive",
        "resolved": "6.2.14",
        "contentHash": "snth4i/ok+LqSSqK5tLVFSbe8RDzIvfJabMXMPoYI+NQCi91mR+7tsTHk3gNEojuZT0i4g1EaFrIwqaW9bmEYA=="
      },
      "SQLitePCLRaw.lib.e_sqlite3": {
        "type": "Transitive",
        "resolved": "2.1.7",
        "contentHash": "b3VByUTfSNGtq580yXDH5JAEwOCJru1ZJDS/EHCT+RnqId6pliewb0/xbzxjjiKLF3uDEwslR/9ftz5psv/N/g=="
      },
      "System.Reflection.Emit": {
        "type": "Transitive",
        "resolved": "4.7.0",
        "contentHash": "VR4kk8XLKebQ4MZuKuIni/7oh+QGFmZW3qORd1GvBq/8026OpW501SzT/oypwiQl4TvT8ErnReh/NzY9u+C6wQ==",
        "dependencies": {
          "System.Reflection.Emit.ILGeneration": "4.7.0"
        }
      },
      "System.Reflection.Emit.ILGeneration": {
        "type": "Transitive",
        "resolved": "4.7.0",
        "contentHash": "AucBYo3DSI0IDxdUjKksBcQJXPHyoPyrCXYURW1WDsLI4M65Ar/goSHjdnHOAY9MiYDNKqDlIgaYm+zL2hA1KA=="
      },
      "System.Reflection.Emit.Lightweight": {
        "type": "Transitive",
        "resolved": "4.7.0",
        "contentHash": "a4OLB4IITxAXJeV74MDx49Oq2+PsF6Sml54XAFv+2RyWwtDBcabzoxiiJRhdhx+gaohLh4hEGCLQyBozXoQPqA==",
        "dependencies": {
          "System.Reflection.Emit.ILGeneration": "4.7.0"
        }
      }
    },
    "UAP,Version=v10.0.18362/win10-x64-aot": {
      "Microsoft.NETCore.UniversalWindowsPlatform": {
        "type": "Direct",
        "requested": "[6.2.14, )",
        "resolved": "6.2.14",
        "contentHash": "20T91+/vQhL8c//GFU9qkNnys2BVdzAr9smULuP4p9csXwYjuoqxwAjNxLH0FvApGdB3s0sGhHkSeLg3IQBdMw==",
        "dependencies": {
          "Microsoft.NETCore.Platforms": "2.1.0",
          "Microsoft.Net.Native.Compiler": "2.2.12-rel-31116-00",
          "Microsoft.Net.UWPCoreRuntimeSdk": "2.2.14",
          "NETStandard.Library": "2.0.3",
          "runtime.win10-x64-aot.Microsoft.NETCore.UniversalWindowsPlatform": "6.2.14"
        }
      },
      "Microsoft.Web.WebView2": {
        "type": "Transitive",
        "resolved": "1.0.1264.42",
        "contentHash": "7OBUTkzQ5VI/3gb0ufi5U4zjuCowAJwQg2li0zXXzqkM+S1kmOlivTy1R4jAW+gY5Vyg510M+qMAESCQUjrfgA=="
      },
      "runtime.win10-x64-aot.Microsoft.NETCore.UniversalWindowsPlatform": {
        "type": "Transitive",
        "resolved": "6.2.14",
        "contentHash": "/aFe5hqDpWSiGwM71GI9z6PLa+bxddXmuMWLZ3yVSv2nAJi50WtStB/RnLdXasTNH4JtYpWjQ1tT/fpwRNvFTQ=="
      },
      "SQLitePCLRaw.lib.e_sqlite3": {
        "type": "Transitive",
        "resolved": "2.1.7",
        "contentHash": "b3VByUTfSNGtq580yXDH5JAEwOCJru1ZJDS/EHCT+RnqId6pliewb0/xbzxjjiKLF3uDEwslR/9ftz5psv/N/g=="
      },
      "System.Reflection.Emit": {
        "type": "Transitive",
        "resolved": "4.7.0",
        "contentHash": "VR4kk8XLKebQ4MZuKuIni/7oh+QGFmZW3qORd1GvBq/8026OpW501SzT/oypwiQl4TvT8ErnReh/NzY9u+C6wQ==",
        "dependencies": {
          "System.Reflection.Emit.ILGeneration": "4.7.0"
        }
      },
      "System.Reflection.Emit.ILGeneration": {
        "type": "Transitive",
        "resolved": "4.7.0",
        "contentHash": "AucBYo3DSI0IDxdUjKksBcQJXPHyoPyrCXYURW1WDsLI4M65Ar/goSHjdnHOAY9MiYDNKqDlIgaYm+zL2hA1KA=="
      },
      "System.Reflection.Emit.Lightweight": {
        "type": "Transitive",
        "resolved": "4.7.0",
        "contentHash": "a4OLB4IITxAXJeV74MDx49Oq2+PsF6Sml54XAFv+2RyWwtDBcabzoxiiJRhdhx+gaohLh4hEGCLQyBozXoQPqA==",
        "dependencies": {
          "System.Reflection.Emit.ILGeneration": "4.7.0"
        }
      }
    },
    "UAP,Version=v10.0.18362/win10-x86": {
      "Microsoft.NETCore.UniversalWindowsPlatform": {
        "type": "Direct",
        "requested": "[6.2.14, )",
        "resolved": "6.2.14",
        "contentHash": "20T91+/vQhL8c//GFU9qkNnys2BVdzAr9smULuP4p9csXwYjuoqxwAjNxLH0FvApGdB3s0sGhHkSeLg3IQBdMw==",
        "dependencies": {
          "Microsoft.NETCore.Platforms": "2.1.0",
          "Microsoft.Net.Native.Compiler": "2.2.12-rel-31116-00",
          "Microsoft.Net.UWPCoreRuntimeSdk": "2.2.14",
          "NETStandard.Library": "2.0.3",
          "runtime.win10-x86.Microsoft.NETCore.UniversalWindowsPlatform": "6.2.14"
        }
      },
      "Microsoft.Web.WebView2": {
        "type": "Transitive",
        "resolved": "1.0.1264.42",
        "contentHash": "7OBUTkzQ5VI/3gb0ufi5U4zjuCowAJwQg2li0zXXzqkM+S1kmOlivTy1R4jAW+gY5Vyg510M+qMAESCQUjrfgA=="
      },
      "runtime.win10-x86.Microsoft.NETCore.UniversalWindowsPlatform": {
        "type": "Transitive",
        "resolved": "6.2.14",
        "contentHash": "GaJmbZkhVAMCNvDSshqXzpTxWPKhENV+Q6A/Z7/lYeywczdCSlExJo+1aJ8/eh9bwKhxRvIj3OZH4JsQsYpRaA=="
      },
      "SQLitePCLRaw.lib.e_sqlite3": {
        "type": "Transitive",
        "resolved": "2.1.7",
        "contentHash": "b3VByUTfSNGtq580yXDH5JAEwOCJru1ZJDS/EHCT+RnqId6pliewb0/xbzxjjiKLF3uDEwslR/9ftz5psv/N/g=="
      },
      "System.Reflection.Emit": {
        "type": "Transitive",
        "resolved": "4.7.0",
        "contentHash": "VR4kk8XLKebQ4MZuKuIni/7oh+QGFmZW3qORd1GvBq/8026OpW501SzT/oypwiQl4TvT8ErnReh/NzY9u+C6wQ==",
        "dependencies": {
          "System.Reflection.Emit.ILGeneration": "4.7.0"
        }
      },
      "System.Reflection.Emit.ILGeneration": {
        "type": "Transitive",
        "resolved": "4.7.0",
        "contentHash": "AucBYo3DSI0IDxdUjKksBcQJXPHyoPyrCXYURW1WDsLI4M65Ar/goSHjdnHOAY9MiYDNKqDlIgaYm+zL2hA1KA=="
      },
      "System.Reflection.Emit.Lightweight": {
        "type": "Transitive",
        "resolved": "4.7.0",
        "contentHash": "a4OLB4IITxAXJeV74MDx49Oq2+PsF6Sml54XAFv+2RyWwtDBcabzoxiiJRhdhx+gaohLh4hEGCLQyBozXoQPqA==",
        "dependencies": {
          "System.Reflection.Emit.ILGeneration": "4.7.0"
        }
      }
    },
    "UAP,Version=v10.0.18362/win10-x86-aot": {
      "Microsoft.NETCore.UniversalWindowsPlatform": {
        "type": "Direct",
        "requested": "[6.2.14, )",
        "resolved": "6.2.14",
        "contentHash": "20T91+/vQhL8c//GFU9qkNnys2BVdzAr9smULuP4p9csXwYjuoqxwAjNxLH0FvApGdB3s0sGhHkSeLg3IQBdMw==",
        "dependencies": {
          "Microsoft.NETCore.Platforms": "2.1.0",
          "Microsoft.Net.Native.Compiler": "2.2.12-rel-31116-00",
          "Microsoft.Net.UWPCoreRuntimeSdk": "2.2.14",
          "NETStandard.Library": "2.0.3",
          "runtime.win10-x86-aot.Microsoft.NETCore.UniversalWindowsPlatform": "6.2.14"
        }
      },
      "Microsoft.Web.WebView2": {
        "type": "Transitive",
        "resolved": "1.0.1264.42",
        "contentHash": "7OBUTkzQ5VI/3gb0ufi5U4zjuCowAJwQg2li0zXXzqkM+S1kmOlivTy1R4jAW+gY5Vyg510M+qMAESCQUjrfgA=="
      },
      "runtime.win10-x86-aot.Microsoft.NETCore.UniversalWindowsPlatform": {
        "type": "Transitive",
        "resolved": "6.2.14",
        "contentHash": "Z8Y39jw4fACg2/spREHZp2Edeay/nv2ZCXpk9IE1C7QwLSe7lQ6B05Lpq84fFCwwV+z6NiAPIdivj03LLEGv7A=="
      },
      "SQLitePCLRaw.lib.e_sqlite3": {
        "type": "Transitive",
        "resolved": "2.1.7",
        "contentHash": "b3VByUTfSNGtq580yXDH5JAEwOCJru1ZJDS/EHCT+RnqId6pliewb0/xbzxjjiKLF3uDEwslR/9ftz5psv/N/g=="
      },
      "System.Reflection.Emit": {
        "type": "Transitive",
        "resolved": "4.7.0",
        "contentHash": "VR4kk8XLKebQ4MZuKuIni/7oh+QGFmZW3qORd1GvBq/8026OpW501SzT/oypwiQl4TvT8ErnReh/NzY9u+C6wQ==",
        "dependencies": {
          "System.Reflection.Emit.ILGeneration": "4.7.0"
        }
      },
      "System.Reflection.Emit.ILGeneration": {
        "type": "Transitive",
        "resolved": "4.7.0",
        "contentHash": "AucBYo3DSI0IDxdUjKksBcQJXPHyoPyrCXYURW1WDsLI4M65Ar/goSHjdnHOAY9MiYDNKqDlIgaYm+zL2hA1KA=="
      },
      "System.Reflection.Emit.Lightweight": {
        "type": "Transitive",
        "resolved": "4.7.0",
        "contentHash": "a4OLB4IITxAXJeV74MDx49Oq2+PsF6Sml54XAFv+2RyWwtDBcabzoxiiJRhdhx+gaohLh4hEGCLQyBozXoQPqA==",
        "dependencies": {
          "System.Reflection.Emit.ILGeneration": "4.7.0"
        }
      }
    }
  }
}